// !$*UTF8*$!
{
	archiveVersion = 1;
	classes = {
	};
	objectVersion = 46;
	objects = {

/* Begin PBXBuildFile section */
		7CDA9BF40B40D18B6E676602 /* Pods_rollcall.framework in Frameworks */ = {isa = PBXBuildFile; fileRef = 3DEBB361C23414764499094E /* Pods_rollcall.framework */; };
		8E1D993020B1A84C005E4186 /* Date+Utils.swift in Sources */ = {isa = PBXBuildFile; fileRef = 8E1D992F20B1A84B005E4186 /* Date+Utils.swift */; };
		8E1D993420B20C78005E4186 /* AuthService.swift in Sources */ = {isa = PBXBuildFile; fileRef = 8E1D993320B20C78005E4186 /* AuthService.swift */; };
		8E1F63F01E46CCC2004E8723 /* MemberInfoViewController.swift in Sources */ = {isa = PBXBuildFile; fileRef = 8E1F63EF1E46CCC2004E8723 /* MemberInfoViewController.swift */; };
		8E1F63F21E46D330004E8723 /* Member.swift in Sources */ = {isa = PBXBuildFile; fileRef = 8E1F63F11E46D330004E8723 /* Member.swift */; };
		8E1F63FB1E46E06A004E8723 /* Organization.swift in Sources */ = {isa = PBXBuildFile; fileRef = 8E1F63FA1E46E06A004E8723 /* Organization.swift */; };
		8E1F63FD1E46E072004E8723 /* Practice.swift in Sources */ = {isa = PBXBuildFile; fileRef = 8E1F63FC1E46E072004E8723 /* Practice.swift */; };
		8E1F63FF1E46E079004E8723 /* Attendance.swift in Sources */ = {isa = PBXBuildFile; fileRef = 8E1F63FE1E46E079004E8723 /* Attendance.swift */; };
		8E1F64011E47816F004E8723 /* PracticeEditViewController+Swift.swift in Sources */ = {isa = PBXBuildFile; fileRef = 8E1F64001E47816F004E8723 /* PracticeEditViewController+Swift.swift */; };
		8E1F64031E478627004E8723 /* PracticesTableViewController+Swift.swift in Sources */ = {isa = PBXBuildFile; fileRef = 8E1F64021E478627004E8723 /* PracticesTableViewController+Swift.swift */; };
		8E1F64051E47B85B004E8723 /* AttendanceTableViewController.swift in Sources */ = {isa = PBXBuildFile; fileRef = 8E1F64041E47B85B004E8723 /* AttendanceTableViewController.swift */; };
		8E1F64071E4A03D3004E8723 /* String+Utils.swift in Sources */ = {isa = PBXBuildFile; fileRef = 8E1F64061E4A03D3004E8723 /* String+Utils.swift */; };
		8E279EEF1E44B82C005AA3F6 /* AppDelegate+Utils.swift in Sources */ = {isa = PBXBuildFile; fileRef = 8E279EEE1E44B82C005AA3F6 /* AppDelegate+Utils.swift */; };
		8E428C4F1E4C3A23009CC0A2 /* MemberCell.swift in Sources */ = {isa = PBXBuildFile; fileRef = 8E428C4E1E4C3A23009CC0A2 /* MemberCell.swift */; };
		8E428C511E4C3CCD009CC0A2 /* AttendanceCell.swift in Sources */ = {isa = PBXBuildFile; fileRef = 8E428C501E4C3CCD009CC0A2 /* AttendanceCell.swift */; };
		8E428C531E4F4C6B009CC0A2 /* OnsiteSignupViewController+Swift.swift in Sources */ = {isa = PBXBuildFile; fileRef = 8E428C521E4F4C6B009CC0A2 /* OnsiteSignupViewController+Swift.swift */; };
		8E800D2C1E3E614A0085EC4D /* Members.storyboard in Resources */ = {isa = PBXBuildFile; fileRef = 8E800D2B1E3E614A0085EC4D /* Members.storyboard */; };
		8E800D2F1E3E61C10085EC4D /* Events.storyboard in Resources */ = {isa = PBXBuildFile; fileRef = 8E800D2E1E3E61C10085EC4D /* Events.storyboard */; };
		8E800D311E3E94770085EC4D /* ParseLogService.swift in Sources */ = {isa = PBXBuildFile; fileRef = 8E800D301E3E94770085EC4D /* ParseLogService.swift */; };
		8EA070BF20C342B000EF478F /* FirebaseImageService.swift in Sources */ = {isa = PBXBuildFile; fileRef = 8EA070BE20C342B000EF478F /* FirebaseImageService.swift */; };
		8EA070C320C3469C00EF478F /* CameraHelper.swift in Sources */ = {isa = PBXBuildFile; fileRef = 8EA070C120C3469C00EF478F /* CameraHelper.swift */; };
		8EE005A91E3D83F500272DC0 /* Login.storyboard in Resources */ = {isa = PBXBuildFile; fileRef = 8EE005A81E3D83F500272DC0 /* Login.storyboard */; };
		8EE005AB1E3D844400272DC0 /* Splash.storyboard in Resources */ = {isa = PBXBuildFile; fileRef = 8EE005AA1E3D844400272DC0 /* Splash.storyboard */; };
		8EE005AD1E3D875600272DC0 /* Assets.xcassets in Resources */ = {isa = PBXBuildFile; fileRef = 8EE005AC1E3D875600272DC0 /* Assets.xcassets */; };
		8EE005B01E3D951900272DC0 /* SplashViewController.swift in Sources */ = {isa = PBXBuildFile; fileRef = 8EE005AF1E3D951900272DC0 /* SplashViewController.swift */; };
		8EE005B41E3D955200272DC0 /* UIViewController+Utils.swift in Sources */ = {isa = PBXBuildFile; fileRef = 8EE005B21E3D955200272DC0 /* UIViewController+Utils.swift */; };
		8EE005B51E3D955200272DC0 /* Constants.swift in Sources */ = {isa = PBXBuildFile; fileRef = 8EE005B31E3D955200272DC0 /* Constants.swift */; };
		8EE005B71E3DA07A00272DC0 /* IntroViewController+Utils.swift in Sources */ = {isa = PBXBuildFile; fileRef = 8EE005B61E3DA07A00272DC0 /* IntroViewController+Utils.swift */; };
		8EE005B91E3DA30C00272DC0 /* Settings.storyboard in Resources */ = {isa = PBXBuildFile; fileRef = 8EE005B81E3DA30C00272DC0 /* Settings.storyboard */; };
		8EE005BB1E3DA42200272DC0 /* SettingsViewController+Utils.swift in Sources */ = {isa = PBXBuildFile; fileRef = 8EE005BA1E3DA42200272DC0 /* SettingsViewController+Utils.swift */; };
		8EE5514E1E3E60FD001FB0C4 /* ConfigurableNavigationController.swift in Sources */ = {isa = PBXBuildFile; fileRef = 8EE5514D1E3E60FD001FB0C4 /* ConfigurableNavigationController.swift */; };
		8EF3D9661E764B3F003BFB61 /* CameraOverlayViewController.swift in Sources */ = {isa = PBXBuildFile; fileRef = 8EF3D9641E764B3F003BFB61 /* CameraOverlayViewController.swift */; };
		8EF3D9671E764B3F003BFB61 /* CameraOverlayViewController.xib in Resources */ = {isa = PBXBuildFile; fileRef = 8EF3D9651E764B3F003BFB61 /* CameraOverlayViewController.xib */; };
		9E156176199266A700A31398 /* IntroViewController.m in Sources */ = {isa = PBXBuildFile; fileRef = 9E156175199266A700A31398 /* IntroViewController.m */; };
		9E156178199269B500A31398 /* icon-tkd-helmet@2x.png in Resources */ = {isa = PBXBuildFile; fileRef = 9E156177199269B500A31398 /* icon-tkd-helmet@2x.png */; };
		9E15617A199269C300A31398 /* icon-tkd-paddle@2x.png in Resources */ = {isa = PBXBuildFile; fileRef = 9E156179199269C300A31398 /* icon-tkd-paddle@2x.png */; };
		9E649FE019B6040A00334B34 /* icon29.png in Resources */ = {isa = PBXBuildFile; fileRef = 9E649FDA19B6040A00334B34 /* icon29.png */; };
		9E649FE119B6040A00334B34 /* icon57.png in Resources */ = {isa = PBXBuildFile; fileRef = 9E649FDB19B6040A00334B34 /* icon57.png */; };
		9E649FE219B6040A00334B34 /* icon58.png in Resources */ = {isa = PBXBuildFile; fileRef = 9E649FDC19B6040A00334B34 /* icon58.png */; };
		9E649FE319B6040A00334B34 /* icon80.png in Resources */ = {isa = PBXBuildFile; fileRef = 9E649FDD19B6040A00334B34 /* icon80.png */; };
		9E649FE419B6040A00334B34 /* icon114.png in Resources */ = {isa = PBXBuildFile; fileRef = 9E649FDE19B6040A00334B34 /* icon114.png */; };
		9E649FE519B6040A00334B34 /* icon120.png in Resources */ = {isa = PBXBuildFile; fileRef = 9E649FDF19B6040A00334B34 /* icon120.png */; };
		9E649FE819B606A800334B34 /* TutorialScrollView.m in Sources */ = {isa = PBXBuildFile; fileRef = 9E649FE719B606A800334B34 /* TutorialScrollView.m */; };
		9E649FEB19B608EC00334B34 /* IntroTutorial0.xib in Resources */ = {isa = PBXBuildFile; fileRef = 9E649FEA19B608EC00334B34 /* IntroTutorial0.xib */; };
		9E649FED19B609C400334B34 /* IntroTutorial1.xib in Resources */ = {isa = PBXBuildFile; fileRef = 9E649FEC19B609C400334B34 /* IntroTutorial1.xib */; };
		9E649FEF19B60EEC00334B34 /* IntroTutorial2.xib in Resources */ = {isa = PBXBuildFile; fileRef = 9E649FEE19B60EEC00334B34 /* IntroTutorial2.xib */; };
		9E649FF119B60F1D00334B34 /* IntroTutorial3.xib in Resources */ = {isa = PBXBuildFile; fileRef = 9E649FF019B60F1D00334B34 /* IntroTutorial3.xib */; };
		9E6CC8D6199A90D200AB1CB8 /* PracticeEditViewController.m in Sources */ = {isa = PBXBuildFile; fileRef = 9E6CC8D5199A90D200AB1CB8 /* PracticeEditViewController.m */; };
		9E80085216196883003E9B16 /* UIKit.framework in Frameworks */ = {isa = PBXBuildFile; fileRef = 9E80085116196883003E9B16 /* UIKit.framework */; };
		9E80085416196883003E9B16 /* Foundation.framework in Frameworks */ = {isa = PBXBuildFile; fileRef = 9E80085316196883003E9B16 /* Foundation.framework */; };
		9E80085616196883003E9B16 /* CoreGraphics.framework in Frameworks */ = {isa = PBXBuildFile; fileRef = 9E80085516196883003E9B16 /* CoreGraphics.framework */; };
		9E80085C16196883003E9B16 /* InfoPlist.strings in Resources */ = {isa = PBXBuildFile; fileRef = 9E80085A16196883003E9B16 /* InfoPlist.strings */; };
		9E80085E16196883003E9B16 /* main.m in Sources */ = {isa = PBXBuildFile; fileRef = 9E80085D16196883003E9B16 /* main.m */; };
		9E80086216196883003E9B16 /* AppDelegate.m in Sources */ = {isa = PBXBuildFile; fileRef = 9E80086116196883003E9B16 /* AppDelegate.m */; };
		9E828A5A16196B8D009A6C44 /* SystemConfiguration.framework in Frameworks */ = {isa = PBXBuildFile; fileRef = 9E828A5816196B7C009A6C44 /* SystemConfiguration.framework */; };
		9E828A5D16196B8D009A6C44 /* Security.framework in Frameworks */ = {isa = PBXBuildFile; fileRef = 9E828A5216196B6F009A6C44 /* Security.framework */; };
		9E828A5E16196B8D009A6C44 /* QuartzCore.framework in Frameworks */ = {isa = PBXBuildFile; fileRef = 9E828A5016196B6B009A6C44 /* QuartzCore.framework */; };
		9E828A5F16196B8D009A6C44 /* MobileCoreServices.framework in Frameworks */ = {isa = PBXBuildFile; fileRef = 9E828A4E16196B67009A6C44 /* MobileCoreServices.framework */; };
		9E828A6016196B8D009A6C44 /* libz.1.1.3.dylib in Frameworks */ = {isa = PBXBuildFile; fileRef = 9E828A4C16196B60009A6C44 /* libz.1.1.3.dylib */; };
		9E828A6116196B8D009A6C44 /* libsqlite3.dylib in Frameworks */ = {isa = PBXBuildFile; fileRef = 9E828A4A16196B5B009A6C44 /* libsqlite3.dylib */; };
		9E828A6216196B8D009A6C44 /* CFNetwork.framework in Frameworks */ = {isa = PBXBuildFile; fileRef = 9E828A4816196B52009A6C44 /* CFNetwork.framework */; };
		9E828A6416196B8D009A6C44 /* Accounts.framework in Frameworks */ = {isa = PBXBuildFile; fileRef = 9E828A4416196B4A009A6C44 /* Accounts.framework */; };
		9E828A6516196B8D009A6C44 /* AudioToolbox.framework in Frameworks */ = {isa = PBXBuildFile; fileRef = 9E828A4216196B47009A6C44 /* AudioToolbox.framework */; };
		9E98DB4819B2E421006D81FC /* icon-calendar@2x.png in Resources */ = {isa = PBXBuildFile; fileRef = 9E98DB4619B2E421006D81FC /* icon-calendar@2x.png */; };
		9E98DB4919B2E421006D81FC /* icon-users@2x.png in Resources */ = {isa = PBXBuildFile; fileRef = 9E98DB4719B2E421006D81FC /* icon-users@2x.png */; };
		9E98DB4F19B2EA5B006D81FC /* checked@2x.png in Resources */ = {isa = PBXBuildFile; fileRef = 9E98DB4D19B2EA5B006D81FC /* checked@2x.png */; };
		9E98DB5019B2EA5B006D81FC /* unchecked@2x.png in Resources */ = {isa = PBXBuildFile; fileRef = 9E98DB4E19B2EA5B006D81FC /* unchecked@2x.png */; };
		9E99F8C8193D7074004EB5C1 /* PracticesTableViewController.m in Sources */ = {isa = PBXBuildFile; fileRef = 9E99F8C7193D7074004EB5C1 /* PracticesTableViewController.m */; };
		9EA0994C19B0F160007BC1FD /* AsyncImageView.m in Sources */ = {isa = PBXBuildFile; fileRef = 9EA0994B19B0F160007BC1FD /* AsyncImageView.m */; };
		9EA0995119B0F448007BC1FD /* SettingsViewController.m in Sources */ = {isa = PBXBuildFile; fileRef = 9EA0995019B0F448007BC1FD /* SettingsViewController.m */; };
		9EA0995319B0FCBA007BC1FD /* MessageUI.framework in Frameworks */ = {isa = PBXBuildFile; fileRef = 9EA0995219B0FCBA007BC1FD /* MessageUI.framework */; };
		9EA7D2CB19995B7B003C5D7C /* MBProgressHUD.m in Sources */ = {isa = PBXBuildFile; fileRef = 9EA7D2CA19995B7B003C5D7C /* MBProgressHUD.m */; };
		9EC0F50819A4CEFF003441AC /* Social.framework in Frameworks */ = {isa = PBXBuildFile; fileRef = 9EC0F50719A4CEFF003441AC /* Social.framework */; };
		9EC0F50A19A4D05F003441AC /* FacebookSDK.framework in Frameworks */ = {isa = PBXBuildFile; fileRef = 9EC0F50919A4D05F003441AC /* FacebookSDK.framework */; };
		9EC5F3151936D2410056140F /* NSObject+MKBlockAdditions.m in Sources */ = {isa = PBXBuildFile; fileRef = 9EC5F2FE1936D2410056140F /* NSObject+MKBlockAdditions.m */; settings = {COMPILER_FLAGS = "-fno-objc-arc"; }; };
		9EC5F3161936D2410056140F /* UIActionSheet+MKBlockAdditions.m in Sources */ = {isa = PBXBuildFile; fileRef = 9EC5F3001936D2410056140F /* UIActionSheet+MKBlockAdditions.m */; settings = {COMPILER_FLAGS = "-fno-objc-arc"; }; };
		9EC5F3171936D2410056140F /* UIAlertView+MKBlockAdditions.m in Sources */ = {isa = PBXBuildFile; fileRef = 9EC5F3021936D2410056140F /* UIAlertView+MKBlockAdditions.m */; settings = {COMPILER_FLAGS = "-fno-objc-arc"; }; };
		9EC5F31A1936D2410056140F /* NSObject+Notify.m in Sources */ = {isa = PBXBuildFile; fileRef = 9EC5F3081936D2410056140F /* NSObject+Notify.m */; };
		9EC5F31C1936D2410056140F /* UIImage+Alpha.m in Sources */ = {isa = PBXBuildFile; fileRef = 9EC5F30C1936D2410056140F /* UIImage+Alpha.m */; settings = {COMPILER_FLAGS = "-fno-objc-arc"; }; };
		9EC5F31D1936D2410056140F /* UIImage+Resize.m in Sources */ = {isa = PBXBuildFile; fileRef = 9EC5F30E1936D2410056140F /* UIImage+Resize.m */; settings = {COMPILER_FLAGS = "-fno-objc-arc"; }; };
		9EC5F31E1936D2410056140F /* UIImage+RoundedCorner.m in Sources */ = {isa = PBXBuildFile; fileRef = 9EC5F3101936D2410056140F /* UIImage+RoundedCorner.m */; };
		9EC5F31F1936D2410056140F /* Util.m in Sources */ = {isa = PBXBuildFile; fileRef = 9EC5F3121936D2410056140F /* Util.m */; };
		9EC5F3331936D60D0056140F /* Main.storyboard in Resources */ = {isa = PBXBuildFile; fileRef = 9EC5F3321936D60D0056140F /* Main.storyboard */; };
		9EC5F3361936D74E0056140F /* MembersTableViewController.m in Sources */ = {isa = PBXBuildFile; fileRef = 9EC5F3351936D74E0056140F /* MembersTableViewController.m */; };
		9EC5F33B1936DCA50056140F /* CoreData.framework in Frameworks */ = {isa = PBXBuildFile; fileRef = 9EC5F33A1936DCA50056140F /* CoreData.framework */; };
		9EC5F33D1936DD000056140F /* CoreLocation.framework in Frameworks */ = {isa = PBXBuildFile; fileRef = 9EC5F33C1936DD000056140F /* CoreLocation.framework */; };
		AC3178CB1B409ADA00668B98 /* star@2x.png in Resources */ = {isa = PBXBuildFile; fileRef = AC3178CA1B409ADA00668B98 /* star@2x.png */; };
		AC3178CE1B409B1000668B98 /* RatingViewController.m in Sources */ = {isa = PBXBuildFile; fileRef = AC3178CD1B409B1000668B98 /* RatingViewController.m */; };
		AC8EF0E41C26581D0029EBAE /* NotesViewController.swift in Sources */ = {isa = PBXBuildFile; fileRef = AC8EF0E31C26581D0029EBAE /* NotesViewController.swift */; };
		AC950F171B371EAA005C3998 /* libc++.dylib in Frameworks */ = {isa = PBXBuildFile; fileRef = AC950F131B371EAA005C3998 /* libc++.dylib */; };
		AC950F181B371EAA005C3998 /* libz.dylib in Frameworks */ = {isa = PBXBuildFile; fileRef = AC950F141B371EAA005C3998 /* libz.dylib */; };
		ACF58F8F1C266A0B0087EE70 /* add_user.png in Resources */ = {isa = PBXBuildFile; fileRef = ACF58F8E1C266A0B0087EE70 /* add_user.png */; };
		ACF9609B1B3F7873006AD9F5 /* OnsiteSignupViewController.m in Sources */ = {isa = PBXBuildFile; fileRef = ACF9609A1B3F7873006AD9F5 /* OnsiteSignupViewController.m */; };
		C645B9001E5A7D040001A119 /* RandomDrawingViewController.swift in Sources */ = {isa = PBXBuildFile; fileRef = C645B8FF1E5A7D040001A119 /* RandomDrawingViewController.swift */; };
		C68338F120A3FFE500080BCE /* GoogleService-Info.plist in Resources */ = {isa = PBXBuildFile; fileRef = C68338F020A3FFE500080BCE /* GoogleService-Info.plist */; };
		C68338F320A401DD00080BCE /* GoogleService-Info-dev.plist in Resources */ = {isa = PBXBuildFile; fileRef = C68338F220A401DD00080BCE /* GoogleService-Info-dev.plist */; };
		C68338F820A42AEC00080BCE /* FirebaseBaseModel.swift in Sources */ = {isa = PBXBuildFile; fileRef = C68338F420A42AEB00080BCE /* FirebaseBaseModel.swift */; };
		C68338F920A42AEC00080BCE /* FirebaseMember.swift in Sources */ = {isa = PBXBuildFile; fileRef = C68338F520A42AEC00080BCE /* FirebaseMember.swift */; };
		C68338FA20A42AEC00080BCE /* FirebaseOrganization.swift in Sources */ = {isa = PBXBuildFile; fileRef = C68338F620A42AEC00080BCE /* FirebaseOrganization.swift */; };
		C68338FB20A42AEC00080BCE /* FirebaseEvent.swift in Sources */ = {isa = PBXBuildFile; fileRef = C68338F720A42AEC00080BCE /* FirebaseEvent.swift */; };
		C68338FE20A42BFD00080BCE /* FirebaseAttendance.swift in Sources */ = {isa = PBXBuildFile; fileRef = C68338FD20A42BFD00080BCE /* FirebaseAttendance.swift */; };
		C6D9631220C2181900317C0C /* OrganizationService.swift in Sources */ = {isa = PBXBuildFile; fileRef = C6D9631120C2181900317C0C /* OrganizationService.swift */; };
		C6D9631420C21CA700317C0C /* ShellViewController.swift in Sources */ = {isa = PBXBuildFile; fileRef = C6D9631320C21CA700317C0C /* ShellViewController.swift */; };
/* End PBXBuildFile section */

/* Begin PBXFileReference section */
		069FC515249129F2CAA291A6 /* Pods-rollcall.release.xcconfig */ = {isa = PBXFileReference; includeInIndex = 1; lastKnownFileType = text.xcconfig; name = "Pods-rollcall.release.xcconfig"; path = "Pods/Target Support Files/Pods-rollcall/Pods-rollcall.release.xcconfig"; sourceTree = "<group>"; };
		3DEBB361C23414764499094E /* Pods_rollcall.framework */ = {isa = PBXFileReference; explicitFileType = wrapper.framework; includeInIndex = 0; path = Pods_rollcall.framework; sourceTree = BUILT_PRODUCTS_DIR; };
		8E1D992F20B1A84B005E4186 /* Date+Utils.swift */ = {isa = PBXFileReference; fileEncoding = 4; lastKnownFileType = sourcecode.swift; path = "Date+Utils.swift"; sourceTree = "<group>"; };
		8E1D993320B20C78005E4186 /* AuthService.swift */ = {isa = PBXFileReference; lastKnownFileType = sourcecode.swift; path = AuthService.swift; sourceTree = "<group>"; };
		8E1F63EF1E46CCC2004E8723 /* MemberInfoViewController.swift */ = {isa = PBXFileReference; fileEncoding = 4; lastKnownFileType = sourcecode.swift; path = MemberInfoViewController.swift; sourceTree = "<group>"; };
		8E1F63F11E46D330004E8723 /* Member.swift */ = {isa = PBXFileReference; fileEncoding = 4; lastKnownFileType = sourcecode.swift; path = Member.swift; sourceTree = "<group>"; };
		8E1F63FA1E46E06A004E8723 /* Organization.swift */ = {isa = PBXFileReference; fileEncoding = 4; lastKnownFileType = sourcecode.swift; path = Organization.swift; sourceTree = "<group>"; };
		8E1F63FC1E46E072004E8723 /* Practice.swift */ = {isa = PBXFileReference; fileEncoding = 4; lastKnownFileType = sourcecode.swift; path = Practice.swift; sourceTree = "<group>"; };
		8E1F63FE1E46E079004E8723 /* Attendance.swift */ = {isa = PBXFileReference; fileEncoding = 4; lastKnownFileType = sourcecode.swift; path = Attendance.swift; sourceTree = "<group>"; };
		8E1F64001E47816F004E8723 /* PracticeEditViewController+Swift.swift */ = {isa = PBXFileReference; fileEncoding = 4; lastKnownFileType = sourcecode.swift; path = "PracticeEditViewController+Swift.swift"; sourceTree = "<group>"; };
		8E1F64021E478627004E8723 /* PracticesTableViewController+Swift.swift */ = {isa = PBXFileReference; fileEncoding = 4; lastKnownFileType = sourcecode.swift; path = "PracticesTableViewController+Swift.swift"; sourceTree = "<group>"; };
		8E1F64041E47B85B004E8723 /* AttendanceTableViewController.swift */ = {isa = PBXFileReference; fileEncoding = 4; lastKnownFileType = sourcecode.swift; path = AttendanceTableViewController.swift; sourceTree = "<group>"; };
		8E1F64061E4A03D3004E8723 /* String+Utils.swift */ = {isa = PBXFileReference; fileEncoding = 4; lastKnownFileType = sourcecode.swift; path = "String+Utils.swift"; sourceTree = "<group>"; };
		8E279EEE1E44B82C005AA3F6 /* AppDelegate+Utils.swift */ = {isa = PBXFileReference; fileEncoding = 4; lastKnownFileType = sourcecode.swift; path = "AppDelegate+Utils.swift"; sourceTree = "<group>"; };
		8E428C4E1E4C3A23009CC0A2 /* MemberCell.swift */ = {isa = PBXFileReference; fileEncoding = 4; lastKnownFileType = sourcecode.swift; path = MemberCell.swift; sourceTree = "<group>"; };
		8E428C501E4C3CCD009CC0A2 /* AttendanceCell.swift */ = {isa = PBXFileReference; fileEncoding = 4; lastKnownFileType = sourcecode.swift; path = AttendanceCell.swift; sourceTree = "<group>"; };
		8E428C521E4F4C6B009CC0A2 /* OnsiteSignupViewController+Swift.swift */ = {isa = PBXFileReference; fileEncoding = 4; lastKnownFileType = sourcecode.swift; path = "OnsiteSignupViewController+Swift.swift"; sourceTree = "<group>"; };
		8E800D2B1E3E614A0085EC4D /* Members.storyboard */ = {isa = PBXFileReference; fileEncoding = 4; lastKnownFileType = file.storyboard; path = Members.storyboard; sourceTree = "<group>"; };
		8E800D2E1E3E61C10085EC4D /* Events.storyboard */ = {isa = PBXFileReference; fileEncoding = 4; lastKnownFileType = file.storyboard; path = Events.storyboard; sourceTree = "<group>"; };
		8E800D301E3E94770085EC4D /* ParseLogService.swift */ = {isa = PBXFileReference; fileEncoding = 4; lastKnownFileType = sourcecode.swift; name = ParseLogService.swift; path = ../ParseLogService.swift; sourceTree = "<group>"; };
		8EA070BE20C342B000EF478F /* FirebaseImageService.swift */ = {isa = PBXFileReference; fileEncoding = 4; lastKnownFileType = sourcecode.swift; path = FirebaseImageService.swift; sourceTree = "<group>"; };
		8EA070C120C3469C00EF478F /* CameraHelper.swift */ = {isa = PBXFileReference; fileEncoding = 4; lastKnownFileType = sourcecode.swift; path = CameraHelper.swift; sourceTree = "<group>"; };
		8EE005A81E3D83F500272DC0 /* Login.storyboard */ = {isa = PBXFileReference; fileEncoding = 4; lastKnownFileType = file.storyboard; path = Login.storyboard; sourceTree = "<group>"; };
		8EE005AA1E3D844400272DC0 /* Splash.storyboard */ = {isa = PBXFileReference; fileEncoding = 4; lastKnownFileType = file.storyboard; path = Splash.storyboard; sourceTree = "<group>"; };
		8EE005AC1E3D875600272DC0 /* Assets.xcassets */ = {isa = PBXFileReference; lastKnownFileType = folder.assetcatalog; path = Assets.xcassets; sourceTree = "<group>"; };
		8EE005AF1E3D951900272DC0 /* SplashViewController.swift */ = {isa = PBXFileReference; fileEncoding = 4; lastKnownFileType = sourcecode.swift; path = SplashViewController.swift; sourceTree = "<group>"; };
		8EE005B21E3D955200272DC0 /* UIViewController+Utils.swift */ = {isa = PBXFileReference; fileEncoding = 4; lastKnownFileType = sourcecode.swift; name = "UIViewController+Utils.swift"; path = "../UIViewController+Utils.swift"; sourceTree = "<group>"; };
		8EE005B31E3D955200272DC0 /* Constants.swift */ = {isa = PBXFileReference; fileEncoding = 4; lastKnownFileType = sourcecode.swift; path = Constants.swift; sourceTree = "<group>"; };
		8EE005B61E3DA07A00272DC0 /* IntroViewController+Utils.swift */ = {isa = PBXFileReference; fileEncoding = 4; lastKnownFileType = sourcecode.swift; path = "IntroViewController+Utils.swift"; sourceTree = "<group>"; };
		8EE005B81E3DA30C00272DC0 /* Settings.storyboard */ = {isa = PBXFileReference; fileEncoding = 4; lastKnownFileType = file.storyboard; path = Settings.storyboard; sourceTree = "<group>"; };
		8EE005BA1E3DA42200272DC0 /* SettingsViewController+Utils.swift */ = {isa = PBXFileReference; fileEncoding = 4; lastKnownFileType = sourcecode.swift; path = "SettingsViewController+Utils.swift"; sourceTree = "<group>"; };
		8EE5514D1E3E60FD001FB0C4 /* ConfigurableNavigationController.swift */ = {isa = PBXFileReference; fileEncoding = 4; lastKnownFileType = sourcecode.swift; name = ConfigurableNavigationController.swift; path = ../ConfigurableNavigationController.swift; sourceTree = "<group>"; };
		8EF3D9641E764B3F003BFB61 /* CameraOverlayViewController.swift */ = {isa = PBXFileReference; fileEncoding = 4; lastKnownFileType = sourcecode.swift; path = CameraOverlayViewController.swift; sourceTree = "<group>"; };
		8EF3D9651E764B3F003BFB61 /* CameraOverlayViewController.xib */ = {isa = PBXFileReference; fileEncoding = 4; lastKnownFileType = file.xib; path = CameraOverlayViewController.xib; sourceTree = "<group>"; };
		9E156174199266A700A31398 /* IntroViewController.h */ = {isa = PBXFileReference; fileEncoding = 4; lastKnownFileType = sourcecode.c.h; path = IntroViewController.h; sourceTree = "<group>"; };
		9E156175199266A700A31398 /* IntroViewController.m */ = {isa = PBXFileReference; fileEncoding = 4; lastKnownFileType = sourcecode.c.objc; path = IntroViewController.m; sourceTree = "<group>"; };
		9E156177199269B500A31398 /* icon-tkd-helmet@2x.png */ = {isa = PBXFileReference; lastKnownFileType = image.png; path = "icon-tkd-helmet@2x.png"; sourceTree = "<group>"; };
		9E156179199269C300A31398 /* icon-tkd-paddle@2x.png */ = {isa = PBXFileReference; lastKnownFileType = image.png; path = "icon-tkd-paddle@2x.png"; sourceTree = "<group>"; };
		9E649FDA19B6040A00334B34 /* icon29.png */ = {isa = PBXFileReference; lastKnownFileType = image.png; path = icon29.png; sourceTree = "<group>"; };
		9E649FDB19B6040A00334B34 /* icon57.png */ = {isa = PBXFileReference; lastKnownFileType = image.png; path = icon57.png; sourceTree = "<group>"; };
		9E649FDC19B6040A00334B34 /* icon58.png */ = {isa = PBXFileReference; lastKnownFileType = image.png; path = icon58.png; sourceTree = "<group>"; };
		9E649FDD19B6040A00334B34 /* icon80.png */ = {isa = PBXFileReference; lastKnownFileType = image.png; path = icon80.png; sourceTree = "<group>"; };
		9E649FDE19B6040A00334B34 /* icon114.png */ = {isa = PBXFileReference; lastKnownFileType = image.png; path = icon114.png; sourceTree = "<group>"; };
		9E649FDF19B6040A00334B34 /* icon120.png */ = {isa = PBXFileReference; lastKnownFileType = image.png; path = icon120.png; sourceTree = "<group>"; };
		9E649FE619B606A800334B34 /* TutorialScrollView.h */ = {isa = PBXFileReference; fileEncoding = 4; lastKnownFileType = sourcecode.c.h; path = TutorialScrollView.h; sourceTree = "<group>"; };
		9E649FE719B606A800334B34 /* TutorialScrollView.m */ = {isa = PBXFileReference; fileEncoding = 4; lastKnownFileType = sourcecode.c.objc; path = TutorialScrollView.m; sourceTree = "<group>"; };
		9E649FEA19B608EC00334B34 /* IntroTutorial0.xib */ = {isa = PBXFileReference; fileEncoding = 4; lastKnownFileType = file.xib; path = IntroTutorial0.xib; sourceTree = "<group>"; };
		9E649FEC19B609C400334B34 /* IntroTutorial1.xib */ = {isa = PBXFileReference; fileEncoding = 4; lastKnownFileType = file.xib; path = IntroTutorial1.xib; sourceTree = "<group>"; };
		9E649FEE19B60EEC00334B34 /* IntroTutorial2.xib */ = {isa = PBXFileReference; fileEncoding = 4; lastKnownFileType = file.xib; path = IntroTutorial2.xib; sourceTree = "<group>"; };
		9E649FF019B60F1D00334B34 /* IntroTutorial3.xib */ = {isa = PBXFileReference; fileEncoding = 4; lastKnownFileType = file.xib; path = IntroTutorial3.xib; sourceTree = "<group>"; };
		9E6CC8D4199A90D200AB1CB8 /* PracticeEditViewController.h */ = {isa = PBXFileReference; fileEncoding = 4; lastKnownFileType = sourcecode.c.h; path = PracticeEditViewController.h; sourceTree = "<group>"; };
		9E6CC8D5199A90D200AB1CB8 /* PracticeEditViewController.m */ = {isa = PBXFileReference; fileEncoding = 4; lastKnownFileType = sourcecode.c.objc; path = PracticeEditViewController.m; sourceTree = "<group>"; };
		9E80084D16196883003E9B16 /* RollCall.app */ = {isa = PBXFileReference; explicitFileType = wrapper.application; includeInIndex = 0; path = RollCall.app; sourceTree = BUILT_PRODUCTS_DIR; };
		9E80085116196883003E9B16 /* UIKit.framework */ = {isa = PBXFileReference; lastKnownFileType = wrapper.framework; name = UIKit.framework; path = System/Library/Frameworks/UIKit.framework; sourceTree = SDKROOT; };
		9E80085316196883003E9B16 /* Foundation.framework */ = {isa = PBXFileReference; lastKnownFileType = wrapper.framework; name = Foundation.framework; path = System/Library/Frameworks/Foundation.framework; sourceTree = SDKROOT; };
		9E80085516196883003E9B16 /* CoreGraphics.framework */ = {isa = PBXFileReference; lastKnownFileType = wrapper.framework; name = CoreGraphics.framework; path = System/Library/Frameworks/CoreGraphics.framework; sourceTree = SDKROOT; };
		9E80085916196883003E9B16 /* rollcall-Info.plist */ = {isa = PBXFileReference; lastKnownFileType = text.plist.xml; path = "rollcall-Info.plist"; sourceTree = "<group>"; };
		9E80085B16196883003E9B16 /* en */ = {isa = PBXFileReference; lastKnownFileType = text.plist.strings; name = en; path = en.lproj/InfoPlist.strings; sourceTree = "<group>"; };
		9E80085D16196883003E9B16 /* main.m */ = {isa = PBXFileReference; lastKnownFileType = sourcecode.c.objc; path = main.m; sourceTree = "<group>"; };
		9E80085F16196883003E9B16 /* rollcall-Prefix.pch */ = {isa = PBXFileReference; lastKnownFileType = sourcecode.c.h; path = "rollcall-Prefix.pch"; sourceTree = "<group>"; };
		9E80086016196883003E9B16 /* AppDelegate.h */ = {isa = PBXFileReference; lastKnownFileType = sourcecode.c.h; path = AppDelegate.h; sourceTree = "<group>"; };
		9E80086116196883003E9B16 /* AppDelegate.m */ = {isa = PBXFileReference; lastKnownFileType = sourcecode.c.objc; path = AppDelegate.m; sourceTree = "<group>"; };
		9E828A4216196B47009A6C44 /* AudioToolbox.framework */ = {isa = PBXFileReference; lastKnownFileType = wrapper.framework; name = AudioToolbox.framework; path = System/Library/Frameworks/AudioToolbox.framework; sourceTree = SDKROOT; };
		9E828A4416196B4A009A6C44 /* Accounts.framework */ = {isa = PBXFileReference; lastKnownFileType = wrapper.framework; name = Accounts.framework; path = System/Library/Frameworks/Accounts.framework; sourceTree = SDKROOT; };
		9E828A4816196B52009A6C44 /* CFNetwork.framework */ = {isa = PBXFileReference; lastKnownFileType = wrapper.framework; name = CFNetwork.framework; path = System/Library/Frameworks/CFNetwork.framework; sourceTree = SDKROOT; };
		9E828A4A16196B5B009A6C44 /* libsqlite3.dylib */ = {isa = PBXFileReference; lastKnownFileType = "compiled.mach-o.dylib"; name = libsqlite3.dylib; path = usr/lib/libsqlite3.dylib; sourceTree = SDKROOT; };
		9E828A4C16196B60009A6C44 /* libz.1.1.3.dylib */ = {isa = PBXFileReference; lastKnownFileType = "compiled.mach-o.dylib"; name = libz.1.1.3.dylib; path = usr/lib/libz.1.1.3.dylib; sourceTree = SDKROOT; };
		9E828A4E16196B67009A6C44 /* MobileCoreServices.framework */ = {isa = PBXFileReference; lastKnownFileType = wrapper.framework; name = MobileCoreServices.framework; path = System/Library/Frameworks/MobileCoreServices.framework; sourceTree = SDKROOT; };
		9E828A5016196B6B009A6C44 /* QuartzCore.framework */ = {isa = PBXFileReference; lastKnownFileType = wrapper.framework; name = QuartzCore.framework; path = System/Library/Frameworks/QuartzCore.framework; sourceTree = SDKROOT; };
		9E828A5216196B6F009A6C44 /* Security.framework */ = {isa = PBXFileReference; lastKnownFileType = wrapper.framework; name = Security.framework; path = System/Library/Frameworks/Security.framework; sourceTree = SDKROOT; };
		9E828A5816196B7C009A6C44 /* SystemConfiguration.framework */ = {isa = PBXFileReference; lastKnownFileType = wrapper.framework; name = SystemConfiguration.framework; path = System/Library/Frameworks/SystemConfiguration.framework; sourceTree = SDKROOT; };
		9E98DB4619B2E421006D81FC /* icon-calendar@2x.png */ = {isa = PBXFileReference; lastKnownFileType = image.png; path = "icon-calendar@2x.png"; sourceTree = "<group>"; };
		9E98DB4719B2E421006D81FC /* icon-users@2x.png */ = {isa = PBXFileReference; lastKnownFileType = image.png; path = "icon-users@2x.png"; sourceTree = "<group>"; };
		9E98DB4D19B2EA5B006D81FC /* checked@2x.png */ = {isa = PBXFileReference; lastKnownFileType = image.png; path = "checked@2x.png"; sourceTree = "<group>"; };
		9E98DB4E19B2EA5B006D81FC /* unchecked@2x.png */ = {isa = PBXFileReference; lastKnownFileType = image.png; path = "unchecked@2x.png"; sourceTree = "<group>"; };
		9E99F8C6193D7074004EB5C1 /* PracticesTableViewController.h */ = {isa = PBXFileReference; fileEncoding = 4; lastKnownFileType = sourcecode.c.h; path = PracticesTableViewController.h; sourceTree = "<group>"; };
		9E99F8C7193D7074004EB5C1 /* PracticesTableViewController.m */ = {isa = PBXFileReference; fileEncoding = 4; lastKnownFileType = sourcecode.c.objc; path = PracticesTableViewController.m; sourceTree = "<group>"; };
		9EA0994A19B0F160007BC1FD /* AsyncImageView.h */ = {isa = PBXFileReference; fileEncoding = 4; lastKnownFileType = sourcecode.c.h; path = AsyncImageView.h; sourceTree = "<group>"; };
		9EA0994B19B0F160007BC1FD /* AsyncImageView.m */ = {isa = PBXFileReference; fileEncoding = 4; lastKnownFileType = sourcecode.c.objc; path = AsyncImageView.m; sourceTree = "<group>"; };
		9EA0994F19B0F448007BC1FD /* SettingsViewController.h */ = {isa = PBXFileReference; fileEncoding = 4; lastKnownFileType = sourcecode.c.h; path = SettingsViewController.h; sourceTree = "<group>"; };
		9EA0995019B0F448007BC1FD /* SettingsViewController.m */ = {isa = PBXFileReference; fileEncoding = 4; lastKnownFileType = sourcecode.c.objc; path = SettingsViewController.m; sourceTree = "<group>"; };
		9EA0995219B0FCBA007BC1FD /* MessageUI.framework */ = {isa = PBXFileReference; lastKnownFileType = wrapper.framework; name = MessageUI.framework; path = System/Library/Frameworks/MessageUI.framework; sourceTree = SDKROOT; };
		9EA7D2C919995B7B003C5D7C /* MBProgressHUD.h */ = {isa = PBXFileReference; fileEncoding = 4; lastKnownFileType = sourcecode.c.h; path = MBProgressHUD.h; sourceTree = "<group>"; };
		9EA7D2CA19995B7B003C5D7C /* MBProgressHUD.m */ = {isa = PBXFileReference; fileEncoding = 4; lastKnownFileType = sourcecode.c.objc; path = MBProgressHUD.m; sourceTree = "<group>"; };
		9EC0F50719A4CEFF003441AC /* Social.framework */ = {isa = PBXFileReference; lastKnownFileType = wrapper.framework; name = Social.framework; path = System/Library/Frameworks/Social.framework; sourceTree = SDKROOT; };
		9EC0F50919A4D05F003441AC /* FacebookSDK.framework */ = {isa = PBXFileReference; lastKnownFileType = wrapper.framework; path = FacebookSDK.framework; sourceTree = "<group>"; };
		9EC5F2FC1936D2410056140F /* MKBlockAdditions.h */ = {isa = PBXFileReference; fileEncoding = 4; lastKnownFileType = sourcecode.c.h; path = MKBlockAdditions.h; sourceTree = "<group>"; };
		9EC5F2FD1936D2410056140F /* NSObject+MKBlockAdditions.h */ = {isa = PBXFileReference; fileEncoding = 4; lastKnownFileType = sourcecode.c.h; path = "NSObject+MKBlockAdditions.h"; sourceTree = "<group>"; };
		9EC5F2FE1936D2410056140F /* NSObject+MKBlockAdditions.m */ = {isa = PBXFileReference; fileEncoding = 4; lastKnownFileType = sourcecode.c.objc; path = "NSObject+MKBlockAdditions.m"; sourceTree = "<group>"; };
		9EC5F2FF1936D2410056140F /* UIActionSheet+MKBlockAdditions.h */ = {isa = PBXFileReference; fileEncoding = 4; lastKnownFileType = sourcecode.c.h; path = "UIActionSheet+MKBlockAdditions.h"; sourceTree = "<group>"; };
		9EC5F3001936D2410056140F /* UIActionSheet+MKBlockAdditions.m */ = {isa = PBXFileReference; fileEncoding = 4; lastKnownFileType = sourcecode.c.objc; path = "UIActionSheet+MKBlockAdditions.m"; sourceTree = "<group>"; };
		9EC5F3011936D2410056140F /* UIAlertView+MKBlockAdditions.h */ = {isa = PBXFileReference; fileEncoding = 4; lastKnownFileType = sourcecode.c.h; path = "UIAlertView+MKBlockAdditions.h"; sourceTree = "<group>"; };
		9EC5F3021936D2410056140F /* UIAlertView+MKBlockAdditions.m */ = {isa = PBXFileReference; fileEncoding = 4; lastKnownFileType = sourcecode.c.objc; path = "UIAlertView+MKBlockAdditions.m"; sourceTree = "<group>"; };
		9EC5F3071936D2410056140F /* NSObject+Notify.h */ = {isa = PBXFileReference; fileEncoding = 4; lastKnownFileType = sourcecode.c.h; path = "NSObject+Notify.h"; sourceTree = "<group>"; };
		9EC5F3081936D2410056140F /* NSObject+Notify.m */ = {isa = PBXFileReference; fileEncoding = 4; lastKnownFileType = sourcecode.c.objc; path = "NSObject+Notify.m"; sourceTree = "<group>"; };
		9EC5F30B1936D2410056140F /* UIImage+Alpha.h */ = {isa = PBXFileReference; fileEncoding = 4; lastKnownFileType = sourcecode.c.h; path = "UIImage+Alpha.h"; sourceTree = "<group>"; };
		9EC5F30C1936D2410056140F /* UIImage+Alpha.m */ = {isa = PBXFileReference; fileEncoding = 4; lastKnownFileType = sourcecode.c.objc; path = "UIImage+Alpha.m"; sourceTree = "<group>"; };
		9EC5F30D1936D2410056140F /* UIImage+Resize.h */ = {isa = PBXFileReference; fileEncoding = 4; lastKnownFileType = sourcecode.c.h; path = "UIImage+Resize.h"; sourceTree = "<group>"; };
		9EC5F30E1936D2410056140F /* UIImage+Resize.m */ = {isa = PBXFileReference; fileEncoding = 4; lastKnownFileType = sourcecode.c.objc; path = "UIImage+Resize.m"; sourceTree = "<group>"; };
		9EC5F30F1936D2410056140F /* UIImage+RoundedCorner.h */ = {isa = PBXFileReference; fileEncoding = 4; lastKnownFileType = sourcecode.c.h; path = "UIImage+RoundedCorner.h"; sourceTree = "<group>"; };
		9EC5F3101936D2410056140F /* UIImage+RoundedCorner.m */ = {isa = PBXFileReference; fileEncoding = 4; lastKnownFileType = sourcecode.c.objc; path = "UIImage+RoundedCorner.m"; sourceTree = "<group>"; };
		9EC5F3111936D2410056140F /* Util.h */ = {isa = PBXFileReference; fileEncoding = 4; lastKnownFileType = sourcecode.c.h; path = Util.h; sourceTree = "<group>"; };
		9EC5F3121936D2410056140F /* Util.m */ = {isa = PBXFileReference; fileEncoding = 4; lastKnownFileType = sourcecode.c.objc; path = Util.m; sourceTree = "<group>"; };
		9EC5F3321936D60D0056140F /* Main.storyboard */ = {isa = PBXFileReference; fileEncoding = 4; lastKnownFileType = file.storyboard; path = Main.storyboard; sourceTree = "<group>"; };
		9EC5F3341936D74E0056140F /* MembersTableViewController.h */ = {isa = PBXFileReference; fileEncoding = 4; lastKnownFileType = sourcecode.c.h; path = MembersTableViewController.h; sourceTree = "<group>"; };
		9EC5F3351936D74E0056140F /* MembersTableViewController.m */ = {isa = PBXFileReference; fileEncoding = 4; lastKnownFileType = sourcecode.c.objc; path = MembersTableViewController.m; sourceTree = "<group>"; };
		9EC5F33A1936DCA50056140F /* CoreData.framework */ = {isa = PBXFileReference; lastKnownFileType = wrapper.framework; name = CoreData.framework; path = System/Library/Frameworks/CoreData.framework; sourceTree = SDKROOT; };
		9EC5F33C1936DD000056140F /* CoreLocation.framework */ = {isa = PBXFileReference; lastKnownFileType = wrapper.framework; name = CoreLocation.framework; path = System/Library/Frameworks/CoreLocation.framework; sourceTree = SDKROOT; };
		AC3178CA1B409ADA00668B98 /* star@2x.png */ = {isa = PBXFileReference; lastKnownFileType = image.png; path = "star@2x.png"; sourceTree = "<group>"; };
		AC3178CC1B409B1000668B98 /* RatingViewController.h */ = {isa = PBXFileReference; fileEncoding = 4; lastKnownFileType = sourcecode.c.h; path = RatingViewController.h; sourceTree = "<group>"; };
		AC3178CD1B409B1000668B98 /* RatingViewController.m */ = {isa = PBXFileReference; fileEncoding = 4; lastKnownFileType = sourcecode.c.objc; path = RatingViewController.m; sourceTree = "<group>"; };
		AC8EF0E31C26581D0029EBAE /* NotesViewController.swift */ = {isa = PBXFileReference; fileEncoding = 4; lastKnownFileType = sourcecode.swift; path = NotesViewController.swift; sourceTree = "<group>"; };
		AC8EF0E51C265A330029EBAE /* cwsfroster-Bridging-Header.h */ = {isa = PBXFileReference; lastKnownFileType = sourcecode.c.h; path = "cwsfroster-Bridging-Header.h"; sourceTree = "<group>"; };
		AC950F131B371EAA005C3998 /* libc++.dylib */ = {isa = PBXFileReference; lastKnownFileType = "compiled.mach-o.dylib"; name = "libc++.dylib"; path = "usr/lib/libc++.dylib"; sourceTree = SDKROOT; };
		AC950F141B371EAA005C3998 /* libz.dylib */ = {isa = PBXFileReference; lastKnownFileType = "compiled.mach-o.dylib"; name = libz.dylib; path = usr/lib/libz.dylib; sourceTree = SDKROOT; };
		ACF58F8E1C266A0B0087EE70 /* add_user.png */ = {isa = PBXFileReference; lastKnownFileType = image.png; path = add_user.png; sourceTree = "<group>"; };
		ACF960991B3F7873006AD9F5 /* OnsiteSignupViewController.h */ = {isa = PBXFileReference; fileEncoding = 4; lastKnownFileType = sourcecode.c.h; path = OnsiteSignupViewController.h; sourceTree = "<group>"; };
		ACF9609A1B3F7873006AD9F5 /* OnsiteSignupViewController.m */ = {isa = PBXFileReference; fileEncoding = 4; lastKnownFileType = sourcecode.c.objc; path = OnsiteSignupViewController.m; sourceTree = "<group>"; };
		C645B8FF1E5A7D040001A119 /* RandomDrawingViewController.swift */ = {isa = PBXFileReference; fileEncoding = 4; lastKnownFileType = sourcecode.swift; path = RandomDrawingViewController.swift; sourceTree = "<group>"; };
		C68338F020A3FFE500080BCE /* GoogleService-Info.plist */ = {isa = PBXFileReference; fileEncoding = 4; lastKnownFileType = text.plist.xml; path = "GoogleService-Info.plist"; sourceTree = "<group>"; };
		C68338F220A401DD00080BCE /* GoogleService-Info-dev.plist */ = {isa = PBXFileReference; fileEncoding = 4; lastKnownFileType = text.plist.xml; path = "GoogleService-Info-dev.plist"; sourceTree = "<group>"; };
		C68338F420A42AEB00080BCE /* FirebaseBaseModel.swift */ = {isa = PBXFileReference; fileEncoding = 4; lastKnownFileType = sourcecode.swift; path = FirebaseBaseModel.swift; sourceTree = "<group>"; };
		C68338F520A42AEC00080BCE /* FirebaseMember.swift */ = {isa = PBXFileReference; fileEncoding = 4; lastKnownFileType = sourcecode.swift; path = FirebaseMember.swift; sourceTree = "<group>"; };
		C68338F620A42AEC00080BCE /* FirebaseOrganization.swift */ = {isa = PBXFileReference; fileEncoding = 4; lastKnownFileType = sourcecode.swift; path = FirebaseOrganization.swift; sourceTree = "<group>"; };
		C68338F720A42AEC00080BCE /* FirebaseEvent.swift */ = {isa = PBXFileReference; fileEncoding = 4; lastKnownFileType = sourcecode.swift; path = FirebaseEvent.swift; sourceTree = "<group>"; };
		C68338FD20A42BFD00080BCE /* FirebaseAttendance.swift */ = {isa = PBXFileReference; fileEncoding = 4; lastKnownFileType = sourcecode.swift; path = FirebaseAttendance.swift; sourceTree = "<group>"; };
		C6D9631120C2181900317C0C /* OrganizationService.swift */ = {isa = PBXFileReference; lastKnownFileType = sourcecode.swift; path = OrganizationService.swift; sourceTree = "<group>"; };
		C6D9631320C21CA700317C0C /* ShellViewController.swift */ = {isa = PBXFileReference; lastKnownFileType = sourcecode.swift; path = ShellViewController.swift; sourceTree = "<group>"; };
		CC1B0653011D1ABC9965C2DF /* Pods.framework */ = {isa = PBXFileReference; explicitFileType = wrapper.framework; includeInIndex = 0; path = Pods.framework; sourceTree = BUILT_PRODUCTS_DIR; };
		DAC80517595162FDD7B92501 /* Pods-rollcall.debug.xcconfig */ = {isa = PBXFileReference; includeInIndex = 1; lastKnownFileType = text.xcconfig; name = "Pods-rollcall.debug.xcconfig"; path = "Pods/Target Support Files/Pods-rollcall/Pods-rollcall.debug.xcconfig"; sourceTree = "<group>"; };
/* End PBXFileReference section */

/* Begin PBXFrameworksBuildPhase section */
		9E80084A16196883003E9B16 /* Frameworks */ = {
			isa = PBXFrameworksBuildPhase;
			buildActionMask = 2147483647;
			files = (
				9EA0995319B0FCBA007BC1FD /* MessageUI.framework in Frameworks */,
				9EC0F50819A4CEFF003441AC /* Social.framework in Frameworks */,
				9EC0F50A19A4D05F003441AC /* FacebookSDK.framework in Frameworks */,
				9EC5F33D1936DD000056140F /* CoreLocation.framework in Frameworks */,
				9EC5F33B1936DCA50056140F /* CoreData.framework in Frameworks */,
				9E80085216196883003E9B16 /* UIKit.framework in Frameworks */,
				9E80085416196883003E9B16 /* Foundation.framework in Frameworks */,
				9E80085616196883003E9B16 /* CoreGraphics.framework in Frameworks */,
				9E828A5A16196B8D009A6C44 /* SystemConfiguration.framework in Frameworks */,
				AC950F181B371EAA005C3998 /* libz.dylib in Frameworks */,
				9E828A5D16196B8D009A6C44 /* Security.framework in Frameworks */,
				9E828A5E16196B8D009A6C44 /* QuartzCore.framework in Frameworks */,
				AC950F171B371EAA005C3998 /* libc++.dylib in Frameworks */,
				9E828A5F16196B8D009A6C44 /* MobileCoreServices.framework in Frameworks */,
				9E828A6016196B8D009A6C44 /* libz.1.1.3.dylib in Frameworks */,
				9E828A6116196B8D009A6C44 /* libsqlite3.dylib in Frameworks */,
				9E828A6216196B8D009A6C44 /* CFNetwork.framework in Frameworks */,
				9E828A6416196B8D009A6C44 /* Accounts.framework in Frameworks */,
				9E828A6516196B8D009A6C44 /* AudioToolbox.framework in Frameworks */,
				7CDA9BF40B40D18B6E676602 /* Pods_rollcall.framework in Frameworks */,
			);
			runOnlyForDeploymentPostprocessing = 0;
		};
/* End PBXFrameworksBuildPhase section */

/* Begin PBXGroup section */
		8E0D882F1E74C65200DDFD7C /* Ratings */ = {
			isa = PBXGroup;
			children = (
				AC3178CC1B409B1000668B98 /* RatingViewController.h */,
				AC3178CD1B409B1000668B98 /* RatingViewController.m */,
			);
			name = Ratings;
			sourceTree = "<group>";
		};
		8E1D993520B20C86005E4186 /* Services */ = {
			isa = PBXGroup;
			children = (
				8E1D993320B20C78005E4186 /* AuthService.swift */,
				C6D9631120C2181900317C0C /* OrganizationService.swift */,
				8EA070BE20C342B000EF478F /* FirebaseImageService.swift */,
			);
			name = Services;
			sourceTree = "<group>";
		};
		8E1F63F71E46D852004E8723 /* Models */ = {
			isa = PBXGroup;
			children = (
				C68338FC20A42AF700080BCE /* Parse */,
				C68338F420A42AEB00080BCE /* FirebaseBaseModel.swift */,
				C68338F620A42AEC00080BCE /* FirebaseOrganization.swift */,
				C68338F520A42AEC00080BCE /* FirebaseMember.swift */,
				C68338F720A42AEC00080BCE /* FirebaseEvent.swift */,
				C68338FD20A42BFD00080BCE /* FirebaseAttendance.swift */,
			);
			name = Models;
			sourceTree = "<group>";
		};
		8EA070C020C3469C00EF478F /* Photo */ = {
			isa = PBXGroup;
			children = (
				8EA070C120C3469C00EF478F /* CameraHelper.swift */,
			);
			path = Photo;
			sourceTree = "<group>";
		};
		8EE005A41E3D833E00272DC0 /* Storyboards */ = {
			isa = PBXGroup;
			children = (
				9EC5F3321936D60D0056140F /* Main.storyboard */,
				8EE005A81E3D83F500272DC0 /* Login.storyboard */,
				8EE005AA1E3D844400272DC0 /* Splash.storyboard */,
				8EE005B81E3DA30C00272DC0 /* Settings.storyboard */,
				8E800D2B1E3E614A0085EC4D /* Members.storyboard */,
				8E800D2E1E3E61C10085EC4D /* Events.storyboard */,
			);
			name = Storyboards;
			sourceTree = "<group>";
		};
		8EE005AE1E3D94FE00272DC0 /* Splash */ = {
			isa = PBXGroup;
			children = (
				8EE005AF1E3D951900272DC0 /* SplashViewController.swift */,
			);
			name = Splash;
			sourceTree = "<group>";
		};
		8EE5514F1E3E6117001FB0C4 /* Members */ = {
			isa = PBXGroup;
			children = (
				9EC5F3341936D74E0056140F /* MembersTableViewController.h */,
				9EC5F3351936D74E0056140F /* MembersTableViewController.m */,
				8E1F63EF1E46CCC2004E8723 /* MemberInfoViewController.swift */,
				8E428C4E1E4C3A23009CC0A2 /* MemberCell.swift */,
			);
			name = Members;
			sourceTree = "<group>";
		};
		8EE551501E3E611D001FB0C4 /* Events */ = {
			isa = PBXGroup;
			children = (
				9E99F8C6193D7074004EB5C1 /* PracticesTableViewController.h */,
				9E99F8C7193D7074004EB5C1 /* PracticesTableViewController.m */,
				8E1F64021E478627004E8723 /* PracticesTableViewController+Swift.swift */,
				9E6CC8D4199A90D200AB1CB8 /* PracticeEditViewController.h */,
				9E6CC8D5199A90D200AB1CB8 /* PracticeEditViewController.m */,
				8E1F64001E47816F004E8723 /* PracticeEditViewController+Swift.swift */,
				8E1F64041E47B85B004E8723 /* AttendanceTableViewController.swift */,
				8E428C501E4C3CCD009CC0A2 /* AttendanceCell.swift */,
				ACF960991B3F7873006AD9F5 /* OnsiteSignupViewController.h */,
				ACF9609A1B3F7873006AD9F5 /* OnsiteSignupViewController.m */,
				8E428C521E4F4C6B009CC0A2 /* OnsiteSignupViewController+Swift.swift */,
			);
			name = Events;
			sourceTree = "<group>";
		};
		8EF3D96A1E765A2E003BFB61 /* Camera */ = {
			isa = PBXGroup;
			children = (
				8EF3D9641E764B3F003BFB61 /* CameraOverlayViewController.swift */,
				8EF3D9651E764B3F003BFB61 /* CameraOverlayViewController.xib */,
			);
			name = Camera;
			sourceTree = "<group>";
		};
		9E15616F1992661200A31398 /* Images */ = {
			isa = PBXGroup;
			children = (
				ACF58F8E1C266A0B0087EE70 /* add_user.png */,
				AC3178CA1B409ADA00668B98 /* star@2x.png */,
				9E649FDA19B6040A00334B34 /* icon29.png */,
				9E649FDB19B6040A00334B34 /* icon57.png */,
				9E649FDC19B6040A00334B34 /* icon58.png */,
				9E649FDD19B6040A00334B34 /* icon80.png */,
				9E649FDE19B6040A00334B34 /* icon114.png */,
				9E649FDF19B6040A00334B34 /* icon120.png */,
				9E98DB4D19B2EA5B006D81FC /* checked@2x.png */,
				9E98DB4E19B2EA5B006D81FC /* unchecked@2x.png */,
				9E156177199269B500A31398 /* icon-tkd-helmet@2x.png */,
				9E156179199269C300A31398 /* icon-tkd-paddle@2x.png */,
				9E98DB4619B2E421006D81FC /* icon-calendar@2x.png */,
				9E98DB4719B2E421006D81FC /* icon-users@2x.png */,
			);
			path = Images;
			sourceTree = "<group>";
		};
		9E649FE919B608C300334B34 /* Tutorials */ = {
			isa = PBXGroup;
			children = (
				9E649FE619B606A800334B34 /* TutorialScrollView.h */,
				9E649FE719B606A800334B34 /* TutorialScrollView.m */,
				9E649FEA19B608EC00334B34 /* IntroTutorial0.xib */,
				9E649FEC19B609C400334B34 /* IntroTutorial1.xib */,
				9E649FEE19B60EEC00334B34 /* IntroTutorial2.xib */,
				9E649FF019B60F1D00334B34 /* IntroTutorial3.xib */,
			);
			name = Tutorials;
			sourceTree = "<group>";
		};
		9E80084216196883003E9B16 = {
			isa = PBXGroup;
			children = (
				9E80085716196883003E9B16 /* cwsfroster */,
				9E80085016196883003E9B16 /* Frameworks */,
				9E80084E16196883003E9B16 /* Products */,
				9F64229EE2D42E2F7D0777F5 /* Pods */,
			);
			sourceTree = "<group>";
		};
		9E80084E16196883003E9B16 /* Products */ = {
			isa = PBXGroup;
			children = (
				9E80084D16196883003E9B16 /* RollCall.app */,
			);
			name = Products;
			sourceTree = "<group>";
		};
		9E80085016196883003E9B16 /* Frameworks */ = {
			isa = PBXGroup;
			children = (
				AC950F131B371EAA005C3998 /* libc++.dylib */,
				AC950F141B371EAA005C3998 /* libz.dylib */,
				9EA0995219B0FCBA007BC1FD /* MessageUI.framework */,
				9EC0F50919A4D05F003441AC /* FacebookSDK.framework */,
				9EC0F50719A4CEFF003441AC /* Social.framework */,
				9EC5F33C1936DD000056140F /* CoreLocation.framework */,
				9EC5F33A1936DCA50056140F /* CoreData.framework */,
				9E828A5816196B7C009A6C44 /* SystemConfiguration.framework */,
				9E828A5216196B6F009A6C44 /* Security.framework */,
				9E828A5016196B6B009A6C44 /* QuartzCore.framework */,
				9E828A4E16196B67009A6C44 /* MobileCoreServices.framework */,
				9E828A4C16196B60009A6C44 /* libz.1.1.3.dylib */,
				9E828A4A16196B5B009A6C44 /* libsqlite3.dylib */,
				9E828A4816196B52009A6C44 /* CFNetwork.framework */,
				9E828A4416196B4A009A6C44 /* Accounts.framework */,
				9E828A4216196B47009A6C44 /* AudioToolbox.framework */,
				9E80085116196883003E9B16 /* UIKit.framework */,
				9E80085316196883003E9B16 /* Foundation.framework */,
				9E80085516196883003E9B16 /* CoreGraphics.framework */,
				CC1B0653011D1ABC9965C2DF /* Pods.framework */,
				3DEBB361C23414764499094E /* Pods_rollcall.framework */,
			);
			name = Frameworks;
			sourceTree = "<group>";
		};
		9E80085716196883003E9B16 /* cwsfroster */ = {
			isa = PBXGroup;
			children = (
				8E1D993520B20C86005E4186 /* Services */,
				9EC5F2F61936D2410056140F /* Utils */,
				9E80086016196883003E9B16 /* AppDelegate.h */,
				9E80086116196883003E9B16 /* AppDelegate.m */,
				8E279EEE1E44B82C005AA3F6 /* AppDelegate+Utils.swift */,
				8EE005B31E3D955200272DC0 /* Constants.swift */,
				C68338F020A3FFE500080BCE /* GoogleService-Info.plist */,
				C68338F220A401DD00080BCE /* GoogleService-Info-dev.plist */,
				8E1F63F71E46D852004E8723 /* Models */,
				9E80085816196883003E9B16 /* Supporting Files */,
				8EE005A41E3D833E00272DC0 /* Storyboards */,
				8EE005AE1E3D94FE00272DC0 /* Splash */,
				8EE5514F1E3E6117001FB0C4 /* Members */,
				8EE551501E3E611D001FB0C4 /* Events */,
				C645B8FC1E5A7CE50001A119 /* Random Drawing */,
				9E156174199266A700A31398 /* IntroViewController.h */,
				9E156175199266A700A31398 /* IntroViewController.m */,
				8EE005B61E3DA07A00272DC0 /* IntroViewController+Utils.swift */,
				C6D9631320C21CA700317C0C /* ShellViewController.swift */,
				9EA0994F19B0F448007BC1FD /* SettingsViewController.h */,
				9EA0995019B0F448007BC1FD /* SettingsViewController.m */,
				8EE005BA1E3DA42200272DC0 /* SettingsViewController+Utils.swift */,
				8EA070C020C3469C00EF478F /* Photo */,
				8E0D882F1E74C65200DDFD7C /* Ratings */,
				AC8EF0E31C26581D0029EBAE /* NotesViewController.swift */,
				8EF3D96A1E765A2E003BFB61 /* Camera */,
				9E649FE919B608C300334B34 /* Tutorials */,
			);
			path = cwsfroster;
			sourceTree = "<group>";
		};
		9E80085816196883003E9B16 /* Supporting Files */ = {
			isa = PBXGroup;
			children = (
				9E15616F1992661200A31398 /* Images */,
				9E80085916196883003E9B16 /* rollcall-Info.plist */,
				9E80085A16196883003E9B16 /* InfoPlist.strings */,
				9E80085D16196883003E9B16 /* main.m */,
				9E80085F16196883003E9B16 /* rollcall-Prefix.pch */,
				AC8EF0E51C265A330029EBAE /* cwsfroster-Bridging-Header.h */,
				8EE005AC1E3D875600272DC0 /* Assets.xcassets */,
			);
			name = "Supporting Files";
			sourceTree = "<group>";
		};
		9EC5F2F61936D2410056140F /* Utils */ = {
			isa = PBXGroup;
			children = (
				8E1D992F20B1A84B005E4186 /* Date+Utils.swift */,
				9EA0994A19B0F160007BC1FD /* AsyncImageView.h */,
				9EA0994B19B0F160007BC1FD /* AsyncImageView.m */,
				9EA7D2C919995B7B003C5D7C /* MBProgressHUD.h */,
				9EA7D2CA19995B7B003C5D7C /* MBProgressHUD.m */,
				9EC5F2FB1936D2410056140F /* MKAdditions */,
				9EC5F3071936D2410056140F /* NSObject+Notify.h */,
				9EC5F3081936D2410056140F /* NSObject+Notify.m */,
				9EC5F30B1936D2410056140F /* UIImage+Alpha.h */,
				9EC5F30C1936D2410056140F /* UIImage+Alpha.m */,
				9EC5F30D1936D2410056140F /* UIImage+Resize.h */,
				9EC5F30E1936D2410056140F /* UIImage+Resize.m */,
				9EC5F30F1936D2410056140F /* UIImage+RoundedCorner.h */,
				9EC5F3101936D2410056140F /* UIImage+RoundedCorner.m */,
				9EC5F3111936D2410056140F /* Util.h */,
				9EC5F3121936D2410056140F /* Util.m */,
				8EE005B21E3D955200272DC0 /* UIViewController+Utils.swift */,
				8E1F64061E4A03D3004E8723 /* String+Utils.swift */,
				8EE5514D1E3E60FD001FB0C4 /* ConfigurableNavigationController.swift */,
				8E800D301E3E94770085EC4D /* ParseLogService.swift */,
			);
			path = Utils;
			sourceTree = "<group>";
		};
		9EC5F2FB1936D2410056140F /* MKAdditions */ = {
			isa = PBXGroup;
			children = (
				9EC5F2FC1936D2410056140F /* MKBlockAdditions.h */,
				9EC5F2FD1936D2410056140F /* NSObject+MKBlockAdditions.h */,
				9EC5F2FE1936D2410056140F /* NSObject+MKBlockAdditions.m */,
				9EC5F2FF1936D2410056140F /* UIActionSheet+MKBlockAdditions.h */,
				9EC5F3001936D2410056140F /* UIActionSheet+MKBlockAdditions.m */,
				9EC5F3011936D2410056140F /* UIAlertView+MKBlockAdditions.h */,
				9EC5F3021936D2410056140F /* UIAlertView+MKBlockAdditions.m */,
			);
			path = MKAdditions;
			sourceTree = "<group>";
		};
		9F64229EE2D42E2F7D0777F5 /* Pods */ = {
			isa = PBXGroup;
			children = (
				DAC80517595162FDD7B92501 /* Pods-rollcall.debug.xcconfig */,
				069FC515249129F2CAA291A6 /* Pods-rollcall.release.xcconfig */,
			);
			name = Pods;
			sourceTree = "<group>";
		};
		C645B8FC1E5A7CE50001A119 /* Random Drawing */ = {
			isa = PBXGroup;
			children = (
				C645B8FF1E5A7D040001A119 /* RandomDrawingViewController.swift */,
			);
			name = "Random Drawing";
			sourceTree = "<group>";
		};
		C68338FC20A42AF700080BCE /* Parse */ = {
			isa = PBXGroup;
			children = (
				8E1F63FA1E46E06A004E8723 /* Organization.swift */,
				8E1F63F11E46D330004E8723 /* Member.swift */,
				8E1F63FC1E46E072004E8723 /* Practice.swift */,
				8E1F63FE1E46E079004E8723 /* Attendance.swift */,
			);
			name = Parse;
			sourceTree = "<group>";
		};
/* End PBXGroup section */

/* Begin PBXNativeTarget section */
		9E80084C16196883003E9B16 /* rollcall */ = {
			isa = PBXNativeTarget;
			buildConfigurationList = 9E80086B16196884003E9B16 /* Build configuration list for PBXNativeTarget "rollcall" */;
			buildPhases = (
				C5D657EAED251ECCDE6FB719 /* [CP] Check Pods Manifest.lock */,
				9E80084916196883003E9B16 /* Sources */,
				9E80084A16196883003E9B16 /* Frameworks */,
				9E80084B16196883003E9B16 /* Resources */,
				9E9F19BD19AF81A400DE3F27 /* ShellScript */,
				FB5E515399E86F07FCB3C8CB /* [CP] Embed Pods Frameworks */,
			);
			buildRules = (
			);
			dependencies = (
			);
			name = rollcall;
			productName = cwsfroster;
			productReference = 9E80084D16196883003E9B16 /* RollCall.app */;
			productType = "com.apple.product-type.application";
		};
/* End PBXNativeTarget section */

/* Begin PBXProject section */
		9E80084416196883003E9B16 /* Project object */ = {
			isa = PBXProject;
			attributes = {
				LastSwiftUpdateCheck = 0720;
				LastUpgradeCheck = 0730;
				ORGANIZATIONNAME = "Bobby Ren";
				TargetAttributes = {
					9E80084C16196883003E9B16 = {
						DevelopmentTeam = H799H8B8DD;
						LastSwiftMigration = 0820;
						ProvisioningStyle = Automatic;
						SystemCapabilities = {
							com.apple.InAppPurchase = {
								enabled = 0;
							};
						};
					};
				};
			};
			buildConfigurationList = 9E80084716196883003E9B16 /* Build configuration list for PBXProject "rollcall" */;
			compatibilityVersion = "Xcode 3.2";
			developmentRegion = English;
			hasScannedForEncodings = 0;
			knownRegions = (
				en,
			);
			mainGroup = 9E80084216196883003E9B16;
			productRefGroup = 9E80084E16196883003E9B16 /* Products */;
			projectDirPath = "";
			projectRoot = "";
			targets = (
				9E80084C16196883003E9B16 /* rollcall */,
			);
		};
/* End PBXProject section */

/* Begin PBXResourcesBuildPhase section */
		9E80084B16196883003E9B16 /* Resources */ = {
			isa = PBXResourcesBuildPhase;
			buildActionMask = 2147483647;
			files = (
				9E649FED19B609C400334B34 /* IntroTutorial1.xib in Resources */,
				9E649FE419B6040A00334B34 /* icon114.png in Resources */,
				8EF3D9671E764B3F003BFB61 /* CameraOverlayViewController.xib in Resources */,
				9E649FEB19B608EC00334B34 /* IntroTutorial0.xib in Resources */,
				9E15617A199269C300A31398 /* icon-tkd-paddle@2x.png in Resources */,
				9E80085C16196883003E9B16 /* InfoPlist.strings in Resources */,
				C68338F320A401DD00080BCE /* GoogleService-Info-dev.plist in Resources */,
				9E649FEF19B60EEC00334B34 /* IntroTutorial2.xib in Resources */,
				9E98DB5019B2EA5B006D81FC /* unchecked@2x.png in Resources */,
				8EE005A91E3D83F500272DC0 /* Login.storyboard in Resources */,
				9E98DB4819B2E421006D81FC /* icon-calendar@2x.png in Resources */,
				9E98DB4F19B2EA5B006D81FC /* checked@2x.png in Resources */,
				8EE005AD1E3D875600272DC0 /* Assets.xcassets in Resources */,
				9E649FE519B6040A00334B34 /* icon120.png in Resources */,
				C68338F120A3FFE500080BCE /* GoogleService-Info.plist in Resources */,
				8E800D2C1E3E614A0085EC4D /* Members.storyboard in Resources */,
				9E649FE019B6040A00334B34 /* icon29.png in Resources */,
				8E800D2F1E3E61C10085EC4D /* Events.storyboard in Resources */,
				9E649FE119B6040A00334B34 /* icon57.png in Resources */,
				ACF58F8F1C266A0B0087EE70 /* add_user.png in Resources */,
				9E649FF119B60F1D00334B34 /* IntroTutorial3.xib in Resources */,
				9E649FE219B6040A00334B34 /* icon58.png in Resources */,
				9E98DB4919B2E421006D81FC /* icon-users@2x.png in Resources */,
				9EC5F3331936D60D0056140F /* Main.storyboard in Resources */,
				8EE005B91E3DA30C00272DC0 /* Settings.storyboard in Resources */,
				9E156178199269B500A31398 /* icon-tkd-helmet@2x.png in Resources */,
				9E649FE319B6040A00334B34 /* icon80.png in Resources */,
				AC3178CB1B409ADA00668B98 /* star@2x.png in Resources */,
				8EE005AB1E3D844400272DC0 /* Splash.storyboard in Resources */,
			);
			runOnlyForDeploymentPostprocessing = 0;
		};
/* End PBXResourcesBuildPhase section */

/* Begin PBXShellScriptBuildPhase section */
		9E9F19BD19AF81A400DE3F27 /* ShellScript */ = {
			isa = PBXShellScriptBuildPhase;
			buildActionMask = 2147483647;
			files = (
			);
			inputPaths = (
			);
			outputPaths = (
			);
			runOnlyForDeploymentPostprocessing = 0;
			shellPath = /bin/sh;
			shellScript = "\"${PODS_ROOT}/Fabric/run\" 70160b7dec925a91c6fe09e38bf1f8659c1eda41 0fa711cea5cca0c6a4b57c1a8955f0518514bfdd7a9e6f28b3eca2c60d905a9c";
		};
		C5D657EAED251ECCDE6FB719 /* [CP] Check Pods Manifest.lock */ = {
			isa = PBXShellScriptBuildPhase;
			buildActionMask = 2147483647;
			files = (
			);
			inputPaths = (
				"${PODS_PODFILE_DIR_PATH}/Podfile.lock",
				"${PODS_ROOT}/Manifest.lock",
			);
			name = "[CP] Check Pods Manifest.lock";
			outputPaths = (
				"$(DERIVED_FILE_DIR)/Pods-rollcall-checkManifestLockResult.txt",
			);
			runOnlyForDeploymentPostprocessing = 0;
			shellPath = /bin/sh;
			shellScript = "diff \"${PODS_PODFILE_DIR_PATH}/Podfile.lock\" \"${PODS_ROOT}/Manifest.lock\" > /dev/null\nif [ $? != 0 ] ; then\n    # print error to STDERR\n    echo \"error: The sandbox is not in sync with the Podfile.lock. Run 'pod install' or update your CocoaPods installation.\" >&2\n    exit 1\nfi\n# This output is used by Xcode 'outputs' to avoid re-running this script phase.\necho \"SUCCESS\" > \"${SCRIPT_OUTPUT_FILE_0}\"\n";
			showEnvVarsInLog = 0;
		};
		FB5E515399E86F07FCB3C8CB /* [CP] Embed Pods Frameworks */ = {
			isa = PBXShellScriptBuildPhase;
			buildActionMask = 2147483647;
			files = (
			);
			inputPaths = (
				"${SRCROOT}/Pods/Target Support Files/Pods-rollcall/Pods-rollcall-frameworks.sh",
				"${BUILT_PRODUCTS_DIR}/Bolts/Bolts.framework",
				"${BUILT_PRODUCTS_DIR}/GTMSessionFetcher/GTMSessionFetcher.framework",
				"${BUILT_PRODUCTS_DIR}/GoogleToolboxForMac/GoogleToolboxForMac.framework",
				"${BUILT_PRODUCTS_DIR}/Parse/Parse.framework",
				"${BUILT_PRODUCTS_DIR}/RxCocoa/RxCocoa.framework",
				"${BUILT_PRODUCTS_DIR}/RxOptional/RxOptional.framework",
				"${BUILT_PRODUCTS_DIR}/RxSwift/RxSwift.framework",
				"${BUILT_PRODUCTS_DIR}/leveldb-library/leveldb.framework",
				"${BUILT_PRODUCTS_DIR}/nanopb/nanopb.framework",
			);
			name = "[CP] Embed Pods Frameworks";
			outputPaths = (
				"${TARGET_BUILD_DIR}/${FRAMEWORKS_FOLDER_PATH}/Bolts.framework",
				"${TARGET_BUILD_DIR}/${FRAMEWORKS_FOLDER_PATH}/GTMSessionFetcher.framework",
				"${TARGET_BUILD_DIR}/${FRAMEWORKS_FOLDER_PATH}/GoogleToolboxForMac.framework",
				"${TARGET_BUILD_DIR}/${FRAMEWORKS_FOLDER_PATH}/Parse.framework",
				"${TARGET_BUILD_DIR}/${FRAMEWORKS_FOLDER_PATH}/RxCocoa.framework",
				"${TARGET_BUILD_DIR}/${FRAMEWORKS_FOLDER_PATH}/RxOptional.framework",
				"${TARGET_BUILD_DIR}/${FRAMEWORKS_FOLDER_PATH}/RxSwift.framework",
				"${TARGET_BUILD_DIR}/${FRAMEWORKS_FOLDER_PATH}/leveldb.framework",
				"${TARGET_BUILD_DIR}/${FRAMEWORKS_FOLDER_PATH}/nanopb.framework",
			);
			runOnlyForDeploymentPostprocessing = 0;
			shellPath = /bin/sh;
			shellScript = "\"${SRCROOT}/Pods/Target Support Files/Pods-rollcall/Pods-rollcall-frameworks.sh\"\n";
			showEnvVarsInLog = 0;
		};
/* End PBXShellScriptBuildPhase section */

/* Begin PBXSourcesBuildPhase section */
		9E80084916196883003E9B16 /* Sources */ = {
			isa = PBXSourcesBuildPhase;
			buildActionMask = 2147483647;
			files = (
				8E1F64071E4A03D3004E8723 /* String+Utils.swift in Sources */,
				9E80085E16196883003E9B16 /* main.m in Sources */,
				8EA070C320C3469C00EF478F /* CameraHelper.swift in Sources */,
				8EE005B71E3DA07A00272DC0 /* IntroViewController+Utils.swift in Sources */,
				9E80086216196883003E9B16 /* AppDelegate.m in Sources */,
				C68338F920A42AEC00080BCE /* FirebaseMember.swift in Sources */,
				8E1F63FB1E46E06A004E8723 /* Organization.swift in Sources */,
				8E1F64031E478627004E8723 /* PracticesTableViewController+Swift.swift in Sources */,
				9E6CC8D6199A90D200AB1CB8 /* PracticeEditViewController.m in Sources */,
				9EC5F3361936D74E0056140F /* MembersTableViewController.m in Sources */,
				8EE5514E1E3E60FD001FB0C4 /* ConfigurableNavigationController.swift in Sources */,
				9EC5F3171936D2410056140F /* UIAlertView+MKBlockAdditions.m in Sources */,
				C645B9001E5A7D040001A119 /* RandomDrawingViewController.swift in Sources */,
				9E649FE819B606A800334B34 /* TutorialScrollView.m in Sources */,
				C6D9631420C21CA700317C0C /* ShellViewController.swift in Sources */,
				8EE005B01E3D951900272DC0 /* SplashViewController.swift in Sources */,
				8EE005BB1E3DA42200272DC0 /* SettingsViewController+Utils.swift in Sources */,
				8E1F63F21E46D330004E8723 /* Member.swift in Sources */,
				9E99F8C8193D7074004EB5C1 /* PracticesTableViewController.m in Sources */,
				C68338F820A42AEC00080BCE /* FirebaseBaseModel.swift in Sources */,
				8E1F64051E47B85B004E8723 /* AttendanceTableViewController.swift in Sources */,
				8EA070BF20C342B000EF478F /* FirebaseImageService.swift in Sources */,
				9EA0995119B0F448007BC1FD /* SettingsViewController.m in Sources */,
				8E428C511E4C3CCD009CC0A2 /* AttendanceCell.swift in Sources */,
				8E428C531E4F4C6B009CC0A2 /* OnsiteSignupViewController+Swift.swift in Sources */,
				9EC5F31E1936D2410056140F /* UIImage+RoundedCorner.m in Sources */,
				8EE005B51E3D955200272DC0 /* Constants.swift in Sources */,
				9EC5F3161936D2410056140F /* UIActionSheet+MKBlockAdditions.m in Sources */,
				8E1F63FF1E46E079004E8723 /* Attendance.swift in Sources */,
				9E156176199266A700A31398 /* IntroViewController.m in Sources */,
				8E1F63F01E46CCC2004E8723 /* MemberInfoViewController.swift in Sources */,
				ACF9609B1B3F7873006AD9F5 /* OnsiteSignupViewController.m in Sources */,
				9EC5F31F1936D2410056140F /* Util.m in Sources */,
				8E1F64011E47816F004E8723 /* PracticeEditViewController+Swift.swift in Sources */,
				C68338FE20A42BFD00080BCE /* FirebaseAttendance.swift in Sources */,
				9EC5F3151936D2410056140F /* NSObject+MKBlockAdditions.m in Sources */,
				AC3178CE1B409B1000668B98 /* RatingViewController.m in Sources */,
				9EA7D2CB19995B7B003C5D7C /* MBProgressHUD.m in Sources */,
				9EA0994C19B0F160007BC1FD /* AsyncImageView.m in Sources */,
				AC8EF0E41C26581D0029EBAE /* NotesViewController.swift in Sources */,
				C68338FA20A42AEC00080BCE /* FirebaseOrganization.swift in Sources */,
				9EC5F31A1936D2410056140F /* NSObject+Notify.m in Sources */,
				8E800D311E3E94770085EC4D /* ParseLogService.swift in Sources */,
				C68338FB20A42AEC00080BCE /* FirebaseEvent.swift in Sources */,
				8EF3D9661E764B3F003BFB61 /* CameraOverlayViewController.swift in Sources */,
				8E279EEF1E44B82C005AA3F6 /* AppDelegate+Utils.swift in Sources */,
				8E1F63FD1E46E072004E8723 /* Practice.swift in Sources */,
				8E1D993020B1A84C005E4186 /* Date+Utils.swift in Sources */,
				C6D9631220C2181900317C0C /* OrganizationService.swift in Sources */,
				8EE005B41E3D955200272DC0 /* UIViewController+Utils.swift in Sources */,
				8E428C4F1E4C3A23009CC0A2 /* MemberCell.swift in Sources */,
				8E1D993420B20C78005E4186 /* AuthService.swift in Sources */,
				9EC5F31C1936D2410056140F /* UIImage+Alpha.m in Sources */,
				9EC5F31D1936D2410056140F /* UIImage+Resize.m in Sources */,
			);
			runOnlyForDeploymentPostprocessing = 0;
		};
/* End PBXSourcesBuildPhase section */

/* Begin PBXVariantGroup section */
		9E80085A16196883003E9B16 /* InfoPlist.strings */ = {
			isa = PBXVariantGroup;
			children = (
				9E80085B16196883003E9B16 /* en */,
			);
			name = InfoPlist.strings;
			sourceTree = "<group>";
		};
/* End PBXVariantGroup section */

/* Begin XCBuildConfiguration section */
		9E80086916196884003E9B16 /* Debug */ = {
			isa = XCBuildConfiguration;
			buildSettings = {
				ALWAYS_SEARCH_USER_PATHS = NO;
				CLANG_CXX_LANGUAGE_STANDARD = "gnu++0x";
				CLANG_CXX_LIBRARY = "libc++";
				CLANG_ENABLE_OBJC_ARC = YES;
				CLANG_WARN_EMPTY_BODY = YES;
				CLANG_WARN__DUPLICATE_METHOD_MATCH = YES;
				"CODE_SIGN_IDENTITY[sdk=iphoneos*]" = "iPhone Developer";
				COPY_PHASE_STRIP = NO;
				ENABLE_TESTABILITY = YES;
				GCC_C_LANGUAGE_STANDARD = gnu99;
				GCC_DYNAMIC_NO_PIC = NO;
				GCC_OPTIMIZATION_LEVEL = 0;
				GCC_PREPROCESSOR_DEFINITIONS = (
					"DEBUG=1",
					"$(inherited)",
				);
				GCC_SYMBOLS_PRIVATE_EXTERN = NO;
				GCC_WARN_ABOUT_RETURN_TYPE = YES;
				GCC_WARN_UNINITIALIZED_AUTOS = YES;
				GCC_WARN_UNUSED_VARIABLE = YES;
				IPHONEOS_DEPLOYMENT_TARGET = 6.0;
				ONLY_ACTIVE_ARCH = YES;
				SDKROOT = iphoneos;
			};
			name = Debug;
		};
		9E80086A16196884003E9B16 /* Release */ = {
			isa = XCBuildConfiguration;
			buildSettings = {
				ALWAYS_SEARCH_USER_PATHS = NO;
				CLANG_CXX_LANGUAGE_STANDARD = "gnu++0x";
				CLANG_CXX_LIBRARY = "libc++";
				CLANG_ENABLE_OBJC_ARC = YES;
				CLANG_WARN_EMPTY_BODY = YES;
				CLANG_WARN__DUPLICATE_METHOD_MATCH = YES;
				"CODE_SIGN_IDENTITY[sdk=iphoneos*]" = "iPhone Developer";
				COPY_PHASE_STRIP = YES;
				GCC_C_LANGUAGE_STANDARD = gnu99;
				GCC_WARN_ABOUT_RETURN_TYPE = YES;
				GCC_WARN_UNINITIALIZED_AUTOS = YES;
				GCC_WARN_UNUSED_VARIABLE = YES;
				IPHONEOS_DEPLOYMENT_TARGET = 6.0;
				OTHER_CFLAGS = "-DNS_BLOCK_ASSERTIONS=1";
				SDKROOT = iphoneos;
				VALIDATE_PRODUCT = YES;
			};
			name = Release;
		};
		9E80086C16196884003E9B16 /* Debug */ = {
			isa = XCBuildConfiguration;
			baseConfigurationReference = DAC80517595162FDD7B92501 /* Pods-rollcall.debug.xcconfig */;
			buildSettings = {
				ASSETCATALOG_COMPILER_APPICON_NAME = AppIcon;
				ASSETCATALOG_COMPILER_LAUNCHIMAGE_NAME = LaunchImage;
				CLANG_ENABLE_MODULES = YES;
				CODE_SIGN_IDENTITY = "iPhone Developer";
				"CODE_SIGN_IDENTITY[sdk=iphoneos*]" = "iPhone Developer";
				ENABLE_BITCODE = NO;
				FRAMEWORK_SEARCH_PATHS = (
					"$(inherited)",
					"$(SRCROOT)",
					"$(PROJECT_DIR)",
					/Users/BobboMac/Desktop,
				);
				GCC_PRECOMPILE_PREFIX_HEADER = YES;
				GCC_PREFIX_HEADER = "cwsfroster/rollcall-Prefix.pch";
				INFOPLIST_FILE = "cwsfroster/rollcall-Info.plist";
				IPHONEOS_DEPLOYMENT_TARGET = 9.0;
				LD_RUNPATH_SEARCH_PATHS = "$(inherited) @executable_path/Frameworks";
				PRODUCT_BUNDLE_IDENTIFIER = net.BobbyRen.cwsfroster;
				PRODUCT_NAME = RollCall;
				PROVISIONING_PROFILE = "";
				SWIFT_OBJC_BRIDGING_HEADER = "cwsfroster/cwsfroster-Bridging-Header.h";
				SWIFT_OPTIMIZATION_LEVEL = "-Onone";
				SWIFT_VERSION = 3.0;
				TARGETED_DEVICE_FAMILY = "1,2";
				WRAPPER_EXTENSION = app;
			};
			name = Debug;
		};
		9E80086D16196884003E9B16 /* Release */ = {
			isa = XCBuildConfiguration;
			baseConfigurationReference = 069FC515249129F2CAA291A6 /* Pods-rollcall.release.xcconfig */;
			buildSettings = {
				ASSETCATALOG_COMPILER_APPICON_NAME = AppIcon;
				ASSETCATALOG_COMPILER_LAUNCHIMAGE_NAME = LaunchImage;
				CLANG_ENABLE_MODULES = YES;
				CODE_SIGN_IDENTITY = "iPhone Distribution: Bobby Ren (H799H8B8DD)";
				"CODE_SIGN_IDENTITY[sdk=iphoneos*]" = "iPhone Developer";
				DEVELOPMENT_TEAM = "";
				ENABLE_BITCODE = NO;
				FRAMEWORK_SEARCH_PATHS = (
					"$(inherited)",
					"$(SRCROOT)",
					"$(PROJECT_DIR)",
					/Users/BobboMac/Desktop,
				);
				GCC_PRECOMPILE_PREFIX_HEADER = YES;
				GCC_PREFIX_HEADER = "cwsfroster/rollcall-Prefix.pch";
				INFOPLIST_FILE = "cwsfroster/rollcall-Info.plist";
				IPHONEOS_DEPLOYMENT_TARGET = 9.0;
				LD_RUNPATH_SEARCH_PATHS = "$(inherited) @executable_path/Frameworks";
				PRODUCT_BUNDLE_IDENTIFIER = net.BobbyRen.cwsfroster;
				PRODUCT_NAME = RollCall;
				PROVISIONING_PROFILE = "";
				PROVISIONING_PROFILE_SPECIFIER = "";
				SWIFT_OBJC_BRIDGING_HEADER = "cwsfroster/cwsfroster-Bridging-Header.h";
				SWIFT_VERSION = 3.0;
				TARGETED_DEVICE_FAMILY = "1,2";
				WRAPPER_EXTENSION = app;
			};
			name = Release;
		};
/* End XCBuildConfiguration section */

/* Begin XCConfigurationList section */
		9E80084716196883003E9B16 /* Build configuration list for PBXProject "rollcall" */ = {
			isa = XCConfigurationList;
			buildConfigurations = (
				9E80086916196884003E9B16 /* Debug */,
				9E80086A16196884003E9B16 /* Release */,
			);
			defaultConfigurationIsVisible = 0;
			defaultConfigurationName = Release;
		};
		9E80086B16196884003E9B16 /* Build configuration list for PBXNativeTarget "rollcall" */ = {
			isa = XCConfigurationList;
			buildConfigurations = (
				9E80086C16196884003E9B16 /* Debug */,
				9E80086D16196884003E9B16 /* Release */,
			);
			defaultConfigurationIsVisible = 0;
			defaultConfigurationName = Release;
		};
/* End XCConfigurationList section */
	};
	rootObject = 9E80084416196883003E9B16 /* Project object */;
}
