// !$*UTF8*$!
{
	archiveVersion = 1;
	classes = {
	};
	objectVersion = 46;
	objects = {

/* Begin PBXBuildFile section */
		7CDA9BF40B40D18B6E676602 /* Pods_rollcall.framework in Frameworks */ = {isa = PBXBuildFile; fileRef = 3DEBB361C23414764499094E /* Pods_rollcall.framework */; };
		8E08531E20CC5A86002A0CC4 /* FirebaseOfflineParser.swift in Sources */ = {isa = PBXBuildFile; fileRef = 8E08531D20CC5A86002A0CC4 /* FirebaseOfflineParser.swift */; };
		8E09574121ACE00E0037DA17 /* Feedback.storyboard in Resources */ = {isa = PBXBuildFile; fileRef = 8E09574021ACE00D0037DA17 /* Feedback.storyboard */; };
		8E09584521ACE0B20037DA17 /* FeedbackViewController.swift in Sources */ = {isa = PBXBuildFile; fileRef = 8E09584421ACE0B20037DA17 /* FeedbackViewController.swift */; };
		8E18B0942106A79D00E02558 /* AddMembersViewController.swift in Sources */ = {isa = PBXBuildFile; fileRef = 8E18B0932106A79D00E02558 /* AddMembersViewController.swift */; };
		8E18B0962106AAB300E02558 /* MemberNameInputCell.swift in Sources */ = {isa = PBXBuildFile; fileRef = 8E18B0952106AAB300E02558 /* MemberNameInputCell.swift */; };
		8E1BC50D2106CF40004192F3 /* ContactsViewController.swift in Sources */ = {isa = PBXBuildFile; fileRef = 8E1BC50C2106CF40004192F3 /* ContactsViewController.swift */; };
		8E1BC50F2106D9F1004192F3 /* ContactCell.swift in Sources */ = {isa = PBXBuildFile; fileRef = 8E1BC50E2106D9F1004192F3 /* ContactCell.swift */; };
		8E1D993020B1A84C005E4186 /* Date+Utils.swift in Sources */ = {isa = PBXBuildFile; fileRef = 8E1D992F20B1A84B005E4186 /* Date+Utils.swift */; };
		8E1D993420B20C78005E4186 /* AuthService.swift in Sources */ = {isa = PBXBuildFile; fileRef = 8E1D993320B20C78005E4186 /* AuthService.swift */; };
		8E1F63F01E46CCC2004E8723 /* MemberInfoViewController.swift in Sources */ = {isa = PBXBuildFile; fileRef = 8E1F63EF1E46CCC2004E8723 /* MemberInfoViewController.swift */; };
		8E1F64011E47816F004E8723 /* EventEditViewController.swift in Sources */ = {isa = PBXBuildFile; fileRef = 8E1F64001E47816F004E8723 /* EventEditViewController.swift */; };
		8E1F64031E478627004E8723 /* EventsListViewController.swift in Sources */ = {isa = PBXBuildFile; fileRef = 8E1F64021E478627004E8723 /* EventsListViewController.swift */; };
		8E1F64051E47B85B004E8723 /* AttendanceTableViewController.swift in Sources */ = {isa = PBXBuildFile; fileRef = 8E1F64041E47B85B004E8723 /* AttendanceTableViewController.swift */; };
		8E1F64071E4A03D3004E8723 /* String+Utils.swift in Sources */ = {isa = PBXBuildFile; fileRef = 8E1F64061E4A03D3004E8723 /* String+Utils.swift */; };
		8E279EEF1E44B82C005AA3F6 /* AppDelegate+Utils.swift in Sources */ = {isa = PBXBuildFile; fileRef = 8E279EEE1E44B82C005AA3F6 /* AppDelegate+Utils.swift */; };
		8E3DD1CE20DA81680075548C /* UpgradeService.swift in Sources */ = {isa = PBXBuildFile; fileRef = 8E3DD1CD20DA81670075548C /* UpgradeService.swift */; };
		8E3DD1D020DA826B0075548C /* SettingsService.swift in Sources */ = {isa = PBXBuildFile; fileRef = 8E3DD1CF20DA826B0075548C /* SettingsService.swift */; };
		8E3FFF5921D6CB4200B831B3 /* TheNounProject in Resources */ = {isa = PBXBuildFile; fileRef = 8E3FFF5821D6CB4200B831B3 /* TheNounProject */; };
		8E428C4F1E4C3A23009CC0A2 /* MemberCell.swift in Sources */ = {isa = PBXBuildFile; fileRef = 8E428C4E1E4C3A23009CC0A2 /* MemberCell.swift */; };
		8E428C511E4C3CCD009CC0A2 /* AttendanceCell.swift in Sources */ = {isa = PBXBuildFile; fileRef = 8E428C501E4C3CCD009CC0A2 /* AttendanceCell.swift */; };
		8E428C531E4F4C6B009CC0A2 /* OnsiteSignupViewController.swift in Sources */ = {isa = PBXBuildFile; fileRef = 8E428C521E4F4C6B009CC0A2 /* OnsiteSignupViewController.swift */; };
		8E4BE96420CCCDD300556771 /* rollcall-and-random-dev-export.json in Resources */ = {isa = PBXBuildFile; fileRef = 8E4BE96320CCCDD200556771 /* rollcall-and-random-dev-export.json */; };
		8E4BE96620CCE74300556771 /* MembersTableViewController.swift in Sources */ = {isa = PBXBuildFile; fileRef = 8E4BE96520CCE74300556771 /* MembersTableViewController.swift */; };
		8E6FF0D320D9F5FB008BAC71 /* RAImageView.swift in Sources */ = {isa = PBXBuildFile; fileRef = 8E6FF0D220D9F5FB008BAC71 /* RAImageView.swift */; };
		8E800D2C1E3E614A0085EC4D /* Members.storyboard in Resources */ = {isa = PBXBuildFile; fileRef = 8E800D2B1E3E614A0085EC4D /* Members.storyboard */; };
		8E800D2F1E3E61C10085EC4D /* Events.storyboard in Resources */ = {isa = PBXBuildFile; fileRef = 8E800D2E1E3E61C10085EC4D /* Events.storyboard */; };
		8E800D311E3E94770085EC4D /* LoggingService.swift in Sources */ = {isa = PBXBuildFile; fileRef = 8E800D301E3E94770085EC4D /* LoggingService.swift */; };
		8E9D891F20CB130900AD382F /* EventService.swift in Sources */ = {isa = PBXBuildFile; fileRef = 8E9D891E20CB130900AD382F /* EventService.swift */; };
		8E9D892320CB17C800AD382F /* FirebaseAPIService.swift in Sources */ = {isa = PBXBuildFile; fileRef = 8E9D892220CB17C800AD382F /* FirebaseAPIService.swift */; };
		8EA070BF20C342B000EF478F /* FirebaseImageService.swift in Sources */ = {isa = PBXBuildFile; fileRef = 8EA070BE20C342B000EF478F /* FirebaseImageService.swift */; };
		8EBB0BE826D6248D00BAB1A5 /* StoreKitTestCertificate.cer in Resources */ = {isa = PBXBuildFile; fileRef = 8EBB0BE726D6248D00BAB1A5 /* StoreKitTestCertificate.cer */; };
		8EBB0BEB26D624E700BAB1A5 /* StoreKitManager.swift in Sources */ = {isa = PBXBuildFile; fileRef = 8EBB0BEA26D624E700BAB1A5 /* StoreKitManager.swift */; };
		8EBB0BEF26D72A7B00BAB1A5 /* subscriptions.plist in Resources */ = {isa = PBXBuildFile; fileRef = 8EBB0BEE26D72A7B00BAB1A5 /* subscriptions.plist */; };
		8EBB0C2426D736FE00BAB1A5 /* SubscriptionViewController.swift in Sources */ = {isa = PBXBuildFile; fileRef = 8EBB0C2326D736FE00BAB1A5 /* SubscriptionViewController.swift */; };
		8EC44E0721D33F01008189DA /* Stripe.storyboard in Resources */ = {isa = PBXBuildFile; fileRef = 8EC44E0621D33F01008189DA /* Stripe.storyboard */; };
		8EC44E0A21D33F62008189DA /* StripeViewController.swift in Sources */ = {isa = PBXBuildFile; fileRef = 8EC44E0921D33F62008189DA /* StripeViewController.swift */; };
		8EE005A91E3D83F500272DC0 /* Login.storyboard in Resources */ = {isa = PBXBuildFile; fileRef = 8EE005A81E3D83F500272DC0 /* Login.storyboard */; };
		8EE005AB1E3D844400272DC0 /* Splash.storyboard in Resources */ = {isa = PBXBuildFile; fileRef = 8EE005AA1E3D844400272DC0 /* Splash.storyboard */; };
		8EE005AD1E3D875600272DC0 /* Assets.xcassets in Resources */ = {isa = PBXBuildFile; fileRef = 8EE005AC1E3D875600272DC0 /* Assets.xcassets */; };
		8EE005B01E3D951900272DC0 /* SplashViewController.swift in Sources */ = {isa = PBXBuildFile; fileRef = 8EE005AF1E3D951900272DC0 /* SplashViewController.swift */; };
		8EE005B41E3D955200272DC0 /* UIViewController+Utils.swift in Sources */ = {isa = PBXBuildFile; fileRef = 8EE005B21E3D955200272DC0 /* UIViewController+Utils.swift */; };
		8EE005B51E3D955200272DC0 /* Constants.swift in Sources */ = {isa = PBXBuildFile; fileRef = 8EE005B31E3D955200272DC0 /* Constants.swift */; };
		8EE005B71E3DA07A00272DC0 /* IntroViewController.swift in Sources */ = {isa = PBXBuildFile; fileRef = 8EE005B61E3DA07A00272DC0 /* IntroViewController.swift */; };
		8EE5514E1E3E60FD001FB0C4 /* ConfigurableNavigationController.swift in Sources */ = {isa = PBXBuildFile; fileRef = 8EE5514D1E3E60FD001FB0C4 /* ConfigurableNavigationController.swift */; };
		9E156178199269B500A31398 /* icon-tkd-helmet@2x.png in Resources */ = {isa = PBXBuildFile; fileRef = 9E156177199269B500A31398 /* icon-tkd-helmet@2x.png */; };
		9E15617A199269C300A31398 /* icon-tkd-paddle@2x.png in Resources */ = {isa = PBXBuildFile; fileRef = 9E156179199269C300A31398 /* icon-tkd-paddle@2x.png */; };
		9E649FE019B6040A00334B34 /* icon29.png in Resources */ = {isa = PBXBuildFile; fileRef = 9E649FDA19B6040A00334B34 /* icon29.png */; };
		9E649FE119B6040A00334B34 /* icon57.png in Resources */ = {isa = PBXBuildFile; fileRef = 9E649FDB19B6040A00334B34 /* icon57.png */; };
		9E649FE219B6040A00334B34 /* icon58.png in Resources */ = {isa = PBXBuildFile; fileRef = 9E649FDC19B6040A00334B34 /* icon58.png */; };
		9E649FE319B6040A00334B34 /* icon80.png in Resources */ = {isa = PBXBuildFile; fileRef = 9E649FDD19B6040A00334B34 /* icon80.png */; };
		9E649FE419B6040A00334B34 /* icon114.png in Resources */ = {isa = PBXBuildFile; fileRef = 9E649FDE19B6040A00334B34 /* icon114.png */; };
		9E649FE519B6040A00334B34 /* icon120.png in Resources */ = {isa = PBXBuildFile; fileRef = 9E649FDF19B6040A00334B34 /* icon120.png */; };
		9E649FE819B606A800334B34 /* TutorialScrollView.m in Sources */ = {isa = PBXBuildFile; fileRef = 9E649FE719B606A800334B34 /* TutorialScrollView.m */; };
		9E649FEB19B608EC00334B34 /* IntroTutorial0.xib in Resources */ = {isa = PBXBuildFile; fileRef = 9E649FEA19B608EC00334B34 /* IntroTutorial0.xib */; };
		9E649FED19B609C400334B34 /* IntroTutorial1.xib in Resources */ = {isa = PBXBuildFile; fileRef = 9E649FEC19B609C400334B34 /* IntroTutorial1.xib */; };
		9E649FEF19B60EEC00334B34 /* IntroTutorial2.xib in Resources */ = {isa = PBXBuildFile; fileRef = 9E649FEE19B60EEC00334B34 /* IntroTutorial2.xib */; };
		9E649FF119B60F1D00334B34 /* IntroTutorial3.xib in Resources */ = {isa = PBXBuildFile; fileRef = 9E649FF019B60F1D00334B34 /* IntroTutorial3.xib */; };
		9E80085216196883003E9B16 /* UIKit.framework in Frameworks */ = {isa = PBXBuildFile; fileRef = 9E80085116196883003E9B16 /* UIKit.framework */; };
		9E80085416196883003E9B16 /* Foundation.framework in Frameworks */ = {isa = PBXBuildFile; fileRef = 9E80085316196883003E9B16 /* Foundation.framework */; };
		9E80085616196883003E9B16 /* CoreGraphics.framework in Frameworks */ = {isa = PBXBuildFile; fileRef = 9E80085516196883003E9B16 /* CoreGraphics.framework */; };
		9E80085C16196883003E9B16 /* InfoPlist.strings in Resources */ = {isa = PBXBuildFile; fileRef = 9E80085A16196883003E9B16 /* InfoPlist.strings */; };
		9E80085E16196883003E9B16 /* main.m in Sources */ = {isa = PBXBuildFile; fileRef = 9E80085D16196883003E9B16 /* main.m */; };
		9E80086216196883003E9B16 /* AppDelegate.m in Sources */ = {isa = PBXBuildFile; fileRef = 9E80086116196883003E9B16 /* AppDelegate.m */; };
		9E828A5A16196B8D009A6C44 /* SystemConfiguration.framework in Frameworks */ = {isa = PBXBuildFile; fileRef = 9E828A5816196B7C009A6C44 /* SystemConfiguration.framework */; };
		9E828A5D16196B8D009A6C44 /* Security.framework in Frameworks */ = {isa = PBXBuildFile; fileRef = 9E828A5216196B6F009A6C44 /* Security.framework */; };
		9E828A5E16196B8D009A6C44 /* QuartzCore.framework in Frameworks */ = {isa = PBXBuildFile; fileRef = 9E828A5016196B6B009A6C44 /* QuartzCore.framework */; };
		9E828A5F16196B8D009A6C44 /* MobileCoreServices.framework in Frameworks */ = {isa = PBXBuildFile; fileRef = 9E828A4E16196B67009A6C44 /* MobileCoreServices.framework */; };
		9E828A6016196B8D009A6C44 /* libz.1.1.3.dylib in Frameworks */ = {isa = PBXBuildFile; fileRef = 9E828A4C16196B60009A6C44 /* libz.1.1.3.dylib */; };
		9E828A6116196B8D009A6C44 /* libsqlite3.dylib in Frameworks */ = {isa = PBXBuildFile; fileRef = 9E828A4A16196B5B009A6C44 /* libsqlite3.dylib */; };
		9E828A6216196B8D009A6C44 /* CFNetwork.framework in Frameworks */ = {isa = PBXBuildFile; fileRef = 9E828A4816196B52009A6C44 /* CFNetwork.framework */; };
		9E828A6416196B8D009A6C44 /* Accounts.framework in Frameworks */ = {isa = PBXBuildFile; fileRef = 9E828A4416196B4A009A6C44 /* Accounts.framework */; };
		9E828A6516196B8D009A6C44 /* AudioToolbox.framework in Frameworks */ = {isa = PBXBuildFile; fileRef = 9E828A4216196B47009A6C44 /* AudioToolbox.framework */; };
		9E98DB4819B2E421006D81FC /* icon-calendar@2x.png in Resources */ = {isa = PBXBuildFile; fileRef = 9E98DB4619B2E421006D81FC /* icon-calendar@2x.png */; };
		9E98DB4919B2E421006D81FC /* icon-users@2x.png in Resources */ = {isa = PBXBuildFile; fileRef = 9E98DB4719B2E421006D81FC /* icon-users@2x.png */; };
		9E98DB4F19B2EA5B006D81FC /* checked@2x.png in Resources */ = {isa = PBXBuildFile; fileRef = 9E98DB4D19B2EA5B006D81FC /* checked@2x.png */; };
		9E98DB5019B2EA5B006D81FC /* unchecked@2x.png in Resources */ = {isa = PBXBuildFile; fileRef = 9E98DB4E19B2EA5B006D81FC /* unchecked@2x.png */; };
		9EA0995319B0FCBA007BC1FD /* MessageUI.framework in Frameworks */ = {isa = PBXBuildFile; fileRef = 9EA0995219B0FCBA007BC1FD /* MessageUI.framework */; };
		9EC0F50819A4CEFF003441AC /* Social.framework in Frameworks */ = {isa = PBXBuildFile; fileRef = 9EC0F50719A4CEFF003441AC /* Social.framework */; };
		9EC5F3151936D2410056140F /* NSObject+MKBlockAdditions.m in Sources */ = {isa = PBXBuildFile; fileRef = 9EC5F2FE1936D2410056140F /* NSObject+MKBlockAdditions.m */; settings = {COMPILER_FLAGS = "-fno-objc-arc"; }; };
		9EC5F3161936D2410056140F /* UIActionSheet+MKBlockAdditions.m in Sources */ = {isa = PBXBuildFile; fileRef = 9EC5F3001936D2410056140F /* UIActionSheet+MKBlockAdditions.m */; settings = {COMPILER_FLAGS = "-fno-objc-arc"; }; };
		9EC5F3171936D2410056140F /* UIAlertView+MKBlockAdditions.m in Sources */ = {isa = PBXBuildFile; fileRef = 9EC5F3021936D2410056140F /* UIAlertView+MKBlockAdditions.m */; settings = {COMPILER_FLAGS = "-fno-objc-arc"; }; };
		9EC5F31A1936D2410056140F /* NSObject+Notify.m in Sources */ = {isa = PBXBuildFile; fileRef = 9EC5F3081936D2410056140F /* NSObject+Notify.m */; };
		9EC5F31C1936D2410056140F /* UIImage+Alpha.m in Sources */ = {isa = PBXBuildFile; fileRef = 9EC5F30C1936D2410056140F /* UIImage+Alpha.m */; settings = {COMPILER_FLAGS = "-fno-objc-arc"; }; };
		9EC5F31D1936D2410056140F /* UIImage+Resize.m in Sources */ = {isa = PBXBuildFile; fileRef = 9EC5F30E1936D2410056140F /* UIImage+Resize.m */; settings = {COMPILER_FLAGS = "-fno-objc-arc"; }; };
		9EC5F31E1936D2410056140F /* UIImage+RoundedCorner.m in Sources */ = {isa = PBXBuildFile; fileRef = 9EC5F3101936D2410056140F /* UIImage+RoundedCorner.m */; };
		9EC5F31F1936D2410056140F /* Util.m in Sources */ = {isa = PBXBuildFile; fileRef = 9EC5F3121936D2410056140F /* Util.m */; };
		9EC5F33B1936DCA50056140F /* CoreData.framework in Frameworks */ = {isa = PBXBuildFile; fileRef = 9EC5F33A1936DCA50056140F /* CoreData.framework */; };
		9EC5F33D1936DD000056140F /* CoreLocation.framework in Frameworks */ = {isa = PBXBuildFile; fileRef = 9EC5F33C1936DD000056140F /* CoreLocation.framework */; };
		AC3178CB1B409ADA00668B98 /* star@2x.png in Resources */ = {isa = PBXBuildFile; fileRef = AC3178CA1B409ADA00668B98 /* star@2x.png */; };
		AC950F171B371EAA005C3998 /* libc++.dylib in Frameworks */ = {isa = PBXBuildFile; fileRef = AC950F131B371EAA005C3998 /* libc++.dylib */; };
		AC950F181B371EAA005C3998 /* libz.dylib in Frameworks */ = {isa = PBXBuildFile; fileRef = AC950F141B371EAA005C3998 /* libz.dylib */; };
		ACF58F8F1C266A0B0087EE70 /* add_user.png in Resources */ = {isa = PBXBuildFile; fileRef = ACF58F8E1C266A0B0087EE70 /* add_user.png */; };
		C645B9001E5A7D040001A119 /* RandomDrawingViewController.swift in Sources */ = {isa = PBXBuildFile; fileRef = C645B8FF1E5A7D040001A119 /* RandomDrawingViewController.swift */; };
		C68338F120A3FFE500080BCE /* GoogleService-Info.plist in Resources */ = {isa = PBXBuildFile; fileRef = C68338F020A3FFE500080BCE /* GoogleService-Info.plist */; };
		C68338F320A401DD00080BCE /* GoogleService-Info-dev.plist in Resources */ = {isa = PBXBuildFile; fileRef = C68338F220A401DD00080BCE /* GoogleService-Info-dev.plist */; };
		C68338F820A42AEC00080BCE /* FirebaseBaseModel.swift in Sources */ = {isa = PBXBuildFile; fileRef = C68338F420A42AEB00080BCE /* FirebaseBaseModel.swift */; };
		C68338F920A42AEC00080BCE /* FirebaseMember.swift in Sources */ = {isa = PBXBuildFile; fileRef = C68338F520A42AEC00080BCE /* FirebaseMember.swift */; };
		C68338FA20A42AEC00080BCE /* FirebaseOrganization.swift in Sources */ = {isa = PBXBuildFile; fileRef = C68338F620A42AEC00080BCE /* FirebaseOrganization.swift */; };
		C68338FB20A42AEC00080BCE /* FirebaseEvent.swift in Sources */ = {isa = PBXBuildFile; fileRef = C68338F720A42AEC00080BCE /* FirebaseEvent.swift */; };
		C68338FE20A42BFD00080BCE /* FirebaseAttendance.swift in Sources */ = {isa = PBXBuildFile; fileRef = C68338FD20A42BFD00080BCE /* FirebaseAttendance.swift */; };
		C6990BAD20F6B39E00256A3B /* SettingsViewController.swift in Sources */ = {isa = PBXBuildFile; fileRef = 8EE005BA1E3DA42200272DC0 /* SettingsViewController.swift */; };
		C6D9631220C2181900317C0C /* OrganizationService.swift in Sources */ = {isa = PBXBuildFile; fileRef = C6D9631120C2181900317C0C /* OrganizationService.swift */; };
		C6D9631420C21CA700317C0C /* ShellViewController.swift in Sources */ = {isa = PBXBuildFile; fileRef = C6D9631320C21CA700317C0C /* ShellViewController.swift */; };
/* End PBXBuildFile section */

/* Begin PBXFileReference section */
		069FC515249129F2CAA291A6 /* Pods-rollcall.release.xcconfig */ = {isa = PBXFileReference; includeInIndex = 1; lastKnownFileType = text.xcconfig; name = "Pods-rollcall.release.xcconfig"; path = "Pods/Target Support Files/Pods-rollcall/Pods-rollcall.release.xcconfig"; sourceTree = "<group>"; };
		3DEBB361C23414764499094E /* Pods_rollcall.framework */ = {isa = PBXFileReference; explicitFileType = wrapper.framework; includeInIndex = 0; path = Pods_rollcall.framework; sourceTree = BUILT_PRODUCTS_DIR; };
		8E08531D20CC5A86002A0CC4 /* FirebaseOfflineParser.swift */ = {isa = PBXFileReference; lastKnownFileType = sourcecode.swift; path = FirebaseOfflineParser.swift; sourceTree = "<group>"; };
		8E09574021ACE00D0037DA17 /* Feedback.storyboard */ = {isa = PBXFileReference; fileEncoding = 4; lastKnownFileType = file.storyboard; path = Feedback.storyboard; sourceTree = "<group>"; };
		8E09584421ACE0B20037DA17 /* FeedbackViewController.swift */ = {isa = PBXFileReference; fileEncoding = 4; lastKnownFileType = sourcecode.swift; path = FeedbackViewController.swift; sourceTree = "<group>"; };
		8E18B0932106A79D00E02558 /* AddMembersViewController.swift */ = {isa = PBXFileReference; lastKnownFileType = sourcecode.swift; path = AddMembersViewController.swift; sourceTree = "<group>"; };
		8E18B0952106AAB300E02558 /* MemberNameInputCell.swift */ = {isa = PBXFileReference; lastKnownFileType = sourcecode.swift; path = MemberNameInputCell.swift; sourceTree = "<group>"; };
		8E1BC50C2106CF40004192F3 /* ContactsViewController.swift */ = {isa = PBXFileReference; lastKnownFileType = sourcecode.swift; path = ContactsViewController.swift; sourceTree = "<group>"; };
		8E1BC50E2106D9F1004192F3 /* ContactCell.swift */ = {isa = PBXFileReference; lastKnownFileType = sourcecode.swift; path = ContactCell.swift; sourceTree = "<group>"; };
		8E1D992F20B1A84B005E4186 /* Date+Utils.swift */ = {isa = PBXFileReference; fileEncoding = 4; lastKnownFileType = sourcecode.swift; path = "Date+Utils.swift"; sourceTree = "<group>"; };
		8E1D993320B20C78005E4186 /* AuthService.swift */ = {isa = PBXFileReference; lastKnownFileType = sourcecode.swift; path = AuthService.swift; sourceTree = "<group>"; };
		8E1F63EF1E46CCC2004E8723 /* MemberInfoViewController.swift */ = {isa = PBXFileReference; fileEncoding = 4; lastKnownFileType = sourcecode.swift; path = MemberInfoViewController.swift; sourceTree = "<group>"; };
		8E1F64001E47816F004E8723 /* EventEditViewController.swift */ = {isa = PBXFileReference; fileEncoding = 4; lastKnownFileType = sourcecode.swift; path = EventEditViewController.swift; sourceTree = "<group>"; };
		8E1F64021E478627004E8723 /* EventsListViewController.swift */ = {isa = PBXFileReference; fileEncoding = 4; lastKnownFileType = sourcecode.swift; path = EventsListViewController.swift; sourceTree = "<group>"; };
		8E1F64041E47B85B004E8723 /* AttendanceTableViewController.swift */ = {isa = PBXFileReference; fileEncoding = 4; lastKnownFileType = sourcecode.swift; path = AttendanceTableViewController.swift; sourceTree = "<group>"; };
		8E1F64061E4A03D3004E8723 /* String+Utils.swift */ = {isa = PBXFileReference; fileEncoding = 4; lastKnownFileType = sourcecode.swift; path = "String+Utils.swift"; sourceTree = "<group>"; };
		8E279EEE1E44B82C005AA3F6 /* AppDelegate+Utils.swift */ = {isa = PBXFileReference; fileEncoding = 4; lastKnownFileType = sourcecode.swift; path = "AppDelegate+Utils.swift"; sourceTree = "<group>"; };
		8E3DD1CD20DA81670075548C /* UpgradeService.swift */ = {isa = PBXFileReference; fileEncoding = 4; lastKnownFileType = sourcecode.swift; path = UpgradeService.swift; sourceTree = "<group>"; };
		8E3DD1CF20DA826B0075548C /* SettingsService.swift */ = {isa = PBXFileReference; fileEncoding = 4; lastKnownFileType = sourcecode.swift; path = SettingsService.swift; sourceTree = "<group>"; };
		8E3FFF5821D6CB4200B831B3 /* TheNounProject */ = {isa = PBXFileReference; lastKnownFileType = text; path = TheNounProject; sourceTree = "<group>"; };
		8E428C4E1E4C3A23009CC0A2 /* MemberCell.swift */ = {isa = PBXFileReference; fileEncoding = 4; lastKnownFileType = sourcecode.swift; path = MemberCell.swift; sourceTree = "<group>"; };
		8E428C501E4C3CCD009CC0A2 /* AttendanceCell.swift */ = {isa = PBXFileReference; fileEncoding = 4; lastKnownFileType = sourcecode.swift; path = AttendanceCell.swift; sourceTree = "<group>"; };
		8E428C521E4F4C6B009CC0A2 /* OnsiteSignupViewController.swift */ = {isa = PBXFileReference; fileEncoding = 4; lastKnownFileType = sourcecode.swift; path = OnsiteSignupViewController.swift; sourceTree = "<group>"; };
		8E4BE96320CCCDD200556771 /* rollcall-and-random-dev-export.json */ = {isa = PBXFileReference; fileEncoding = 4; lastKnownFileType = text.json; path = "rollcall-and-random-dev-export.json"; sourceTree = "<group>"; };
		8E4BE96520CCE74300556771 /* MembersTableViewController.swift */ = {isa = PBXFileReference; lastKnownFileType = sourcecode.swift; path = MembersTableViewController.swift; sourceTree = "<group>"; };
		8E6FF0D220D9F5FB008BAC71 /* RAImageView.swift */ = {isa = PBXFileReference; lastKnownFileType = sourcecode.swift; path = RAImageView.swift; sourceTree = "<group>"; };
		8E800D2B1E3E614A0085EC4D /* Members.storyboard */ = {isa = PBXFileReference; fileEncoding = 4; lastKnownFileType = file.storyboard; path = Members.storyboard; sourceTree = "<group>"; };
		8E800D2E1E3E61C10085EC4D /* Events.storyboard */ = {isa = PBXFileReference; fileEncoding = 4; lastKnownFileType = file.storyboard; path = Events.storyboard; sourceTree = "<group>"; };
		8E800D301E3E94770085EC4D /* LoggingService.swift */ = {isa = PBXFileReference; fileEncoding = 4; lastKnownFileType = sourcecode.swift; path = LoggingService.swift; sourceTree = "<group>"; };
		8E9D891E20CB130900AD382F /* EventService.swift */ = {isa = PBXFileReference; fileEncoding = 4; lastKnownFileType = sourcecode.swift; path = EventService.swift; sourceTree = "<group>"; };
		8E9D892220CB17C800AD382F /* FirebaseAPIService.swift */ = {isa = PBXFileReference; fileEncoding = 4; lastKnownFileType = sourcecode.swift; path = FirebaseAPIService.swift; sourceTree = "<group>"; };
		8EA070BE20C342B000EF478F /* FirebaseImageService.swift */ = {isa = PBXFileReference; fileEncoding = 4; lastKnownFileType = sourcecode.swift; path = FirebaseImageService.swift; sourceTree = "<group>"; };
		8EBB0BE626D6233500BAB1A5 /* Configuration.storekit */ = {isa = PBXFileReference; lastKnownFileType = text; path = Configuration.storekit; sourceTree = "<group>"; };
		8EBB0BE726D6248D00BAB1A5 /* StoreKitTestCertificate.cer */ = {isa = PBXFileReference; lastKnownFileType = file; path = StoreKitTestCertificate.cer; sourceTree = "<group>"; };
		8EBB0BEA26D624E700BAB1A5 /* StoreKitManager.swift */ = {isa = PBXFileReference; lastKnownFileType = sourcecode.swift; path = StoreKitManager.swift; sourceTree = "<group>"; };
		8EBB0BEE26D72A7B00BAB1A5 /* subscriptions.plist */ = {isa = PBXFileReference; lastKnownFileType = text.plist.xml; path = subscriptions.plist; sourceTree = "<group>"; };
		8EBB0C2326D736FE00BAB1A5 /* SubscriptionViewController.swift */ = {isa = PBXFileReference; lastKnownFileType = sourcecode.swift; path = SubscriptionViewController.swift; sourceTree = "<group>"; };
		8EC44E0621D33F01008189DA /* Stripe.storyboard */ = {isa = PBXFileReference; lastKnownFileType = file.storyboard; path = Stripe.storyboard; sourceTree = "<group>"; };
		8EC44E0921D33F62008189DA /* StripeViewController.swift */ = {isa = PBXFileReference; lastKnownFileType = sourcecode.swift; path = StripeViewController.swift; sourceTree = "<group>"; };
		8EE005A81E3D83F500272DC0 /* Login.storyboard */ = {isa = PBXFileReference; fileEncoding = 4; lastKnownFileType = file.storyboard; path = Login.storyboard; sourceTree = "<group>"; };
		8EE005AA1E3D844400272DC0 /* Splash.storyboard */ = {isa = PBXFileReference; fileEncoding = 4; lastKnownFileType = file.storyboard; path = Splash.storyboard; sourceTree = "<group>"; };
		8EE005AC1E3D875600272DC0 /* Assets.xcassets */ = {isa = PBXFileReference; lastKnownFileType = folder.assetcatalog; path = Assets.xcassets; sourceTree = "<group>"; };
		8EE005AF1E3D951900272DC0 /* SplashViewController.swift */ = {isa = PBXFileReference; fileEncoding = 4; lastKnownFileType = sourcecode.swift; path = SplashViewController.swift; sourceTree = "<group>"; };
		8EE005B21E3D955200272DC0 /* UIViewController+Utils.swift */ = {isa = PBXFileReference; fileEncoding = 4; lastKnownFileType = sourcecode.swift; name = "UIViewController+Utils.swift"; path = "../UIViewController+Utils.swift"; sourceTree = "<group>"; };
		8EE005B31E3D955200272DC0 /* Constants.swift */ = {isa = PBXFileReference; fileEncoding = 4; lastKnownFileType = sourcecode.swift; path = Constants.swift; sourceTree = "<group>"; };
		8EE005B61E3DA07A00272DC0 /* IntroViewController.swift */ = {isa = PBXFileReference; fileEncoding = 4; lastKnownFileType = sourcecode.swift; path = IntroViewController.swift; sourceTree = "<group>"; };
		8EE005BA1E3DA42200272DC0 /* SettingsViewController.swift */ = {isa = PBXFileReference; fileEncoding = 4; lastKnownFileType = sourcecode.swift; path = SettingsViewController.swift; sourceTree = "<group>"; };
		8EE5514D1E3E60FD001FB0C4 /* ConfigurableNavigationController.swift */ = {isa = PBXFileReference; fileEncoding = 4; lastKnownFileType = sourcecode.swift; name = ConfigurableNavigationController.swift; path = ../ConfigurableNavigationController.swift; sourceTree = "<group>"; };
		9E156177199269B500A31398 /* icon-tkd-helmet@2x.png */ = {isa = PBXFileReference; lastKnownFileType = image.png; path = "icon-tkd-helmet@2x.png"; sourceTree = "<group>"; };
		9E156179199269C300A31398 /* icon-tkd-paddle@2x.png */ = {isa = PBXFileReference; lastKnownFileType = image.png; path = "icon-tkd-paddle@2x.png"; sourceTree = "<group>"; };
		9E649FDA19B6040A00334B34 /* icon29.png */ = {isa = PBXFileReference; lastKnownFileType = image.png; path = icon29.png; sourceTree = "<group>"; };
		9E649FDB19B6040A00334B34 /* icon57.png */ = {isa = PBXFileReference; lastKnownFileType = image.png; path = icon57.png; sourceTree = "<group>"; };
		9E649FDC19B6040A00334B34 /* icon58.png */ = {isa = PBXFileReference; lastKnownFileType = image.png; path = icon58.png; sourceTree = "<group>"; };
		9E649FDD19B6040A00334B34 /* icon80.png */ = {isa = PBXFileReference; lastKnownFileType = image.png; path = icon80.png; sourceTree = "<group>"; };
		9E649FDE19B6040A00334B34 /* icon114.png */ = {isa = PBXFileReference; lastKnownFileType = image.png; path = icon114.png; sourceTree = "<group>"; };
		9E649FDF19B6040A00334B34 /* icon120.png */ = {isa = PBXFileReference; lastKnownFileType = image.png; path = icon120.png; sourceTree = "<group>"; };
		9E649FE619B606A800334B34 /* TutorialScrollView.h */ = {isa = PBXFileReference; fileEncoding = 4; lastKnownFileType = sourcecode.c.h; path = TutorialScrollView.h; sourceTree = "<group>"; };
		9E649FE719B606A800334B34 /* TutorialScrollView.m */ = {isa = PBXFileReference; fileEncoding = 4; lastKnownFileType = sourcecode.c.objc; path = TutorialScrollView.m; sourceTree = "<group>"; };
		9E649FEA19B608EC00334B34 /* IntroTutorial0.xib */ = {isa = PBXFileReference; fileEncoding = 4; lastKnownFileType = file.xib; path = IntroTutorial0.xib; sourceTree = "<group>"; };
		9E649FEC19B609C400334B34 /* IntroTutorial1.xib */ = {isa = PBXFileReference; fileEncoding = 4; lastKnownFileType = file.xib; path = IntroTutorial1.xib; sourceTree = "<group>"; };
		9E649FEE19B60EEC00334B34 /* IntroTutorial2.xib */ = {isa = PBXFileReference; fileEncoding = 4; lastKnownFileType = file.xib; path = IntroTutorial2.xib; sourceTree = "<group>"; };
		9E649FF019B60F1D00334B34 /* IntroTutorial3.xib */ = {isa = PBXFileReference; fileEncoding = 4; lastKnownFileType = file.xib; path = IntroTutorial3.xib; sourceTree = "<group>"; };
		9E80084D16196883003E9B16 /* RollCall.app */ = {isa = PBXFileReference; explicitFileType = wrapper.application; includeInIndex = 0; path = RollCall.app; sourceTree = BUILT_PRODUCTS_DIR; };
		9E80085116196883003E9B16 /* UIKit.framework */ = {isa = PBXFileReference; lastKnownFileType = wrapper.framework; name = UIKit.framework; path = System/Library/Frameworks/UIKit.framework; sourceTree = SDKROOT; };
		9E80085316196883003E9B16 /* Foundation.framework */ = {isa = PBXFileReference; lastKnownFileType = wrapper.framework; name = Foundation.framework; path = System/Library/Frameworks/Foundation.framework; sourceTree = SDKROOT; };
		9E80085516196883003E9B16 /* CoreGraphics.framework */ = {isa = PBXFileReference; lastKnownFileType = wrapper.framework; name = CoreGraphics.framework; path = System/Library/Frameworks/CoreGraphics.framework; sourceTree = SDKROOT; };
		9E80085916196883003E9B16 /* rollcall-Info.plist */ = {isa = PBXFileReference; lastKnownFileType = text.plist.xml; path = "rollcall-Info.plist"; sourceTree = "<group>"; };
		9E80085B16196883003E9B16 /* en */ = {isa = PBXFileReference; lastKnownFileType = text.plist.strings; name = en; path = en.lproj/InfoPlist.strings; sourceTree = "<group>"; };
		9E80085D16196883003E9B16 /* main.m */ = {isa = PBXFileReference; lastKnownFileType = sourcecode.c.objc; path = main.m; sourceTree = "<group>"; };
		9E80085F16196883003E9B16 /* rollcall-Prefix.pch */ = {isa = PBXFileReference; lastKnownFileType = sourcecode.c.h; path = "rollcall-Prefix.pch"; sourceTree = "<group>"; };
		9E80086016196883003E9B16 /* AppDelegate.h */ = {isa = PBXFileReference; lastKnownFileType = sourcecode.c.h; path = AppDelegate.h; sourceTree = "<group>"; };
		9E80086116196883003E9B16 /* AppDelegate.m */ = {isa = PBXFileReference; lastKnownFileType = sourcecode.c.objc; path = AppDelegate.m; sourceTree = "<group>"; };
		9E828A4216196B47009A6C44 /* AudioToolbox.framework */ = {isa = PBXFileReference; lastKnownFileType = wrapper.framework; name = AudioToolbox.framework; path = System/Library/Frameworks/AudioToolbox.framework; sourceTree = SDKROOT; };
		9E828A4416196B4A009A6C44 /* Accounts.framework */ = {isa = PBXFileReference; lastKnownFileType = wrapper.framework; name = Accounts.framework; path = System/Library/Frameworks/Accounts.framework; sourceTree = SDKROOT; };
		9E828A4816196B52009A6C44 /* CFNetwork.framework */ = {isa = PBXFileReference; lastKnownFileType = wrapper.framework; name = CFNetwork.framework; path = System/Library/Frameworks/CFNetwork.framework; sourceTree = SDKROOT; };
		9E828A4A16196B5B009A6C44 /* libsqlite3.dylib */ = {isa = PBXFileReference; lastKnownFileType = "compiled.mach-o.dylib"; name = libsqlite3.dylib; path = usr/lib/libsqlite3.dylib; sourceTree = SDKROOT; };
		9E828A4C16196B60009A6C44 /* libz.1.1.3.dylib */ = {isa = PBXFileReference; lastKnownFileType = "compiled.mach-o.dylib"; name = libz.1.1.3.dylib; path = usr/lib/libz.1.1.3.dylib; sourceTree = SDKROOT; };
		9E828A4E16196B67009A6C44 /* MobileCoreServices.framework */ = {isa = PBXFileReference; lastKnownFileType = wrapper.framework; name = MobileCoreServices.framework; path = System/Library/Frameworks/MobileCoreServices.framework; sourceTree = SDKROOT; };
		9E828A5016196B6B009A6C44 /* QuartzCore.framework */ = {isa = PBXFileReference; lastKnownFileType = wrapper.framework; name = QuartzCore.framework; path = System/Library/Frameworks/QuartzCore.framework; sourceTree = SDKROOT; };
		9E828A5216196B6F009A6C44 /* Security.framework */ = {isa = PBXFileReference; lastKnownFileType = wrapper.framework; name = Security.framework; path = System/Library/Frameworks/Security.framework; sourceTree = SDKROOT; };
		9E828A5816196B7C009A6C44 /* SystemConfiguration.framework */ = {isa = PBXFileReference; lastKnownFileType = wrapper.framework; name = SystemConfiguration.framework; path = System/Library/Frameworks/SystemConfiguration.framework; sourceTree = SDKROOT; };
		9E98DB4619B2E421006D81FC /* icon-calendar@2x.png */ = {isa = PBXFileReference; lastKnownFileType = image.png; path = "icon-calendar@2x.png"; sourceTree = "<group>"; };
		9E98DB4719B2E421006D81FC /* icon-users@2x.png */ = {isa = PBXFileReference; lastKnownFileType = image.png; path = "icon-users@2x.png"; sourceTree = "<group>"; };
		9E98DB4D19B2EA5B006D81FC /* checked@2x.png */ = {isa = PBXFileReference; lastKnownFileType = image.png; path = "checked@2x.png"; sourceTree = "<group>"; };
		9E98DB4E19B2EA5B006D81FC /* unchecked@2x.png */ = {isa = PBXFileReference; lastKnownFileType = image.png; path = "unchecked@2x.png"; sourceTree = "<group>"; };
		9EA0995219B0FCBA007BC1FD /* MessageUI.framework */ = {isa = PBXFileReference; lastKnownFileType = wrapper.framework; name = MessageUI.framework; path = System/Library/Frameworks/MessageUI.framework; sourceTree = SDKROOT; };
		9EC0F50719A4CEFF003441AC /* Social.framework */ = {isa = PBXFileReference; lastKnownFileType = wrapper.framework; name = Social.framework; path = System/Library/Frameworks/Social.framework; sourceTree = SDKROOT; };
		9EC0F50919A4D05F003441AC /* FacebookSDK.framework */ = {isa = PBXFileReference; lastKnownFileType = wrapper.framework; path = FacebookSDK.framework; sourceTree = "<group>"; };
		9EC5F2FC1936D2410056140F /* MKBlockAdditions.h */ = {isa = PBXFileReference; fileEncoding = 4; lastKnownFileType = sourcecode.c.h; path = MKBlockAdditions.h; sourceTree = "<group>"; };
		9EC5F2FD1936D2410056140F /* NSObject+MKBlockAdditions.h */ = {isa = PBXFileReference; fileEncoding = 4; lastKnownFileType = sourcecode.c.h; path = "NSObject+MKBlockAdditions.h"; sourceTree = "<group>"; };
		9EC5F2FE1936D2410056140F /* NSObject+MKBlockAdditions.m */ = {isa = PBXFileReference; fileEncoding = 4; lastKnownFileType = sourcecode.c.objc; path = "NSObject+MKBlockAdditions.m"; sourceTree = "<group>"; };
		9EC5F2FF1936D2410056140F /* UIActionSheet+MKBlockAdditions.h */ = {isa = PBXFileReference; fileEncoding = 4; lastKnownFileType = sourcecode.c.h; path = "UIActionSheet+MKBlockAdditions.h"; sourceTree = "<group>"; };
		9EC5F3001936D2410056140F /* UIActionSheet+MKBlockAdditions.m */ = {isa = PBXFileReference; fileEncoding = 4; lastKnownFileType = sourcecode.c.objc; path = "UIActionSheet+MKBlockAdditions.m"; sourceTree = "<group>"; };
		9EC5F3011936D2410056140F /* UIAlertView+MKBlockAdditions.h */ = {isa = PBXFileReference; fileEncoding = 4; lastKnownFileType = sourcecode.c.h; path = "UIAlertView+MKBlockAdditions.h"; sourceTree = "<group>"; };
		9EC5F3021936D2410056140F /* UIAlertView+MKBlockAdditions.m */ = {isa = PBXFileReference; fileEncoding = 4; lastKnownFileType = sourcecode.c.objc; path = "UIAlertView+MKBlockAdditions.m"; sourceTree = "<group>"; };
		9EC5F3071936D2410056140F /* NSObject+Notify.h */ = {isa = PBXFileReference; fileEncoding = 4; lastKnownFileType = sourcecode.c.h; path = "NSObject+Notify.h"; sourceTree = "<group>"; };
		9EC5F3081936D2410056140F /* NSObject+Notify.m */ = {isa = PBXFileReference; fileEncoding = 4; lastKnownFileType = sourcecode.c.objc; path = "NSObject+Notify.m"; sourceTree = "<group>"; };
		9EC5F30B1936D2410056140F /* UIImage+Alpha.h */ = {isa = PBXFileReference; fileEncoding = 4; lastKnownFileType = sourcecode.c.h; path = "UIImage+Alpha.h"; sourceTree = "<group>"; };
		9EC5F30C1936D2410056140F /* UIImage+Alpha.m */ = {isa = PBXFileReference; fileEncoding = 4; lastKnownFileType = sourcecode.c.objc; path = "UIImage+Alpha.m"; sourceTree = "<group>"; };
		9EC5F30D1936D2410056140F /* UIImage+Resize.h */ = {isa = PBXFileReference; fileEncoding = 4; lastKnownFileType = sourcecode.c.h; path = "UIImage+Resize.h"; sourceTree = "<group>"; };
		9EC5F30E1936D2410056140F /* UIImage+Resize.m */ = {isa = PBXFileReference; fileEncoding = 4; lastKnownFileType = sourcecode.c.objc; path = "UIImage+Resize.m"; sourceTree = "<group>"; };
		9EC5F30F1936D2410056140F /* UIImage+RoundedCorner.h */ = {isa = PBXFileReference; fileEncoding = 4; lastKnownFileType = sourcecode.c.h; path = "UIImage+RoundedCorner.h"; sourceTree = "<group>"; };
		9EC5F3101936D2410056140F /* UIImage+RoundedCorner.m */ = {isa = PBXFileReference; fileEncoding = 4; lastKnownFileType = sourcecode.c.objc; path = "UIImage+RoundedCorner.m"; sourceTree = "<group>"; };
		9EC5F3111936D2410056140F /* Util.h */ = {isa = PBXFileReference; fileEncoding = 4; lastKnownFileType = sourcecode.c.h; path = Util.h; sourceTree = "<group>"; };
		9EC5F3121936D2410056140F /* Util.m */ = {isa = PBXFileReference; fileEncoding = 4; lastKnownFileType = sourcecode.c.objc; path = Util.m; sourceTree = "<group>"; };
		9EC5F33A1936DCA50056140F /* CoreData.framework */ = {isa = PBXFileReference; lastKnownFileType = wrapper.framework; name = CoreData.framework; path = System/Library/Frameworks/CoreData.framework; sourceTree = SDKROOT; };
		9EC5F33C1936DD000056140F /* CoreLocation.framework */ = {isa = PBXFileReference; lastKnownFileType = wrapper.framework; name = CoreLocation.framework; path = System/Library/Frameworks/CoreLocation.framework; sourceTree = SDKROOT; };
		AC3178CA1B409ADA00668B98 /* star@2x.png */ = {isa = PBXFileReference; lastKnownFileType = image.png; path = "star@2x.png"; sourceTree = "<group>"; };
		AC8EF0E51C265A330029EBAE /* cwsfroster-Bridging-Header.h */ = {isa = PBXFileReference; lastKnownFileType = sourcecode.c.h; path = "cwsfroster-Bridging-Header.h"; sourceTree = "<group>"; };
		AC950F131B371EAA005C3998 /* libc++.dylib */ = {isa = PBXFileReference; lastKnownFileType = "compiled.mach-o.dylib"; name = "libc++.dylib"; path = "usr/lib/libc++.dylib"; sourceTree = SDKROOT; };
		AC950F141B371EAA005C3998 /* libz.dylib */ = {isa = PBXFileReference; lastKnownFileType = "compiled.mach-o.dylib"; name = libz.dylib; path = usr/lib/libz.dylib; sourceTree = SDKROOT; };
		ACF58F8E1C266A0B0087EE70 /* add_user.png */ = {isa = PBXFileReference; lastKnownFileType = image.png; path = add_user.png; sourceTree = "<group>"; };
		C645B8FF1E5A7D040001A119 /* RandomDrawingViewController.swift */ = {isa = PBXFileReference; fileEncoding = 4; lastKnownFileType = sourcecode.swift; path = RandomDrawingViewController.swift; sourceTree = "<group>"; };
		C68338F020A3FFE500080BCE /* GoogleService-Info.plist */ = {isa = PBXFileReference; fileEncoding = 4; lastKnownFileType = text.plist.xml; path = "GoogleService-Info.plist"; sourceTree = "<group>"; };
		C68338F220A401DD00080BCE /* GoogleService-Info-dev.plist */ = {isa = PBXFileReference; fileEncoding = 4; lastKnownFileType = text.plist.xml; path = "GoogleService-Info-dev.plist"; sourceTree = "<group>"; };
		C68338F420A42AEB00080BCE /* FirebaseBaseModel.swift */ = {isa = PBXFileReference; fileEncoding = 4; lastKnownFileType = sourcecode.swift; path = FirebaseBaseModel.swift; sourceTree = "<group>"; };
		C68338F520A42AEC00080BCE /* FirebaseMember.swift */ = {isa = PBXFileReference; fileEncoding = 4; lastKnownFileType = sourcecode.swift; path = FirebaseMember.swift; sourceTree = "<group>"; };
		C68338F620A42AEC00080BCE /* FirebaseOrganization.swift */ = {isa = PBXFileReference; fileEncoding = 4; lastKnownFileType = sourcecode.swift; path = FirebaseOrganization.swift; sourceTree = "<group>"; };
		C68338F720A42AEC00080BCE /* FirebaseEvent.swift */ = {isa = PBXFileReference; fileEncoding = 4; lastKnownFileType = sourcecode.swift; path = FirebaseEvent.swift; sourceTree = "<group>"; };
		C68338FD20A42BFD00080BCE /* FirebaseAttendance.swift */ = {isa = PBXFileReference; fileEncoding = 4; lastKnownFileType = sourcecode.swift; path = FirebaseAttendance.swift; sourceTree = "<group>"; };
		C6D9631120C2181900317C0C /* OrganizationService.swift */ = {isa = PBXFileReference; lastKnownFileType = sourcecode.swift; path = OrganizationService.swift; sourceTree = "<group>"; };
		C6D9631320C21CA700317C0C /* ShellViewController.swift */ = {isa = PBXFileReference; lastKnownFileType = sourcecode.swift; path = ShellViewController.swift; sourceTree = "<group>"; };
		CC1B0653011D1ABC9965C2DF /* Pods.framework */ = {isa = PBXFileReference; explicitFileType = wrapper.framework; includeInIndex = 0; path = Pods.framework; sourceTree = BUILT_PRODUCTS_DIR; };
		DAC80517595162FDD7B92501 /* Pods-rollcall.debug.xcconfig */ = {isa = PBXFileReference; includeInIndex = 1; lastKnownFileType = text.xcconfig; name = "Pods-rollcall.debug.xcconfig"; path = "Pods/Target Support Files/Pods-rollcall/Pods-rollcall.debug.xcconfig"; sourceTree = "<group>"; };
/* End PBXFileReference section */

/* Begin PBXFrameworksBuildPhase section */
		9E80084A16196883003E9B16 /* Frameworks */ = {
			isa = PBXFrameworksBuildPhase;
			buildActionMask = 2147483647;
			files = (
				9EA0995319B0FCBA007BC1FD /* MessageUI.framework in Frameworks */,
				9EC0F50819A4CEFF003441AC /* Social.framework in Frameworks */,
				9EC5F33D1936DD000056140F /* CoreLocation.framework in Frameworks */,
				9EC5F33B1936DCA50056140F /* CoreData.framework in Frameworks */,
				9E80085216196883003E9B16 /* UIKit.framework in Frameworks */,
				9E80085416196883003E9B16 /* Foundation.framework in Frameworks */,
				9E80085616196883003E9B16 /* CoreGraphics.framework in Frameworks */,
				9E828A5A16196B8D009A6C44 /* SystemConfiguration.framework in Frameworks */,
				AC950F181B371EAA005C3998 /* libz.dylib in Frameworks */,
				9E828A5D16196B8D009A6C44 /* Security.framework in Frameworks */,
				9E828A5E16196B8D009A6C44 /* QuartzCore.framework in Frameworks */,
				AC950F171B371EAA005C3998 /* libc++.dylib in Frameworks */,
				9E828A5F16196B8D009A6C44 /* MobileCoreServices.framework in Frameworks */,
				9E828A6016196B8D009A6C44 /* libz.1.1.3.dylib in Frameworks */,
				9E828A6116196B8D009A6C44 /* libsqlite3.dylib in Frameworks */,
				9E828A6216196B8D009A6C44 /* CFNetwork.framework in Frameworks */,
				9E828A6416196B8D009A6C44 /* Accounts.framework in Frameworks */,
				9E828A6516196B8D009A6C44 /* AudioToolbox.framework in Frameworks */,
				7CDA9BF40B40D18B6E676602 /* Pods_rollcall.framework in Frameworks */,
			);
			runOnlyForDeploymentPostprocessing = 0;
		};
/* End PBXFrameworksBuildPhase section */

/* Begin PBXGroup section */
		8E09584321ACE0960037DA17 /* Feedback */ = {
			isa = PBXGroup;
			children = (
				8E09584421ACE0B20037DA17 /* FeedbackViewController.swift */,
			);
			name = Feedback;
			sourceTree = "<group>";
		};
		8E1D993520B20C86005E4186 /* Services */ = {
			isa = PBXGroup;
			children = (
				8E3DD1CF20DA826B0075548C /* SettingsService.swift */,
				8E3DD1CD20DA81670075548C /* UpgradeService.swift */,
				8E1D993320B20C78005E4186 /* AuthService.swift */,
				C6D9631120C2181900317C0C /* OrganizationService.swift */,
				8EA070BE20C342B000EF478F /* FirebaseImageService.swift */,
				8E9D891E20CB130900AD382F /* EventService.swift */,
				8E9D892220CB17C800AD382F /* FirebaseAPIService.swift */,
				8E800D301E3E94770085EC4D /* LoggingService.swift */,
			);
			name = Services;
			sourceTree = "<group>";
		};
		8E1F63F71E46D852004E8723 /* Models */ = {
			isa = PBXGroup;
			children = (
				C68338F420A42AEB00080BCE /* FirebaseBaseModel.swift */,
				C68338F620A42AEC00080BCE /* FirebaseOrganization.swift */,
				C68338F520A42AEC00080BCE /* FirebaseMember.swift */,
				C68338F720A42AEC00080BCE /* FirebaseEvent.swift */,
				C68338FD20A42BFD00080BCE /* FirebaseAttendance.swift */,
			);
			name = Models;
			sourceTree = "<group>";
		};
		8EC44E0821D33F48008189DA /* Payments */ = {
			isa = PBXGroup;
			children = (
				8EC44E0921D33F62008189DA /* StripeViewController.swift */,
			);
			name = Payments;
			sourceTree = "<group>";
		};
		8EE005A41E3D833E00272DC0 /* Storyboards */ = {
			isa = PBXGroup;
			children = (
				8EE005A81E3D83F500272DC0 /* Login.storyboard */,
				8EE005AA1E3D844400272DC0 /* Splash.storyboard */,
				8E800D2B1E3E614A0085EC4D /* Members.storyboard */,
				8E800D2E1E3E61C10085EC4D /* Events.storyboard */,
				8E09574021ACE00D0037DA17 /* Feedback.storyboard */,
				8EC44E0621D33F01008189DA /* Stripe.storyboard */,
			);
			name = Storyboards;
			sourceTree = "<group>";
		};
		8EE005AE1E3D94FE00272DC0 /* Splash */ = {
			isa = PBXGroup;
			children = (
				8EE005AF1E3D951900272DC0 /* SplashViewController.swift */,
			);
			name = Splash;
			sourceTree = "<group>";
		};
		8EE5514F1E3E6117001FB0C4 /* Members */ = {
			isa = PBXGroup;
			children = (
				8E1F63EF1E46CCC2004E8723 /* MemberInfoViewController.swift */,
				8E428C4E1E4C3A23009CC0A2 /* MemberCell.swift */,
				8E4BE96520CCE74300556771 /* MembersTableViewController.swift */,
				8E18B0932106A79D00E02558 /* AddMembersViewController.swift */,
				8E18B0952106AAB300E02558 /* MemberNameInputCell.swift */,
				8E1BC50C2106CF40004192F3 /* ContactsViewController.swift */,
				8E1BC50E2106D9F1004192F3 /* ContactCell.swift */,
			);
			name = Members;
			sourceTree = "<group>";
		};
		8EE551501E3E611D001FB0C4 /* Events */ = {
			isa = PBXGroup;
			children = (
				8E1F64021E478627004E8723 /* EventsListViewController.swift */,
				8E1F64001E47816F004E8723 /* EventEditViewController.swift */,
				8E1F64041E47B85B004E8723 /* AttendanceTableViewController.swift */,
				8E428C501E4C3CCD009CC0A2 /* AttendanceCell.swift */,
				8E428C521E4F4C6B009CC0A2 /* OnsiteSignupViewController.swift */,
			);
			name = Events;
			sourceTree = "<group>";
		};
		9E15616F1992661200A31398 /* Images */ = {
			isa = PBXGroup;
			children = (
				ACF58F8E1C266A0B0087EE70 /* add_user.png */,
				AC3178CA1B409ADA00668B98 /* star@2x.png */,
				9E649FDA19B6040A00334B34 /* icon29.png */,
				9E649FDB19B6040A00334B34 /* icon57.png */,
				9E649FDC19B6040A00334B34 /* icon58.png */,
				9E649FDD19B6040A00334B34 /* icon80.png */,
				9E649FDE19B6040A00334B34 /* icon114.png */,
				9E649FDF19B6040A00334B34 /* icon120.png */,
				9E98DB4D19B2EA5B006D81FC /* checked@2x.png */,
				9E98DB4E19B2EA5B006D81FC /* unchecked@2x.png */,
				9E156177199269B500A31398 /* icon-tkd-helmet@2x.png */,
				9E156179199269C300A31398 /* icon-tkd-paddle@2x.png */,
				9E98DB4619B2E421006D81FC /* icon-calendar@2x.png */,
				9E98DB4719B2E421006D81FC /* icon-users@2x.png */,
			);
			path = Images;
			sourceTree = "<group>";
		};
		9E649FE919B608C300334B34 /* Tutorials */ = {
			isa = PBXGroup;
			children = (
				9E649FE619B606A800334B34 /* TutorialScrollView.h */,
				9E649FE719B606A800334B34 /* TutorialScrollView.m */,
				9E649FEA19B608EC00334B34 /* IntroTutorial0.xib */,
				9E649FEC19B609C400334B34 /* IntroTutorial1.xib */,
				9E649FEE19B60EEC00334B34 /* IntroTutorial2.xib */,
				9E649FF019B60F1D00334B34 /* IntroTutorial3.xib */,
			);
			name = Tutorials;
			sourceTree = "<group>";
		};
		9E80084216196883003E9B16 = {
			isa = PBXGroup;
			children = (
				9E80085716196883003E9B16 /* cwsfroster */,
				9E80085016196883003E9B16 /* Frameworks */,
				9E80084E16196883003E9B16 /* Products */,
				9F64229EE2D42E2F7D0777F5 /* Pods */,
			);
			sourceTree = "<group>";
		};
		9E80084E16196883003E9B16 /* Products */ = {
			isa = PBXGroup;
			children = (
				9E80084D16196883003E9B16 /* RollCall.app */,
			);
			name = Products;
			sourceTree = "<group>";
		};
		9E80085016196883003E9B16 /* Frameworks */ = {
			isa = PBXGroup;
			children = (
				AC950F131B371EAA005C3998 /* libc++.dylib */,
				AC950F141B371EAA005C3998 /* libz.dylib */,
				9EA0995219B0FCBA007BC1FD /* MessageUI.framework */,
				9EC0F50919A4D05F003441AC /* FacebookSDK.framework */,
				9EC0F50719A4CEFF003441AC /* Social.framework */,
				9EC5F33C1936DD000056140F /* CoreLocation.framework */,
				9EC5F33A1936DCA50056140F /* CoreData.framework */,
				9E828A5816196B7C009A6C44 /* SystemConfiguration.framework */,
				9E828A5216196B6F009A6C44 /* Security.framework */,
				9E828A5016196B6B009A6C44 /* QuartzCore.framework */,
				9E828A4E16196B67009A6C44 /* MobileCoreServices.framework */,
				9E828A4C16196B60009A6C44 /* libz.1.1.3.dylib */,
				9E828A4A16196B5B009A6C44 /* libsqlite3.dylib */,
				9E828A4816196B52009A6C44 /* CFNetwork.framework */,
				9E828A4416196B4A009A6C44 /* Accounts.framework */,
				9E828A4216196B47009A6C44 /* AudioToolbox.framework */,
				9E80085116196883003E9B16 /* UIKit.framework */,
				9E80085316196883003E9B16 /* Foundation.framework */,
				9E80085516196883003E9B16 /* CoreGraphics.framework */,
				CC1B0653011D1ABC9965C2DF /* Pods.framework */,
				3DEBB361C23414764499094E /* Pods_rollcall.framework */,
			);
			name = Frameworks;
			sourceTree = "<group>";
		};
		9E80085716196883003E9B16 /* cwsfroster */ = {
			isa = PBXGroup;
			children = (
				8E4BE96320CCCDD200556771 /* rollcall-and-random-dev-export.json */,
				8E08531D20CC5A86002A0CC4 /* FirebaseOfflineParser.swift */,
				8EBB0BEA26D624E700BAB1A5 /* StoreKitManager.swift */,
				8EBB0C2326D736FE00BAB1A5 /* SubscriptionViewController.swift */,
				8E1D993520B20C86005E4186 /* Services */,
				9EC5F2F61936D2410056140F /* Utils */,
				9E80086016196883003E9B16 /* AppDelegate.h */,
				9E80086116196883003E9B16 /* AppDelegate.m */,
				8E279EEE1E44B82C005AA3F6 /* AppDelegate+Utils.swift */,
				8EE005B31E3D955200272DC0 /* Constants.swift */,
				C68338F020A3FFE500080BCE /* GoogleService-Info.plist */,
				C68338F220A401DD00080BCE /* GoogleService-Info-dev.plist */,
				8E1F63F71E46D852004E8723 /* Models */,
				9E80085816196883003E9B16 /* Supporting Files */,
				8EE005A41E3D833E00272DC0 /* Storyboards */,
				8EE005AE1E3D94FE00272DC0 /* Splash */,
				8EE5514F1E3E6117001FB0C4 /* Members */,
				8EE551501E3E611D001FB0C4 /* Events */,
				C645B8FC1E5A7CE50001A119 /* Random Drawing */,
				8EE005B61E3DA07A00272DC0 /* IntroViewController.swift */,
				8E09584321ACE0960037DA17 /* Feedback */,
				8EC44E0821D33F48008189DA /* Payments */,
				C6D9631320C21CA700317C0C /* ShellViewController.swift */,
				8EE005BA1E3DA42200272DC0 /* SettingsViewController.swift */,
				9E649FE919B608C300334B34 /* Tutorials */,
				8EBB0BE626D6233500BAB1A5 /* Configuration.storekit */,
				8EBB0BE726D6248D00BAB1A5 /* StoreKitTestCertificate.cer */,
				8EBB0BEE26D72A7B00BAB1A5 /* subscriptions.plist */,
			);
			path = cwsfroster;
			sourceTree = "<group>";
		};
		9E80085816196883003E9B16 /* Supporting Files */ = {
			isa = PBXGroup;
			children = (
				9E15616F1992661200A31398 /* Images */,
				9E80085916196883003E9B16 /* rollcall-Info.plist */,
				9E80085A16196883003E9B16 /* InfoPlist.strings */,
				9E80085D16196883003E9B16 /* main.m */,
				9E80085F16196883003E9B16 /* rollcall-Prefix.pch */,
				AC8EF0E51C265A330029EBAE /* cwsfroster-Bridging-Header.h */,
				8EE005AC1E3D875600272DC0 /* Assets.xcassets */,
				8E3FFF5821D6CB4200B831B3 /* TheNounProject */,
			);
			name = "Supporting Files";
			sourceTree = "<group>";
		};
		9EC5F2F61936D2410056140F /* Utils */ = {
			isa = PBXGroup;
			children = (
				8E1D992F20B1A84B005E4186 /* Date+Utils.swift */,
				9EC5F2FB1936D2410056140F /* MKAdditions */,
				9EC5F3071936D2410056140F /* NSObject+Notify.h */,
				9EC5F3081936D2410056140F /* NSObject+Notify.m */,
				9EC5F30B1936D2410056140F /* UIImage+Alpha.h */,
				9EC5F30C1936D2410056140F /* UIImage+Alpha.m */,
				9EC5F30D1936D2410056140F /* UIImage+Resize.h */,
				9EC5F30E1936D2410056140F /* UIImage+Resize.m */,
				9EC5F30F1936D2410056140F /* UIImage+RoundedCorner.h */,
				9EC5F3101936D2410056140F /* UIImage+RoundedCorner.m */,
				9EC5F3111936D2410056140F /* Util.h */,
				9EC5F3121936D2410056140F /* Util.m */,
				8EE005B21E3D955200272DC0 /* UIViewController+Utils.swift */,
				8E1F64061E4A03D3004E8723 /* String+Utils.swift */,
				8EE5514D1E3E60FD001FB0C4 /* ConfigurableNavigationController.swift */,
				8E6FF0D220D9F5FB008BAC71 /* RAImageView.swift */,
			);
			path = Utils;
			sourceTree = "<group>";
		};
		9EC5F2FB1936D2410056140F /* MKAdditions */ = {
			isa = PBXGroup;
			children = (
				9EC5F2FC1936D2410056140F /* MKBlockAdditions.h */,
				9EC5F2FD1936D2410056140F /* NSObject+MKBlockAdditions.h */,
				9EC5F2FE1936D2410056140F /* NSObject+MKBlockAdditions.m */,
				9EC5F2FF1936D2410056140F /* UIActionSheet+MKBlockAdditions.h */,
				9EC5F3001936D2410056140F /* UIActionSheet+MKBlockAdditions.m */,
				9EC5F3011936D2410056140F /* UIAlertView+MKBlockAdditions.h */,
				9EC5F3021936D2410056140F /* UIAlertView+MKBlockAdditions.m */,
			);
			path = MKAdditions;
			sourceTree = "<group>";
		};
		9F64229EE2D42E2F7D0777F5 /* Pods */ = {
			isa = PBXGroup;
			children = (
				DAC80517595162FDD7B92501 /* Pods-rollcall.debug.xcconfig */,
				069FC515249129F2CAA291A6 /* Pods-rollcall.release.xcconfig */,
			);
			name = Pods;
			sourceTree = "<group>";
		};
		C645B8FC1E5A7CE50001A119 /* Random Drawing */ = {
			isa = PBXGroup;
			children = (
				C645B8FF1E5A7D040001A119 /* RandomDrawingViewController.swift */,
			);
			name = "Random Drawing";
			sourceTree = "<group>";
		};
/* End PBXGroup section */

/* Begin PBXNativeTarget section */
		9E80084C16196883003E9B16 /* rollcall */ = {
			isa = PBXNativeTarget;
			buildConfigurationList = 9E80086B16196884003E9B16 /* Build configuration list for PBXNativeTarget "rollcall" */;
			buildPhases = (
				C5D657EAED251ECCDE6FB719 /* [CP] Check Pods Manifest.lock */,
				9E80084916196883003E9B16 /* Sources */,
				9E80084A16196883003E9B16 /* Frameworks */,
				9E80084B16196883003E9B16 /* Resources */,
				9E9F19BD19AF81A400DE3F27 /* ShellScript */,
				FB5E515399E86F07FCB3C8CB /* [CP] Embed Pods Frameworks */,
			);
			buildRules = (
			);
			dependencies = (
			);
			name = rollcall;
			productName = cwsfroster;
			productReference = 9E80084D16196883003E9B16 /* RollCall.app */;
			productType = "com.apple.product-type.application";
		};
/* End PBXNativeTarget section */

/* Begin PBXProject section */
		9E80084416196883003E9B16 /* Project object */ = {
			isa = PBXProject;
			attributes = {
				LastSwiftUpdateCheck = 0720;
				LastUpgradeCheck = 1240;
				ORGANIZATIONNAME = "Bobby Ren";
				TargetAttributes = {
					9E80084C16196883003E9B16 = {
						DevelopmentTeam = H799H8B8DD;
						LastSwiftMigration = 1240;
						ProvisioningStyle = Automatic;
						SystemCapabilities = {
							com.apple.InAppPurchase = {
								enabled = 0;
							};
						};
					};
				};
			};
			buildConfigurationList = 9E80084716196883003E9B16 /* Build configuration list for PBXProject "rollcall" */;
			compatibilityVersion = "Xcode 3.2";
			developmentRegion = en;
			hasScannedForEncodings = 0;
			knownRegions = (
				en,
				Base,
			);
			mainGroup = 9E80084216196883003E9B16;
			productRefGroup = 9E80084E16196883003E9B16 /* Products */;
			projectDirPath = "";
			projectRoot = "";
			targets = (
				9E80084C16196883003E9B16 /* rollcall */,
			);
		};
/* End PBXProject section */

/* Begin PBXResourcesBuildPhase section */
		9E80084B16196883003E9B16 /* Resources */ = {
			isa = PBXResourcesBuildPhase;
			buildActionMask = 2147483647;
			files = (
				9E649FED19B609C400334B34 /* IntroTutorial1.xib in Resources */,
				9E649FE419B6040A00334B34 /* icon114.png in Resources */,
				8EC44E0721D33F01008189DA /* Stripe.storyboard in Resources */,
				9E649FEB19B608EC00334B34 /* IntroTutorial0.xib in Resources */,
				9E15617A199269C300A31398 /* icon-tkd-paddle@2x.png in Resources */,
				8EBB0BEF26D72A7B00BAB1A5 /* subscriptions.plist in Resources */,
				9E80085C16196883003E9B16 /* InfoPlist.strings in Resources */,
				8E3FFF5921D6CB4200B831B3 /* TheNounProject in Resources */,
				C68338F320A401DD00080BCE /* GoogleService-Info-dev.plist in Resources */,
				9E649FEF19B60EEC00334B34 /* IntroTutorial2.xib in Resources */,
				9E98DB5019B2EA5B006D81FC /* unchecked@2x.png in Resources */,
				8EE005A91E3D83F500272DC0 /* Login.storyboard in Resources */,
				9E98DB4819B2E421006D81FC /* icon-calendar@2x.png in Resources */,
				9E98DB4F19B2EA5B006D81FC /* checked@2x.png in Resources */,
				8EE005AD1E3D875600272DC0 /* Assets.xcassets in Resources */,
				9E649FE519B6040A00334B34 /* icon120.png in Resources */,
				C68338F120A3FFE500080BCE /* GoogleService-Info.plist in Resources */,
				8E800D2C1E3E614A0085EC4D /* Members.storyboard in Resources */,
				9E649FE019B6040A00334B34 /* icon29.png in Resources */,
				8E800D2F1E3E61C10085EC4D /* Events.storyboard in Resources */,
				8E09574121ACE00E0037DA17 /* Feedback.storyboard in Resources */,
				9E649FE119B6040A00334B34 /* icon57.png in Resources */,
				ACF58F8F1C266A0B0087EE70 /* add_user.png in Resources */,
				9E649FF119B60F1D00334B34 /* IntroTutorial3.xib in Resources */,
				9E649FE219B6040A00334B34 /* icon58.png in Resources */,
				8EBB0BE826D6248D00BAB1A5 /* StoreKitTestCertificate.cer in Resources */,
				9E98DB4919B2E421006D81FC /* icon-users@2x.png in Resources */,
				9E156178199269B500A31398 /* icon-tkd-helmet@2x.png in Resources */,
				9E649FE319B6040A00334B34 /* icon80.png in Resources */,
				AC3178CB1B409ADA00668B98 /* star@2x.png in Resources */,
				8EE005AB1E3D844400272DC0 /* Splash.storyboard in Resources */,
				8E4BE96420CCCDD300556771 /* rollcall-and-random-dev-export.json in Resources */,
			);
			runOnlyForDeploymentPostprocessing = 0;
		};
/* End PBXResourcesBuildPhase section */

/* Begin PBXShellScriptBuildPhase section */
		9E9F19BD19AF81A400DE3F27 /* ShellScript */ = {
			isa = PBXShellScriptBuildPhase;
			buildActionMask = 2147483647;
			files = (
			);
			inputFileListPaths = (
			);
			inputPaths = (
				"${DWARF_DSYM_FOLDER_PATH}/${DWARF_DSYM_FILE_NAME}/Contents/Resources/DWARF/${TARGET_NAME}",
			);
			outputPaths = (
				"$(SRCROOT)/$(BUILT_PRODUCTS_DIR)/$(INFOPLIST_PATH)",
			);
			runOnlyForDeploymentPostprocessing = 0;
			shellPath = /bin/sh;
			shellScript = "\"${PODS_ROOT}/FirebaseCrashlytics/run\"\n";
		};
		C5D657EAED251ECCDE6FB719 /* [CP] Check Pods Manifest.lock */ = {
			isa = PBXShellScriptBuildPhase;
			buildActionMask = 2147483647;
			files = (
			);
			inputPaths = (
				"${PODS_PODFILE_DIR_PATH}/Podfile.lock",
				"${PODS_ROOT}/Manifest.lock",
			);
			name = "[CP] Check Pods Manifest.lock";
			outputPaths = (
				"$(DERIVED_FILE_DIR)/Pods-rollcall-checkManifestLockResult.txt",
			);
			runOnlyForDeploymentPostprocessing = 0;
			shellPath = /bin/sh;
			shellScript = "diff \"${PODS_PODFILE_DIR_PATH}/Podfile.lock\" \"${PODS_ROOT}/Manifest.lock\" > /dev/null\nif [ $? != 0 ] ; then\n    # print error to STDERR\n    echo \"error: The sandbox is not in sync with the Podfile.lock. Run 'pod install' or update your CocoaPods installation.\" >&2\n    exit 1\nfi\n# This output is used by Xcode 'outputs' to avoid re-running this script phase.\necho \"SUCCESS\" > \"${SCRIPT_OUTPUT_FILE_0}\"\n";
			showEnvVarsInLog = 0;
		};
		FB5E515399E86F07FCB3C8CB /* [CP] Embed Pods Frameworks */ = {
			isa = PBXShellScriptBuildPhase;
			buildActionMask = 2147483647;
			files = (
			);
			inputPaths = (
				"${PODS_ROOT}/Target Support Files/Pods-rollcall/Pods-rollcall-frameworks.sh",
				"${BUILT_PRODUCTS_DIR}/FirebaseABTesting/FirebaseABTesting.framework",
				"${BUILT_PRODUCTS_DIR}/FirebaseAuth/FirebaseAuth.framework",
				"${BUILT_PRODUCTS_DIR}/FirebaseCore/FirebaseCore.framework",
				"${BUILT_PRODUCTS_DIR}/FirebaseCoreDiagnostics/FirebaseCoreDiagnostics.framework",
				"${BUILT_PRODUCTS_DIR}/FirebaseCrashlytics/FirebaseCrashlytics.framework",
				"${BUILT_PRODUCTS_DIR}/FirebaseDatabase/FirebaseDatabase.framework",
				"${BUILT_PRODUCTS_DIR}/FirebaseInstallations/FirebaseInstallations.framework",
				"${BUILT_PRODUCTS_DIR}/FirebaseRemoteConfig/FirebaseRemoteConfig.framework",
				"${BUILT_PRODUCTS_DIR}/FirebaseStorage/FirebaseStorage.framework",
				"${BUILT_PRODUCTS_DIR}/GTMSessionFetcher/GTMSessionFetcher.framework",
				"${BUILT_PRODUCTS_DIR}/GoogleDataTransport/GoogleDataTransport.framework",
				"${BUILT_PRODUCTS_DIR}/GoogleUtilities/GoogleUtilities.framework",
				"${BUILT_PRODUCTS_DIR}/PromisesObjC/FBLPromises.framework",
				"${BUILT_PRODUCTS_DIR}/RACameraHelper/RACameraHelper.framework",
				"${BUILT_PRODUCTS_DIR}/RxCocoa/RxCocoa.framework",
				"${BUILT_PRODUCTS_DIR}/RxOptional/RxOptional.framework",
				"${BUILT_PRODUCTS_DIR}/RxRelay/RxRelay.framework",
				"${BUILT_PRODUCTS_DIR}/RxSwift/RxSwift.framework",
				"${BUILT_PRODUCTS_DIR}/Stripe/Stripe.framework",
				"${BUILT_PRODUCTS_DIR}/leveldb-library/leveldb.framework",
				"${BUILT_PRODUCTS_DIR}/nanopb/nanopb.framework",
			);
			name = "[CP] Embed Pods Frameworks";
			outputPaths = (
				"${TARGET_BUILD_DIR}/${FRAMEWORKS_FOLDER_PATH}/FirebaseABTesting.framework",
				"${TARGET_BUILD_DIR}/${FRAMEWORKS_FOLDER_PATH}/FirebaseAuth.framework",
				"${TARGET_BUILD_DIR}/${FRAMEWORKS_FOLDER_PATH}/FirebaseCore.framework",
				"${TARGET_BUILD_DIR}/${FRAMEWORKS_FOLDER_PATH}/FirebaseCoreDiagnostics.framework",
				"${TARGET_BUILD_DIR}/${FRAMEWORKS_FOLDER_PATH}/FirebaseCrashlytics.framework",
				"${TARGET_BUILD_DIR}/${FRAMEWORKS_FOLDER_PATH}/FirebaseDatabase.framework",
				"${TARGET_BUILD_DIR}/${FRAMEWORKS_FOLDER_PATH}/FirebaseInstallations.framework",
				"${TARGET_BUILD_DIR}/${FRAMEWORKS_FOLDER_PATH}/FirebaseRemoteConfig.framework",
				"${TARGET_BUILD_DIR}/${FRAMEWORKS_FOLDER_PATH}/FirebaseStorage.framework",
				"${TARGET_BUILD_DIR}/${FRAMEWORKS_FOLDER_PATH}/GTMSessionFetcher.framework",
				"${TARGET_BUILD_DIR}/${FRAMEWORKS_FOLDER_PATH}/GoogleDataTransport.framework",
				"${TARGET_BUILD_DIR}/${FRAMEWORKS_FOLDER_PATH}/GoogleUtilities.framework",
				"${TARGET_BUILD_DIR}/${FRAMEWORKS_FOLDER_PATH}/FBLPromises.framework",
				"${TARGET_BUILD_DIR}/${FRAMEWORKS_FOLDER_PATH}/RACameraHelper.framework",
				"${TARGET_BUILD_DIR}/${FRAMEWORKS_FOLDER_PATH}/RxCocoa.framework",
				"${TARGET_BUILD_DIR}/${FRAMEWORKS_FOLDER_PATH}/RxOptional.framework",
				"${TARGET_BUILD_DIR}/${FRAMEWORKS_FOLDER_PATH}/RxRelay.framework",
				"${TARGET_BUILD_DIR}/${FRAMEWORKS_FOLDER_PATH}/RxSwift.framework",
				"${TARGET_BUILD_DIR}/${FRAMEWORKS_FOLDER_PATH}/Stripe.framework",
				"${TARGET_BUILD_DIR}/${FRAMEWORKS_FOLDER_PATH}/leveldb.framework",
				"${TARGET_BUILD_DIR}/${FRAMEWORKS_FOLDER_PATH}/nanopb.framework",
			);
			runOnlyForDeploymentPostprocessing = 0;
			shellPath = /bin/sh;
			shellScript = "\"${PODS_ROOT}/Target Support Files/Pods-rollcall/Pods-rollcall-frameworks.sh\"\n";
			showEnvVarsInLog = 0;
		};
/* End PBXShellScriptBuildPhase section */

/* Begin PBXSourcesBuildPhase section */
		9E80084916196883003E9B16 /* Sources */ = {
			isa = PBXSourcesBuildPhase;
			buildActionMask = 2147483647;
			files = (
				8E18B0942106A79D00E02558 /* AddMembersViewController.swift in Sources */,
				8E3DD1D020DA826B0075548C /* SettingsService.swift in Sources */,
				8E1F64071E4A03D3004E8723 /* String+Utils.swift in Sources */,
				8EBB0C2426D736FE00BAB1A5 /* SubscriptionViewController.swift in Sources */,
				9E80085E16196883003E9B16 /* main.m in Sources */,
				8EE005B71E3DA07A00272DC0 /* IntroViewController.swift in Sources */,
				9E80086216196883003E9B16 /* AppDelegate.m in Sources */,
				C68338F920A42AEC00080BCE /* FirebaseMember.swift in Sources */,
				8E1F64031E478627004E8723 /* EventsListViewController.swift in Sources */,
				8EE5514E1E3E60FD001FB0C4 /* ConfigurableNavigationController.swift in Sources */,
				9EC5F3171936D2410056140F /* UIAlertView+MKBlockAdditions.m in Sources */,
				C645B9001E5A7D040001A119 /* RandomDrawingViewController.swift in Sources */,
				9E649FE819B606A800334B34 /* TutorialScrollView.m in Sources */,
				C6D9631420C21CA700317C0C /* ShellViewController.swift in Sources */,
				8EE005B01E3D951900272DC0 /* SplashViewController.swift in Sources */,
				8E3DD1CE20DA81680075548C /* UpgradeService.swift in Sources */,
				C68338F820A42AEC00080BCE /* FirebaseBaseModel.swift in Sources */,
				8E1F64051E47B85B004E8723 /* AttendanceTableViewController.swift in Sources */,
				8EA070BF20C342B000EF478F /* FirebaseImageService.swift in Sources */,
				8E08531E20CC5A86002A0CC4 /* FirebaseOfflineParser.swift in Sources */,
				8EC44E0A21D33F62008189DA /* StripeViewController.swift in Sources */,
				8E18B0962106AAB300E02558 /* MemberNameInputCell.swift in Sources */,
				8E428C511E4C3CCD009CC0A2 /* AttendanceCell.swift in Sources */,
				8E428C531E4F4C6B009CC0A2 /* OnsiteSignupViewController.swift in Sources */,
				9EC5F31E1936D2410056140F /* UIImage+RoundedCorner.m in Sources */,
				C6990BAD20F6B39E00256A3B /* SettingsViewController.swift in Sources */,
				8EE005B51E3D955200272DC0 /* Constants.swift in Sources */,
				9EC5F3161936D2410056140F /* UIActionSheet+MKBlockAdditions.m in Sources */,
				8E1BC50F2106D9F1004192F3 /* ContactCell.swift in Sources */,
				8E9D891F20CB130900AD382F /* EventService.swift in Sources */,
				8E1F63F01E46CCC2004E8723 /* MemberInfoViewController.swift in Sources */,
				9EC5F31F1936D2410056140F /* Util.m in Sources */,
				8E1F64011E47816F004E8723 /* EventEditViewController.swift in Sources */,
				8E6FF0D320D9F5FB008BAC71 /* RAImageView.swift in Sources */,
				C68338FE20A42BFD00080BCE /* FirebaseAttendance.swift in Sources */,
				9EC5F3151936D2410056140F /* NSObject+MKBlockAdditions.m in Sources */,
				C68338FA20A42AEC00080BCE /* FirebaseOrganization.swift in Sources */,
				9EC5F31A1936D2410056140F /* NSObject+Notify.m in Sources */,
				8E1BC50D2106CF40004192F3 /* ContactsViewController.swift in Sources */,
				8E800D311E3E94770085EC4D /* LoggingService.swift in Sources */,
				C68338FB20A42AEC00080BCE /* FirebaseEvent.swift in Sources */,
				8E4BE96620CCE74300556771 /* MembersTableViewController.swift in Sources */,
				8E279EEF1E44B82C005AA3F6 /* AppDelegate+Utils.swift in Sources */,
				8E1D993020B1A84C005E4186 /* Date+Utils.swift in Sources */,
				C6D9631220C2181900317C0C /* OrganizationService.swift in Sources */,
				8EE005B41E3D955200272DC0 /* UIViewController+Utils.swift in Sources */,
				8E428C4F1E4C3A23009CC0A2 /* MemberCell.swift in Sources */,
				8E09584521ACE0B20037DA17 /* FeedbackViewController.swift in Sources */,
				8E1D993420B20C78005E4186 /* AuthService.swift in Sources */,
				8EBB0BEB26D624E700BAB1A5 /* StoreKitManager.swift in Sources */,
				8E9D892320CB17C800AD382F /* FirebaseAPIService.swift in Sources */,
				9EC5F31C1936D2410056140F /* UIImage+Alpha.m in Sources */,
				9EC5F31D1936D2410056140F /* UIImage+Resize.m in Sources */,
			);
			runOnlyForDeploymentPostprocessing = 0;
		};
/* End PBXSourcesBuildPhase section */

/* Begin PBXVariantGroup section */
		9E80085A16196883003E9B16 /* InfoPlist.strings */ = {
			isa = PBXVariantGroup;
			children = (
				9E80085B16196883003E9B16 /* en */,
			);
			name = InfoPlist.strings;
			sourceTree = "<group>";
		};
/* End PBXVariantGroup section */

/* Begin XCBuildConfiguration section */
		9E80086916196884003E9B16 /* Debug */ = {
			isa = XCBuildConfiguration;
			buildSettings = {
				ALWAYS_SEARCH_USER_PATHS = NO;
				CLANG_ANALYZER_LOCALIZABILITY_NONLOCALIZED = YES;
				CLANG_CXX_LANGUAGE_STANDARD = "gnu++0x";
				CLANG_CXX_LIBRARY = "libc++";
				CLANG_ENABLE_OBJC_ARC = YES;
				CLANG_WARN_BLOCK_CAPTURE_AUTORELEASING = YES;
				CLANG_WARN_BOOL_CONVERSION = YES;
				CLANG_WARN_COMMA = YES;
				CLANG_WARN_CONSTANT_CONVERSION = YES;
				CLANG_WARN_DEPRECATED_OBJC_IMPLEMENTATIONS = YES;
				CLANG_WARN_EMPTY_BODY = YES;
				CLANG_WARN_ENUM_CONVERSION = YES;
				CLANG_WARN_INFINITE_RECURSION = YES;
				CLANG_WARN_INT_CONVERSION = YES;
				CLANG_WARN_NON_LITERAL_NULL_CONVERSION = YES;
				CLANG_WARN_OBJC_IMPLICIT_RETAIN_SELF = YES;
				CLANG_WARN_OBJC_LITERAL_CONVERSION = YES;
				CLANG_WARN_QUOTED_INCLUDE_IN_FRAMEWORK_HEADER = YES;
				CLANG_WARN_RANGE_LOOP_ANALYSIS = YES;
				CLANG_WARN_STRICT_PROTOTYPES = YES;
				CLANG_WARN_SUSPICIOUS_MOVE = YES;
				CLANG_WARN_UNREACHABLE_CODE = YES;
				CLANG_WARN__DUPLICATE_METHOD_MATCH = YES;
				"CODE_SIGN_IDENTITY[sdk=iphoneos*]" = "iPhone Developer";
				COPY_PHASE_STRIP = NO;
				ENABLE_STRICT_OBJC_MSGSEND = YES;
				ENABLE_TESTABILITY = YES;
				GCC_C_LANGUAGE_STANDARD = gnu99;
				GCC_DYNAMIC_NO_PIC = NO;
				GCC_NO_COMMON_BLOCKS = YES;
				GCC_OPTIMIZATION_LEVEL = 0;
				GCC_PREPROCESSOR_DEFINITIONS = (
					"DEBUG=1",
					"$(inherited)",
				);
				GCC_SYMBOLS_PRIVATE_EXTERN = NO;
				GCC_WARN_64_TO_32_BIT_CONVERSION = YES;
				GCC_WARN_ABOUT_RETURN_TYPE = YES;
				GCC_WARN_UNDECLARED_SELECTOR = YES;
				GCC_WARN_UNINITIALIZED_AUTOS = YES;
				GCC_WARN_UNUSED_FUNCTION = YES;
				GCC_WARN_UNUSED_VARIABLE = YES;
				IPHONEOS_DEPLOYMENT_TARGET = 12.0;
				ONLY_ACTIVE_ARCH = YES;
				SDKROOT = iphoneos;
			};
			name = Debug;
		};
		9E80086A16196884003E9B16 /* Release */ = {
			isa = XCBuildConfiguration;
			buildSettings = {
				ALWAYS_SEARCH_USER_PATHS = NO;
				CLANG_ANALYZER_LOCALIZABILITY_NONLOCALIZED = YES;
				CLANG_CXX_LANGUAGE_STANDARD = "gnu++0x";
				CLANG_CXX_LIBRARY = "libc++";
				CLANG_ENABLE_OBJC_ARC = YES;
				CLANG_WARN_BLOCK_CAPTURE_AUTORELEASING = YES;
				CLANG_WARN_BOOL_CONVERSION = YES;
				CLANG_WARN_COMMA = YES;
				CLANG_WARN_CONSTANT_CONVERSION = YES;
				CLANG_WARN_DEPRECATED_OBJC_IMPLEMENTATIONS = YES;
				CLANG_WARN_EMPTY_BODY = YES;
				CLANG_WARN_ENUM_CONVERSION = YES;
				CLANG_WARN_INFINITE_RECURSION = YES;
				CLANG_WARN_INT_CONVERSION = YES;
				CLANG_WARN_NON_LITERAL_NULL_CONVERSION = YES;
				CLANG_WARN_OBJC_IMPLICIT_RETAIN_SELF = YES;
				CLANG_WARN_OBJC_LITERAL_CONVERSION = YES;
				CLANG_WARN_QUOTED_INCLUDE_IN_FRAMEWORK_HEADER = YES;
				CLANG_WARN_RANGE_LOOP_ANALYSIS = YES;
				CLANG_WARN_STRICT_PROTOTYPES = YES;
				CLANG_WARN_SUSPICIOUS_MOVE = YES;
				CLANG_WARN_UNREACHABLE_CODE = YES;
				CLANG_WARN__DUPLICATE_METHOD_MATCH = YES;
				"CODE_SIGN_IDENTITY[sdk=iphoneos*]" = "iPhone Developer";
				COPY_PHASE_STRIP = YES;
				ENABLE_STRICT_OBJC_MSGSEND = YES;
				GCC_C_LANGUAGE_STANDARD = gnu99;
				GCC_NO_COMMON_BLOCKS = YES;
				GCC_WARN_64_TO_32_BIT_CONVERSION = YES;
				GCC_WARN_ABOUT_RETURN_TYPE = YES;
				GCC_WARN_UNDECLARED_SELECTOR = YES;
				GCC_WARN_UNINITIALIZED_AUTOS = YES;
				GCC_WARN_UNUSED_FUNCTION = YES;
				GCC_WARN_UNUSED_VARIABLE = YES;
				IPHONEOS_DEPLOYMENT_TARGET = 12.0;
				OTHER_CFLAGS = "-DNS_BLOCK_ASSERTIONS=1";
				SDKROOT = iphoneos;
				SWIFT_COMPILATION_MODE = wholemodule;
				VALIDATE_PRODUCT = YES;
			};
			name = Release;
		};
		9E80086C16196884003E9B16 /* Debug */ = {
			isa = XCBuildConfiguration;
			baseConfigurationReference = DAC80517595162FDD7B92501 /* Pods-rollcall.debug.xcconfig */;
			buildSettings = {
				ASSETCATALOG_COMPILER_APPICON_NAME = AppIcon;
				ASSETCATALOG_COMPILER_LAUNCHIMAGE_NAME = LaunchImage;
				CLANG_ENABLE_MODULES = YES;
				CODE_SIGN_IDENTITY = "iPhone Developer";
				"CODE_SIGN_IDENTITY[sdk=iphoneos*]" = "iPhone Developer";
				ENABLE_BITCODE = NO;
				EXCLUDED_ARCHS = "";
				"EXCLUDED_ARCHS[sdk=iphonesimulator*]" = arm64;
				FRAMEWORK_SEARCH_PATHS = (
					"$(inherited)",
					"$(SRCROOT)",
					"$(PROJECT_DIR)",
					/Users/BobboMac/Desktop,
				);
				GCC_PRECOMPILE_PREFIX_HEADER = YES;
				GCC_PREFIX_HEADER = "cwsfroster/rollcall-Prefix.pch";
				INFOPLIST_FILE = "cwsfroster/rollcall-Info.plist";
				IPHONEOS_DEPLOYMENT_TARGET = 13.0;
				LD_RUNPATH_SEARCH_PATHS = "$(inherited) @executable_path/Frameworks";
				PRODUCT_BUNDLE_IDENTIFIER = net.BobbyRen.cwsfroster;
				PRODUCT_NAME = RollCall;
				PROVISIONING_PROFILE = "";
				SWIFT_OBJC_BRIDGING_HEADER = "cwsfroster/cwsfroster-Bridging-Header.h";
				SWIFT_OPTIMIZATION_LEVEL = "-Onone";
				SWIFT_VERSION = 5.0;
				TARGETED_DEVICE_FAMILY = "1,2";
				WRAPPER_EXTENSION = app;
			};
			name = Debug;
		};
		9E80086D16196884003E9B16 /* Release */ = {
			isa = XCBuildConfiguration;
			baseConfigurationReference = 069FC515249129F2CAA291A6 /* Pods-rollcall.release.xcconfig */;
			buildSettings = {
				ASSETCATALOG_COMPILER_APPICON_NAME = AppIcon;
				ASSETCATALOG_COMPILER_LAUNCHIMAGE_NAME = LaunchImage;
				CLANG_ENABLE_MODULES = YES;
				CODE_SIGN_IDENTITY = "iPhone Distribution: Bobby Ren (H799H8B8DD)";
				"CODE_SIGN_IDENTITY[sdk=iphoneos*]" = "iPhone Developer";
				DEVELOPMENT_TEAM = "";
				ENABLE_BITCODE = NO;
				EXCLUDED_ARCHS = "";
				"EXCLUDED_ARCHS[sdk=iphonesimulator*]" = arm64;
				FRAMEWORK_SEARCH_PATHS = (
					"$(inherited)",
					"$(SRCROOT)",
					"$(PROJECT_DIR)",
					/Users/BobboMac/Desktop,
				);
				GCC_PRECOMPILE_PREFIX_HEADER = YES;
				GCC_PREFIX_HEADER = "cwsfroster/rollcall-Prefix.pch";
				INFOPLIST_FILE = "cwsfroster/rollcall-Info.plist";
				IPHONEOS_DEPLOYMENT_TARGET = 13.0;
				LD_RUNPATH_SEARCH_PATHS = "$(inherited) @executable_path/Frameworks";
				PRODUCT_BUNDLE_IDENTIFIER = net.BobbyRen.cwsfroster;
				PRODUCT_NAME = RollCall;
				PROVISIONING_PROFILE = "";
				PROVISIONING_PROFILE_SPECIFIER = "";
				SWIFT_OBJC_BRIDGING_HEADER = "cwsfroster/cwsfroster-Bridging-Header.h";
				SWIFT_VERSION = 5.0;
				TARGETED_DEVICE_FAMILY = "1,2";
				WRAPPER_EXTENSION = app;
			};
			name = Release;
		};
/* End XCBuildConfiguration section */

/* Begin XCConfigurationList section */
		9E80084716196883003E9B16 /* Build configuration list for PBXProject "rollcall" */ = {
			isa = XCConfigurationList;
			buildConfigurations = (
				9E80086916196884003E9B16 /* Debug */,
				9E80086A16196884003E9B16 /* Release */,
			);
			defaultConfigurationIsVisible = 0;
			defaultConfigurationName = Release;
		};
		9E80086B16196884003E9B16 /* Build configuration list for PBXNativeTarget "rollcall" */ = {
			isa = XCConfigurationList;
			buildConfigurations = (
				9E80086C16196884003E9B16 /* Debug */,
				9E80086D16196884003E9B16 /* Release */,
			);
			defaultConfigurationIsVisible = 0;
			defaultConfigurationName = Release;
		};
/* End XCConfigurationList section */
	};
	rootObject = 9E80084416196883003E9B16 /* Project object */;
}
