// !$*UTF8*$!
{
	archiveVersion = 1;
	classes = {
	};
	objectVersion = 46;
	objects = {

/* Begin PBXBuildFile section */
		7E388A09545D4117BEFDEA16 /* libPods.a in Frameworks */ = {isa = PBXBuildFile; fileRef = 83ECB7C44E1F43D089ABEE5A /* libPods.a */; };
		9E15616B19924B7800A31398 /* Member+Info.m in Sources */ = {isa = PBXBuildFile; fileRef = 9E15616A19924B7800A31398 /* Member+Info.m */; };
		9E15616E199264BF00A31398 /* Attendance+Info.m in Sources */ = {isa = PBXBuildFile; fileRef = 9E15616D199264BF00A31398 /* Attendance+Info.m */; };
		9E156176199266A700A31398 /* IntroViewController.m in Sources */ = {isa = PBXBuildFile; fileRef = 9E156175199266A700A31398 /* IntroViewController.m */; };
		9E156178199269B500A31398 /* icon-tkd-helmet@2x.png in Resources */ = {isa = PBXBuildFile; fileRef = 9E156177199269B500A31398 /* icon-tkd-helmet@2x.png */; };
		9E15617A199269C300A31398 /* icon-tkd-paddle@2x.png in Resources */ = {isa = PBXBuildFile; fileRef = 9E156179199269C300A31398 /* icon-tkd-paddle@2x.png */; };
		9E649FE019B6040A00334B34 /* icon29.png in Resources */ = {isa = PBXBuildFile; fileRef = 9E649FDA19B6040A00334B34 /* icon29.png */; };
		9E649FE119B6040A00334B34 /* icon57.png in Resources */ = {isa = PBXBuildFile; fileRef = 9E649FDB19B6040A00334B34 /* icon57.png */; };
		9E649FE219B6040A00334B34 /* icon58.png in Resources */ = {isa = PBXBuildFile; fileRef = 9E649FDC19B6040A00334B34 /* icon58.png */; };
		9E649FE319B6040A00334B34 /* icon80.png in Resources */ = {isa = PBXBuildFile; fileRef = 9E649FDD19B6040A00334B34 /* icon80.png */; };
		9E649FE419B6040A00334B34 /* icon114.png in Resources */ = {isa = PBXBuildFile; fileRef = 9E649FDE19B6040A00334B34 /* icon114.png */; };
		9E649FE519B6040A00334B34 /* icon120.png in Resources */ = {isa = PBXBuildFile; fileRef = 9E649FDF19B6040A00334B34 /* icon120.png */; };
		9E649FE819B606A800334B34 /* TutorialScrollView.m in Sources */ = {isa = PBXBuildFile; fileRef = 9E649FE719B606A800334B34 /* TutorialScrollView.m */; };
		9E649FEB19B608EC00334B34 /* IntroTutorial0.xib in Resources */ = {isa = PBXBuildFile; fileRef = 9E649FEA19B608EC00334B34 /* IntroTutorial0.xib */; };
		9E649FED19B609C400334B34 /* IntroTutorial1.xib in Resources */ = {isa = PBXBuildFile; fileRef = 9E649FEC19B609C400334B34 /* IntroTutorial1.xib */; };
		9E649FEF19B60EEC00334B34 /* IntroTutorial2.xib in Resources */ = {isa = PBXBuildFile; fileRef = 9E649FEE19B60EEC00334B34 /* IntroTutorial2.xib */; };
		9E649FF119B60F1D00334B34 /* IntroTutorial3.xib in Resources */ = {isa = PBXBuildFile; fileRef = 9E649FF019B60F1D00334B34 /* IntroTutorial3.xib */; };
		9E6CC8D6199A90D200AB1CB8 /* PracticeEditViewController.m in Sources */ = {isa = PBXBuildFile; fileRef = 9E6CC8D5199A90D200AB1CB8 /* PracticeEditViewController.m */; };
		9E80085216196883003E9B16 /* UIKit.framework in Frameworks */ = {isa = PBXBuildFile; fileRef = 9E80085116196883003E9B16 /* UIKit.framework */; };
		9E80085416196883003E9B16 /* Foundation.framework in Frameworks */ = {isa = PBXBuildFile; fileRef = 9E80085316196883003E9B16 /* Foundation.framework */; };
		9E80085616196883003E9B16 /* CoreGraphics.framework in Frameworks */ = {isa = PBXBuildFile; fileRef = 9E80085516196883003E9B16 /* CoreGraphics.framework */; };
		9E80085C16196883003E9B16 /* InfoPlist.strings in Resources */ = {isa = PBXBuildFile; fileRef = 9E80085A16196883003E9B16 /* InfoPlist.strings */; };
		9E80085E16196883003E9B16 /* main.m in Sources */ = {isa = PBXBuildFile; fileRef = 9E80085D16196883003E9B16 /* main.m */; };
		9E80086216196883003E9B16 /* AppDelegate.m in Sources */ = {isa = PBXBuildFile; fileRef = 9E80086116196883003E9B16 /* AppDelegate.m */; };
		9E80086416196883003E9B16 /* Default.png in Resources */ = {isa = PBXBuildFile; fileRef = 9E80086316196883003E9B16 /* Default.png */; };
		9E80086616196883003E9B16 /* Default@2x.png in Resources */ = {isa = PBXBuildFile; fileRef = 9E80086516196883003E9B16 /* Default@2x.png */; };
		9E80086816196884003E9B16 /* Default-568h@2x.png in Resources */ = {isa = PBXBuildFile; fileRef = 9E80086716196884003E9B16 /* Default-568h@2x.png */; };
		9E828A5A16196B8D009A6C44 /* SystemConfiguration.framework in Frameworks */ = {isa = PBXBuildFile; fileRef = 9E828A5816196B7C009A6C44 /* SystemConfiguration.framework */; };
		9E828A5B16196B8D009A6C44 /* StoreKit.framework in Frameworks */ = {isa = PBXBuildFile; fileRef = 9E828A5616196B75009A6C44 /* StoreKit.framework */; };
		9E828A5D16196B8D009A6C44 /* Security.framework in Frameworks */ = {isa = PBXBuildFile; fileRef = 9E828A5216196B6F009A6C44 /* Security.framework */; };
		9E828A5E16196B8D009A6C44 /* QuartzCore.framework in Frameworks */ = {isa = PBXBuildFile; fileRef = 9E828A5016196B6B009A6C44 /* QuartzCore.framework */; };
		9E828A5F16196B8D009A6C44 /* MobileCoreServices.framework in Frameworks */ = {isa = PBXBuildFile; fileRef = 9E828A4E16196B67009A6C44 /* MobileCoreServices.framework */; };
		9E828A6016196B8D009A6C44 /* libz.1.1.3.dylib in Frameworks */ = {isa = PBXBuildFile; fileRef = 9E828A4C16196B60009A6C44 /* libz.1.1.3.dylib */; };
		9E828A6116196B8D009A6C44 /* libsqlite3.dylib in Frameworks */ = {isa = PBXBuildFile; fileRef = 9E828A4A16196B5B009A6C44 /* libsqlite3.dylib */; };
		9E828A6216196B8D009A6C44 /* CFNetwork.framework in Frameworks */ = {isa = PBXBuildFile; fileRef = 9E828A4816196B52009A6C44 /* CFNetwork.framework */; };
		9E828A6416196B8D009A6C44 /* Accounts.framework in Frameworks */ = {isa = PBXBuildFile; fileRef = 9E828A4416196B4A009A6C44 /* Accounts.framework */; };
		9E828A6516196B8D009A6C44 /* AudioToolbox.framework in Frameworks */ = {isa = PBXBuildFile; fileRef = 9E828A4216196B47009A6C44 /* AudioToolbox.framework */; };
		9E98DB4819B2E421006D81FC /* icon-calendar@2x.png in Resources */ = {isa = PBXBuildFile; fileRef = 9E98DB4619B2E421006D81FC /* icon-calendar@2x.png */; };
		9E98DB4919B2E421006D81FC /* icon-users@2x.png in Resources */ = {isa = PBXBuildFile; fileRef = 9E98DB4719B2E421006D81FC /* icon-users@2x.png */; };
		9E98DB4C19B2E63D006D81FC /* ShellViewController.m in Sources */ = {isa = PBXBuildFile; fileRef = 9E98DB4B19B2E63D006D81FC /* ShellViewController.m */; };
		9E98DB4F19B2EA5B006D81FC /* checked@2x.png in Resources */ = {isa = PBXBuildFile; fileRef = 9E98DB4D19B2EA5B006D81FC /* checked@2x.png */; };
		9E98DB5019B2EA5B006D81FC /* unchecked@2x.png in Resources */ = {isa = PBXBuildFile; fileRef = 9E98DB4E19B2EA5B006D81FC /* unchecked@2x.png */; };
		9E99F8C8193D7074004EB5C1 /* PracticesTableViewController.m in Sources */ = {isa = PBXBuildFile; fileRef = 9E99F8C7193D7074004EB5C1 /* PracticesTableViewController.m */; };
		9E99F8D1193D717A004EB5C1 /* Practice+Parse.m in Sources */ = {isa = PBXBuildFile; fileRef = 9E99F8D0193D717A004EB5C1 /* Practice+Parse.m */; };
		9E99F8DD193D71EC004EB5C1 /* Attendance+Parse.m in Sources */ = {isa = PBXBuildFile; fileRef = 9E99F8DC193D71EC004EB5C1 /* Attendance+Parse.m */; };
		9E9F19BF19AF821200DE3F27 /* Crashlytics.framework in Frameworks */ = {isa = PBXBuildFile; fileRef = 9E9F19BE19AF821200DE3F27 /* Crashlytics.framework */; };
		9E9F19D419AF963A00DE3F27 /* Organization+Parse.m in Sources */ = {isa = PBXBuildFile; fileRef = 9E9F19D319AF963A00DE3F27 /* Organization+Parse.m */; };
		9EA0993719B0BBCF007BC1FD /* ParseBase.m in Sources */ = {isa = PBXBuildFile; fileRef = 9EA0993619B0BBCF007BC1FD /* ParseBase.m */; };
		9EA0993D19B0BD98007BC1FD /* Member.m in Sources */ = {isa = PBXBuildFile; fileRef = 9EA0993C19B0BD98007BC1FD /* Member.m */; };
		9EA0994019B0BD98007BC1FD /* Practice.m in Sources */ = {isa = PBXBuildFile; fileRef = 9EA0993F19B0BD98007BC1FD /* Practice.m */; };
		9EA0994319B0BF62007BC1FD /* Payment.m in Sources */ = {isa = PBXBuildFile; fileRef = 9EA0994219B0BF62007BC1FD /* Payment.m */; };
		9EA0994619B0BF63007BC1FD /* Attendance.m in Sources */ = {isa = PBXBuildFile; fileRef = 9EA0994519B0BF63007BC1FD /* Attendance.m */; };
		9EA0994919B0EB7F007BC1FD /* Organization+Info.m in Sources */ = {isa = PBXBuildFile; fileRef = 9EA0994819B0EB7F007BC1FD /* Organization+Info.m */; };
		9EA0994C19B0F160007BC1FD /* AsyncImageView.m in Sources */ = {isa = PBXBuildFile; fileRef = 9EA0994B19B0F160007BC1FD /* AsyncImageView.m */; };
		9EA0994E19B0F40A007BC1FD /* menu_white@2x.png in Resources */ = {isa = PBXBuildFile; fileRef = 9EA0994D19B0F40A007BC1FD /* menu_white@2x.png */; };
		9EA0995119B0F448007BC1FD /* SettingsViewController.m in Sources */ = {isa = PBXBuildFile; fileRef = 9EA0995019B0F448007BC1FD /* SettingsViewController.m */; };
		9EA0995319B0FCBA007BC1FD /* MessageUI.framework in Frameworks */ = {isa = PBXBuildFile; fileRef = 9EA0995219B0FCBA007BC1FD /* MessageUI.framework */; };
		9EA0995619B10343007BC1FD /* Organization.m in Sources */ = {isa = PBXBuildFile; fileRef = 9EA0995519B10343007BC1FD /* Organization.m */; };
		9EA7D2CB19995B7B003C5D7C /* MBProgressHUD.m in Sources */ = {isa = PBXBuildFile; fileRef = 9EA7D2CA19995B7B003C5D7C /* MBProgressHUD.m */; };
		9EA94BDF19A3BE6400A74F90 /* SendGridHelper.m in Sources */ = {isa = PBXBuildFile; fileRef = 9EA94BDE19A3BE6400A74F90 /* SendGridHelper.m */; };
		9EC0F50619A4CE7E003441AC /* Parse.framework in Frameworks */ = {isa = PBXBuildFile; fileRef = 9EC0F50519A4CE7E003441AC /* Parse.framework */; };
		9EC0F50819A4CEFF003441AC /* Social.framework in Frameworks */ = {isa = PBXBuildFile; fileRef = 9EC0F50719A4CEFF003441AC /* Social.framework */; };
		9EC0F50A19A4D05F003441AC /* FacebookSDK.framework in Frameworks */ = {isa = PBXBuildFile; fileRef = 9EC0F50919A4D05F003441AC /* FacebookSDK.framework */; };
		9EC15482198009EA003F80CA /* AttendancesViewController.m in Sources */ = {isa = PBXBuildFile; fileRef = 9EC15481198009EA003F80CA /* AttendancesViewController.m */; };
		9EC302F6199E760A00777F79 /* Payment+Parse.m in Sources */ = {isa = PBXBuildFile; fileRef = 9EC302F5199E760A00777F79 /* Payment+Parse.m */; };
		9EC3031B19A0EA9500777F79 /* PaymentViewController.m in Sources */ = {isa = PBXBuildFile; fileRef = 9EC3031A19A0EA9500777F79 /* PaymentViewController.m */; };
		9EC3031E19A1398700777F79 /* Payment+Info.m in Sources */ = {isa = PBXBuildFile; fileRef = 9EC3031D19A1398700777F79 /* Payment+Info.m */; };
		9EC5F2EB1936D0960056140F /* Model.xcdatamodeld in Sources */ = {isa = PBXBuildFile; fileRef = 9EC5F2E91936D0960056140F /* Model.xcdatamodeld */; };
		9EC5F2EE1936D1380056140F /* Member+Parse.m in Sources */ = {isa = PBXBuildFile; fileRef = 9EC5F2ED1936D1380056140F /* Member+Parse.m */; };
		9EC5F2F51936D1B30056140F /* ParseBase+Parse.m in Sources */ = {isa = PBXBuildFile; fileRef = 9EC5F2F41936D1B30056140F /* ParseBase+Parse.m */; };
		9EC5F3151936D2410056140F /* NSObject+MKBlockAdditions.m in Sources */ = {isa = PBXBuildFile; fileRef = 9EC5F2FE1936D2410056140F /* NSObject+MKBlockAdditions.m */; settings = {COMPILER_FLAGS = "-fno-objc-arc"; }; };
		9EC5F3161936D2410056140F /* UIActionSheet+MKBlockAdditions.m in Sources */ = {isa = PBXBuildFile; fileRef = 9EC5F3001936D2410056140F /* UIActionSheet+MKBlockAdditions.m */; settings = {COMPILER_FLAGS = "-fno-objc-arc"; }; };
		9EC5F3171936D2410056140F /* UIAlertView+MKBlockAdditions.m in Sources */ = {isa = PBXBuildFile; fileRef = 9EC5F3021936D2410056140F /* UIAlertView+MKBlockAdditions.m */; settings = {COMPILER_FLAGS = "-fno-objc-arc"; }; };
		9EC5F3181936D2410056140F /* NSManagedObject+Entity.m in Sources */ = {isa = PBXBuildFile; fileRef = 9EC5F3041936D2410056140F /* NSManagedObject+Entity.m */; };
		9EC5F3191936D2410056140F /* NSManagedObject+Query.m in Sources */ = {isa = PBXBuildFile; fileRef = 9EC5F3061936D2410056140F /* NSManagedObject+Query.m */; };
		9EC5F31A1936D2410056140F /* NSObject+Notify.m in Sources */ = {isa = PBXBuildFile; fileRef = 9EC5F3081936D2410056140F /* NSObject+Notify.m */; };
		9EC5F31B1936D2410056140F /* Query.m in Sources */ = {isa = PBXBuildFile; fileRef = 9EC5F30A1936D2410056140F /* Query.m */; };
		9EC5F31C1936D2410056140F /* UIImage+Alpha.m in Sources */ = {isa = PBXBuildFile; fileRef = 9EC5F30C1936D2410056140F /* UIImage+Alpha.m */; settings = {COMPILER_FLAGS = "-fno-objc-arc"; }; };
		9EC5F31D1936D2410056140F /* UIImage+Resize.m in Sources */ = {isa = PBXBuildFile; fileRef = 9EC5F30E1936D2410056140F /* UIImage+Resize.m */; settings = {COMPILER_FLAGS = "-fno-objc-arc"; }; };
		9EC5F31E1936D2410056140F /* UIImage+RoundedCorner.m in Sources */ = {isa = PBXBuildFile; fileRef = 9EC5F3101936D2410056140F /* UIImage+RoundedCorner.m */; };
		9EC5F31F1936D2410056140F /* Util.m in Sources */ = {isa = PBXBuildFile; fileRef = 9EC5F3121936D2410056140F /* Util.m */; };
		9EC5F3331936D60D0056140F /* Storyboard.storyboard in Resources */ = {isa = PBXBuildFile; fileRef = 9EC5F3321936D60D0056140F /* Storyboard.storyboard */; };
		9EC5F3361936D74E0056140F /* MembersTableViewController.m in Sources */ = {isa = PBXBuildFile; fileRef = 9EC5F3351936D74E0056140F /* MembersTableViewController.m */; };
		9EC5F3391936D9080056140F /* MemberViewController.m in Sources */ = {isa = PBXBuildFile; fileRef = 9EC5F3381936D9080056140F /* MemberViewController.m */; };
		9EC5F33B1936DCA50056140F /* CoreData.framework in Frameworks */ = {isa = PBXBuildFile; fileRef = 9EC5F33A1936DCA50056140F /* CoreData.framework */; };
		9EC5F33D1936DD000056140F /* CoreLocation.framework in Frameworks */ = {isa = PBXBuildFile; fileRef = 9EC5F33C1936DD000056140F /* CoreLocation.framework */; };
/* End PBXBuildFile section */

/* Begin PBXFileReference section */
		5B3618C4EAA94B1A7236F0C5 /* Pods.release.xcconfig */ = {isa = PBXFileReference; includeInIndex = 1; lastKnownFileType = text.xcconfig; name = Pods.release.xcconfig; path = "Pods/Target Support Files/Pods/Pods.release.xcconfig"; sourceTree = "<group>"; };
		83ECB7C44E1F43D089ABEE5A /* libPods.a */ = {isa = PBXFileReference; explicitFileType = archive.ar; includeInIndex = 0; path = libPods.a; sourceTree = BUILT_PRODUCTS_DIR; };
		9E15616919924B7800A31398 /* Member+Info.h */ = {isa = PBXFileReference; fileEncoding = 4; lastKnownFileType = sourcecode.c.h; path = "Member+Info.h"; sourceTree = "<group>"; };
		9E15616A19924B7800A31398 /* Member+Info.m */ = {isa = PBXFileReference; fileEncoding = 4; lastKnownFileType = sourcecode.c.objc; path = "Member+Info.m"; sourceTree = "<group>"; };
		9E15616C199264BF00A31398 /* Attendance+Info.h */ = {isa = PBXFileReference; fileEncoding = 4; lastKnownFileType = sourcecode.c.h; path = "Attendance+Info.h"; sourceTree = "<group>"; };
		9E15616D199264BF00A31398 /* Attendance+Info.m */ = {isa = PBXFileReference; fileEncoding = 4; lastKnownFileType = sourcecode.c.objc; path = "Attendance+Info.m"; sourceTree = "<group>"; };
		9E156174199266A700A31398 /* IntroViewController.h */ = {isa = PBXFileReference; fileEncoding = 4; lastKnownFileType = sourcecode.c.h; path = IntroViewController.h; sourceTree = "<group>"; };
		9E156175199266A700A31398 /* IntroViewController.m */ = {isa = PBXFileReference; fileEncoding = 4; lastKnownFileType = sourcecode.c.objc; path = IntroViewController.m; sourceTree = "<group>"; };
		9E156177199269B500A31398 /* icon-tkd-helmet@2x.png */ = {isa = PBXFileReference; lastKnownFileType = image.png; path = "icon-tkd-helmet@2x.png"; sourceTree = "<group>"; };
		9E156179199269C300A31398 /* icon-tkd-paddle@2x.png */ = {isa = PBXFileReference; lastKnownFileType = image.png; path = "icon-tkd-paddle@2x.png"; sourceTree = "<group>"; };
		9E649FDA19B6040A00334B34 /* icon29.png */ = {isa = PBXFileReference; lastKnownFileType = image.png; path = icon29.png; sourceTree = "<group>"; };
		9E649FDB19B6040A00334B34 /* icon57.png */ = {isa = PBXFileReference; lastKnownFileType = image.png; path = icon57.png; sourceTree = "<group>"; };
		9E649FDC19B6040A00334B34 /* icon58.png */ = {isa = PBXFileReference; lastKnownFileType = image.png; path = icon58.png; sourceTree = "<group>"; };
		9E649FDD19B6040A00334B34 /* icon80.png */ = {isa = PBXFileReference; lastKnownFileType = image.png; path = icon80.png; sourceTree = "<group>"; };
		9E649FDE19B6040A00334B34 /* icon114.png */ = {isa = PBXFileReference; lastKnownFileType = image.png; path = icon114.png; sourceTree = "<group>"; };
		9E649FDF19B6040A00334B34 /* icon120.png */ = {isa = PBXFileReference; lastKnownFileType = image.png; path = icon120.png; sourceTree = "<group>"; };
		9E649FE619B606A800334B34 /* TutorialScrollView.h */ = {isa = PBXFileReference; fileEncoding = 4; lastKnownFileType = sourcecode.c.h; path = TutorialScrollView.h; sourceTree = "<group>"; };
		9E649FE719B606A800334B34 /* TutorialScrollView.m */ = {isa = PBXFileReference; fileEncoding = 4; lastKnownFileType = sourcecode.c.objc; path = TutorialScrollView.m; sourceTree = "<group>"; };
		9E649FEA19B608EC00334B34 /* IntroTutorial0.xib */ = {isa = PBXFileReference; fileEncoding = 4; lastKnownFileType = file.xib; path = IntroTutorial0.xib; sourceTree = "<group>"; };
		9E649FEC19B609C400334B34 /* IntroTutorial1.xib */ = {isa = PBXFileReference; fileEncoding = 4; lastKnownFileType = file.xib; path = IntroTutorial1.xib; sourceTree = "<group>"; };
		9E649FEE19B60EEC00334B34 /* IntroTutorial2.xib */ = {isa = PBXFileReference; fileEncoding = 4; lastKnownFileType = file.xib; path = IntroTutorial2.xib; sourceTree = "<group>"; };
		9E649FF019B60F1D00334B34 /* IntroTutorial3.xib */ = {isa = PBXFileReference; fileEncoding = 4; lastKnownFileType = file.xib; path = IntroTutorial3.xib; sourceTree = "<group>"; };
		9E6CC8D4199A90D200AB1CB8 /* PracticeEditViewController.h */ = {isa = PBXFileReference; fileEncoding = 4; lastKnownFileType = sourcecode.c.h; path = PracticeEditViewController.h; sourceTree = "<group>"; };
		9E6CC8D5199A90D200AB1CB8 /* PracticeEditViewController.m */ = {isa = PBXFileReference; fileEncoding = 4; lastKnownFileType = sourcecode.c.objc; path = PracticeEditViewController.m; sourceTree = "<group>"; };
		9E80084D16196883003E9B16 /* Roll Call.app */ = {isa = PBXFileReference; explicitFileType = wrapper.application; includeInIndex = 0; path = "Roll Call.app"; sourceTree = BUILT_PRODUCTS_DIR; };
		9E80085116196883003E9B16 /* UIKit.framework */ = {isa = PBXFileReference; lastKnownFileType = wrapper.framework; name = UIKit.framework; path = System/Library/Frameworks/UIKit.framework; sourceTree = SDKROOT; };
		9E80085316196883003E9B16 /* Foundation.framework */ = {isa = PBXFileReference; lastKnownFileType = wrapper.framework; name = Foundation.framework; path = System/Library/Frameworks/Foundation.framework; sourceTree = SDKROOT; };
		9E80085516196883003E9B16 /* CoreGraphics.framework */ = {isa = PBXFileReference; lastKnownFileType = wrapper.framework; name = CoreGraphics.framework; path = System/Library/Frameworks/CoreGraphics.framework; sourceTree = SDKROOT; };
		9E80085916196883003E9B16 /* cwsfroster-Info.plist */ = {isa = PBXFileReference; lastKnownFileType = text.plist.xml; path = "cwsfroster-Info.plist"; sourceTree = "<group>"; };
		9E80085B16196883003E9B16 /* en */ = {isa = PBXFileReference; lastKnownFileType = text.plist.strings; name = en; path = en.lproj/InfoPlist.strings; sourceTree = "<group>"; };
		9E80085D16196883003E9B16 /* main.m */ = {isa = PBXFileReference; lastKnownFileType = sourcecode.c.objc; path = main.m; sourceTree = "<group>"; };
		9E80085F16196883003E9B16 /* cwsfroster-Prefix.pch */ = {isa = PBXFileReference; lastKnownFileType = sourcecode.c.h; path = "cwsfroster-Prefix.pch"; sourceTree = "<group>"; };
		9E80086016196883003E9B16 /* AppDelegate.h */ = {isa = PBXFileReference; lastKnownFileType = sourcecode.c.h; path = AppDelegate.h; sourceTree = "<group>"; };
		9E80086116196883003E9B16 /* AppDelegate.m */ = {isa = PBXFileReference; lastKnownFileType = sourcecode.c.objc; path = AppDelegate.m; sourceTree = "<group>"; };
		9E80086316196883003E9B16 /* Default.png */ = {isa = PBXFileReference; lastKnownFileType = image.png; path = Default.png; sourceTree = "<group>"; };
		9E80086516196883003E9B16 /* Default@2x.png */ = {isa = PBXFileReference; lastKnownFileType = image.png; path = "Default@2x.png"; sourceTree = "<group>"; };
		9E80086716196884003E9B16 /* Default-568h@2x.png */ = {isa = PBXFileReference; lastKnownFileType = image.png; path = "Default-568h@2x.png"; sourceTree = "<group>"; };
		9E828A4216196B47009A6C44 /* AudioToolbox.framework */ = {isa = PBXFileReference; lastKnownFileType = wrapper.framework; name = AudioToolbox.framework; path = System/Library/Frameworks/AudioToolbox.framework; sourceTree = SDKROOT; };
		9E828A4416196B4A009A6C44 /* Accounts.framework */ = {isa = PBXFileReference; lastKnownFileType = wrapper.framework; name = Accounts.framework; path = System/Library/Frameworks/Accounts.framework; sourceTree = SDKROOT; };
		9E828A4816196B52009A6C44 /* CFNetwork.framework */ = {isa = PBXFileReference; lastKnownFileType = wrapper.framework; name = CFNetwork.framework; path = System/Library/Frameworks/CFNetwork.framework; sourceTree = SDKROOT; };
		9E828A4A16196B5B009A6C44 /* libsqlite3.dylib */ = {isa = PBXFileReference; lastKnownFileType = "compiled.mach-o.dylib"; name = libsqlite3.dylib; path = usr/lib/libsqlite3.dylib; sourceTree = SDKROOT; };
		9E828A4C16196B60009A6C44 /* libz.1.1.3.dylib */ = {isa = PBXFileReference; lastKnownFileType = "compiled.mach-o.dylib"; name = libz.1.1.3.dylib; path = usr/lib/libz.1.1.3.dylib; sourceTree = SDKROOT; };
		9E828A4E16196B67009A6C44 /* MobileCoreServices.framework */ = {isa = PBXFileReference; lastKnownFileType = wrapper.framework; name = MobileCoreServices.framework; path = System/Library/Frameworks/MobileCoreServices.framework; sourceTree = SDKROOT; };
		9E828A5016196B6B009A6C44 /* QuartzCore.framework */ = {isa = PBXFileReference; lastKnownFileType = wrapper.framework; name = QuartzCore.framework; path = System/Library/Frameworks/QuartzCore.framework; sourceTree = SDKROOT; };
		9E828A5216196B6F009A6C44 /* Security.framework */ = {isa = PBXFileReference; lastKnownFileType = wrapper.framework; name = Security.framework; path = System/Library/Frameworks/Security.framework; sourceTree = SDKROOT; };
		9E828A5616196B75009A6C44 /* StoreKit.framework */ = {isa = PBXFileReference; lastKnownFileType = wrapper.framework; name = StoreKit.framework; path = System/Library/Frameworks/StoreKit.framework; sourceTree = SDKROOT; };
		9E828A5816196B7C009A6C44 /* SystemConfiguration.framework */ = {isa = PBXFileReference; lastKnownFileType = wrapper.framework; name = SystemConfiguration.framework; path = System/Library/Frameworks/SystemConfiguration.framework; sourceTree = SDKROOT; };
		9E98DB4619B2E421006D81FC /* icon-calendar@2x.png */ = {isa = PBXFileReference; lastKnownFileType = image.png; path = "icon-calendar@2x.png"; sourceTree = "<group>"; };
		9E98DB4719B2E421006D81FC /* icon-users@2x.png */ = {isa = PBXFileReference; lastKnownFileType = image.png; path = "icon-users@2x.png"; sourceTree = "<group>"; };
		9E98DB4A19B2E63D006D81FC /* ShellViewController.h */ = {isa = PBXFileReference; fileEncoding = 4; lastKnownFileType = sourcecode.c.h; path = ShellViewController.h; sourceTree = "<group>"; };
		9E98DB4B19B2E63D006D81FC /* ShellViewController.m */ = {isa = PBXFileReference; fileEncoding = 4; lastKnownFileType = sourcecode.c.objc; path = ShellViewController.m; sourceTree = "<group>"; };
		9E98DB4D19B2EA5B006D81FC /* checked@2x.png */ = {isa = PBXFileReference; lastKnownFileType = image.png; path = "checked@2x.png"; sourceTree = "<group>"; };
		9E98DB4E19B2EA5B006D81FC /* unchecked@2x.png */ = {isa = PBXFileReference; lastKnownFileType = image.png; path = "unchecked@2x.png"; sourceTree = "<group>"; };
		9E99F8C6193D7074004EB5C1 /* PracticesTableViewController.h */ = {isa = PBXFileReference; fileEncoding = 4; lastKnownFileType = sourcecode.c.h; path = PracticesTableViewController.h; sourceTree = "<group>"; };
		9E99F8C7193D7074004EB5C1 /* PracticesTableViewController.m */ = {isa = PBXFileReference; fileEncoding = 4; lastKnownFileType = sourcecode.c.objc; path = PracticesTableViewController.m; sourceTree = "<group>"; };
		9E99F8CF193D717A004EB5C1 /* Practice+Parse.h */ = {isa = PBXFileReference; fileEncoding = 4; lastKnownFileType = sourcecode.c.h; path = "Practice+Parse.h"; sourceTree = "<group>"; };
		9E99F8D0193D717A004EB5C1 /* Practice+Parse.m */ = {isa = PBXFileReference; fileEncoding = 4; lastKnownFileType = sourcecode.c.objc; path = "Practice+Parse.m"; sourceTree = "<group>"; };
		9E99F8DB193D71EC004EB5C1 /* Attendance+Parse.h */ = {isa = PBXFileReference; fileEncoding = 4; lastKnownFileType = sourcecode.c.h; path = "Attendance+Parse.h"; sourceTree = "<group>"; };
		9E99F8DC193D71EC004EB5C1 /* Attendance+Parse.m */ = {isa = PBXFileReference; fileEncoding = 4; lastKnownFileType = sourcecode.c.objc; path = "Attendance+Parse.m"; sourceTree = "<group>"; };
		9E9F19BE19AF821200DE3F27 /* Crashlytics.framework */ = {isa = PBXFileReference; lastKnownFileType = wrapper.framework; path = Crashlytics.framework; sourceTree = "<group>"; };
		9E9F19D219AF963A00DE3F27 /* Organization+Parse.h */ = {isa = PBXFileReference; fileEncoding = 4; lastKnownFileType = sourcecode.c.h; path = "Organization+Parse.h"; sourceTree = "<group>"; };
		9E9F19D319AF963A00DE3F27 /* Organization+Parse.m */ = {isa = PBXFileReference; fileEncoding = 4; lastKnownFileType = sourcecode.c.objc; path = "Organization+Parse.m"; sourceTree = "<group>"; };
		9EA0993519B0BBCF007BC1FD /* ParseBase.h */ = {isa = PBXFileReference; fileEncoding = 4; lastKnownFileType = sourcecode.c.h; path = ParseBase.h; sourceTree = "<group>"; };
		9EA0993619B0BBCF007BC1FD /* ParseBase.m */ = {isa = PBXFileReference; fileEncoding = 4; lastKnownFileType = sourcecode.c.objc; path = ParseBase.m; sourceTree = "<group>"; };
		9EA0993B19B0BD98007BC1FD /* Member.h */ = {isa = PBXFileReference; fileEncoding = 4; lastKnownFileType = sourcecode.c.h; path = Member.h; sourceTree = "<group>"; };
		9EA0993C19B0BD98007BC1FD /* Member.m */ = {isa = PBXFileReference; fileEncoding = 4; lastKnownFileType = sourcecode.c.objc; path = Member.m; sourceTree = "<group>"; };
		9EA0993E19B0BD98007BC1FD /* Practice.h */ = {isa = PBXFileReference; fileEncoding = 4; lastKnownFileType = sourcecode.c.h; path = Practice.h; sourceTree = "<group>"; };
		9EA0993F19B0BD98007BC1FD /* Practice.m */ = {isa = PBXFileReference; fileEncoding = 4; lastKnownFileType = sourcecode.c.objc; path = Practice.m; sourceTree = "<group>"; };
		9EA0994119B0BF62007BC1FD /* Payment.h */ = {isa = PBXFileReference; fileEncoding = 4; lastKnownFileType = sourcecode.c.h; path = Payment.h; sourceTree = "<group>"; };
		9EA0994219B0BF62007BC1FD /* Payment.m */ = {isa = PBXFileReference; fileEncoding = 4; lastKnownFileType = sourcecode.c.objc; path = Payment.m; sourceTree = "<group>"; };
		9EA0994419B0BF63007BC1FD /* Attendance.h */ = {isa = PBXFileReference; fileEncoding = 4; lastKnownFileType = sourcecode.c.h; path = Attendance.h; sourceTree = "<group>"; };
		9EA0994519B0BF63007BC1FD /* Attendance.m */ = {isa = PBXFileReference; fileEncoding = 4; lastKnownFileType = sourcecode.c.objc; path = Attendance.m; sourceTree = "<group>"; };
		9EA0994719B0EB7F007BC1FD /* Organization+Info.h */ = {isa = PBXFileReference; fileEncoding = 4; lastKnownFileType = sourcecode.c.h; path = "Organization+Info.h"; sourceTree = "<group>"; };
		9EA0994819B0EB7F007BC1FD /* Organization+Info.m */ = {isa = PBXFileReference; fileEncoding = 4; lastKnownFileType = sourcecode.c.objc; path = "Organization+Info.m"; sourceTree = "<group>"; };
		9EA0994A19B0F160007BC1FD /* AsyncImageView.h */ = {isa = PBXFileReference; fileEncoding = 4; lastKnownFileType = sourcecode.c.h; path = AsyncImageView.h; sourceTree = "<group>"; };
		9EA0994B19B0F160007BC1FD /* AsyncImageView.m */ = {isa = PBXFileReference; fileEncoding = 4; lastKnownFileType = sourcecode.c.objc; path = AsyncImageView.m; sourceTree = "<group>"; };
		9EA0994D19B0F40A007BC1FD /* menu_white@2x.png */ = {isa = PBXFileReference; lastKnownFileType = image.png; path = "menu_white@2x.png"; sourceTree = "<group>"; };
		9EA0994F19B0F448007BC1FD /* SettingsViewController.h */ = {isa = PBXFileReference; fileEncoding = 4; lastKnownFileType = sourcecode.c.h; path = SettingsViewController.h; sourceTree = "<group>"; };
		9EA0995019B0F448007BC1FD /* SettingsViewController.m */ = {isa = PBXFileReference; fileEncoding = 4; lastKnownFileType = sourcecode.c.objc; path = SettingsViewController.m; sourceTree = "<group>"; };
		9EA0995219B0FCBA007BC1FD /* MessageUI.framework */ = {isa = PBXFileReference; lastKnownFileType = wrapper.framework; name = MessageUI.framework; path = System/Library/Frameworks/MessageUI.framework; sourceTree = SDKROOT; };
		9EA0995419B10343007BC1FD /* Organization.h */ = {isa = PBXFileReference; fileEncoding = 4; lastKnownFileType = sourcecode.c.h; path = Organization.h; sourceTree = "<group>"; };
		9EA0995519B10343007BC1FD /* Organization.m */ = {isa = PBXFileReference; fileEncoding = 4; lastKnownFileType = sourcecode.c.objc; path = Organization.m; sourceTree = "<group>"; };
		9EA7D2C919995B7B003C5D7C /* MBProgressHUD.h */ = {isa = PBXFileReference; fileEncoding = 4; lastKnownFileType = sourcecode.c.h; path = MBProgressHUD.h; sourceTree = "<group>"; };
		9EA7D2CA19995B7B003C5D7C /* MBProgressHUD.m */ = {isa = PBXFileReference; fileEncoding = 4; lastKnownFileType = sourcecode.c.objc; path = MBProgressHUD.m; sourceTree = "<group>"; };
		9EA94BDD19A3BE6400A74F90 /* SendGridHelper.h */ = {isa = PBXFileReference; fileEncoding = 4; lastKnownFileType = sourcecode.c.h; path = SendGridHelper.h; sourceTree = "<group>"; };
		9EA94BDE19A3BE6400A74F90 /* SendGridHelper.m */ = {isa = PBXFileReference; fileEncoding = 4; lastKnownFileType = sourcecode.c.objc; path = SendGridHelper.m; sourceTree = "<group>"; };
		9EC0F50219A4CB7B003441AC /* Constants.h */ = {isa = PBXFileReference; lastKnownFileType = sourcecode.c.h; path = Constants.h; sourceTree = "<group>"; };
		9EC0F50519A4CE7E003441AC /* Parse.framework */ = {isa = PBXFileReference; lastKnownFileType = wrapper.framework; path = Parse.framework; sourceTree = "<group>"; };
		9EC0F50719A4CEFF003441AC /* Social.framework */ = {isa = PBXFileReference; lastKnownFileType = wrapper.framework; name = Social.framework; path = System/Library/Frameworks/Social.framework; sourceTree = SDKROOT; };
		9EC0F50919A4D05F003441AC /* FacebookSDK.framework */ = {isa = PBXFileReference; lastKnownFileType = wrapper.framework; path = FacebookSDK.framework; sourceTree = "<group>"; };
		9EC15480198009EA003F80CA /* AttendancesViewController.h */ = {isa = PBXFileReference; fileEncoding = 4; lastKnownFileType = sourcecode.c.h; path = AttendancesViewController.h; sourceTree = "<group>"; };
		9EC15481198009EA003F80CA /* AttendancesViewController.m */ = {isa = PBXFileReference; fileEncoding = 4; lastKnownFileType = sourcecode.c.objc; path = AttendancesViewController.m; sourceTree = "<group>"; };
		9EC302F4199E760A00777F79 /* Payment+Parse.h */ = {isa = PBXFileReference; fileEncoding = 4; lastKnownFileType = sourcecode.c.h; path = "Payment+Parse.h"; sourceTree = "<group>"; };
		9EC302F5199E760A00777F79 /* Payment+Parse.m */ = {isa = PBXFileReference; fileEncoding = 4; lastKnownFileType = sourcecode.c.objc; path = "Payment+Parse.m"; sourceTree = "<group>"; };
		9EC3031919A0EA9500777F79 /* PaymentViewController.h */ = {isa = PBXFileReference; fileEncoding = 4; lastKnownFileType = sourcecode.c.h; path = PaymentViewController.h; sourceTree = "<group>"; };
		9EC3031A19A0EA9500777F79 /* PaymentViewController.m */ = {isa = PBXFileReference; fileEncoding = 4; lastKnownFileType = sourcecode.c.objc; path = PaymentViewController.m; sourceTree = "<group>"; };
		9EC3031C19A1398700777F79 /* Payment+Info.h */ = {isa = PBXFileReference; fileEncoding = 4; lastKnownFileType = sourcecode.c.h; path = "Payment+Info.h"; sourceTree = "<group>"; };
		9EC3031D19A1398700777F79 /* Payment+Info.m */ = {isa = PBXFileReference; fileEncoding = 4; lastKnownFileType = sourcecode.c.objc; path = "Payment+Info.m"; sourceTree = "<group>"; };
		9EC5F2EA1936D0960056140F /* Model.xcdatamodel */ = {isa = PBXFileReference; lastKnownFileType = wrapper.xcdatamodel; path = Model.xcdatamodel; sourceTree = "<group>"; };
		9EC5F2EC1936D1380056140F /* Member+Parse.h */ = {isa = PBXFileReference; fileEncoding = 4; lastKnownFileType = sourcecode.c.h; path = "Member+Parse.h"; sourceTree = "<group>"; };
		9EC5F2ED1936D1380056140F /* Member+Parse.m */ = {isa = PBXFileReference; fileEncoding = 4; lastKnownFileType = sourcecode.c.objc; path = "Member+Parse.m"; sourceTree = "<group>"; };
		9EC5F2EF1936D1720056140F /* PFObjectFactory.h */ = {isa = PBXFileReference; lastKnownFileType = sourcecode.c.h; path = PFObjectFactory.h; sourceTree = "<group>"; };
		9EC5F2F31936D1B30056140F /* ParseBase+Parse.h */ = {isa = PBXFileReference; fileEncoding = 4; lastKnownFileType = sourcecode.c.h; path = "ParseBase+Parse.h"; sourceTree = "<group>"; };
		9EC5F2F41936D1B30056140F /* ParseBase+Parse.m */ = {isa = PBXFileReference; fileEncoding = 4; lastKnownFileType = sourcecode.c.objc; path = "ParseBase+Parse.m"; sourceTree = "<group>"; };
		9EC5F2FC1936D2410056140F /* MKBlockAdditions.h */ = {isa = PBXFileReference; fileEncoding = 4; lastKnownFileType = sourcecode.c.h; path = MKBlockAdditions.h; sourceTree = "<group>"; };
		9EC5F2FD1936D2410056140F /* NSObject+MKBlockAdditions.h */ = {isa = PBXFileReference; fileEncoding = 4; lastKnownFileType = sourcecode.c.h; path = "NSObject+MKBlockAdditions.h"; sourceTree = "<group>"; };
		9EC5F2FE1936D2410056140F /* NSObject+MKBlockAdditions.m */ = {isa = PBXFileReference; fileEncoding = 4; lastKnownFileType = sourcecode.c.objc; path = "NSObject+MKBlockAdditions.m"; sourceTree = "<group>"; };
		9EC5F2FF1936D2410056140F /* UIActionSheet+MKBlockAdditions.h */ = {isa = PBXFileReference; fileEncoding = 4; lastKnownFileType = sourcecode.c.h; path = "UIActionSheet+MKBlockAdditions.h"; sourceTree = "<group>"; };
		9EC5F3001936D2410056140F /* UIActionSheet+MKBlockAdditions.m */ = {isa = PBXFileReference; fileEncoding = 4; lastKnownFileType = sourcecode.c.objc; path = "UIActionSheet+MKBlockAdditions.m"; sourceTree = "<group>"; };
		9EC5F3011936D2410056140F /* UIAlertView+MKBlockAdditions.h */ = {isa = PBXFileReference; fileEncoding = 4; lastKnownFileType = sourcecode.c.h; path = "UIAlertView+MKBlockAdditions.h"; sourceTree = "<group>"; };
		9EC5F3021936D2410056140F /* UIAlertView+MKBlockAdditions.m */ = {isa = PBXFileReference; fileEncoding = 4; lastKnownFileType = sourcecode.c.objc; path = "UIAlertView+MKBlockAdditions.m"; sourceTree = "<group>"; };
		9EC5F3031936D2410056140F /* NSManagedObject+Entity.h */ = {isa = PBXFileReference; fileEncoding = 4; lastKnownFileType = sourcecode.c.h; path = "NSManagedObject+Entity.h"; sourceTree = "<group>"; };
		9EC5F3041936D2410056140F /* NSManagedObject+Entity.m */ = {isa = PBXFileReference; fileEncoding = 4; lastKnownFileType = sourcecode.c.objc; path = "NSManagedObject+Entity.m"; sourceTree = "<group>"; };
		9EC5F3051936D2410056140F /* NSManagedObject+Query.h */ = {isa = PBXFileReference; fileEncoding = 4; lastKnownFileType = sourcecode.c.h; path = "NSManagedObject+Query.h"; sourceTree = "<group>"; };
		9EC5F3061936D2410056140F /* NSManagedObject+Query.m */ = {isa = PBXFileReference; fileEncoding = 4; lastKnownFileType = sourcecode.c.objc; path = "NSManagedObject+Query.m"; sourceTree = "<group>"; };
		9EC5F3071936D2410056140F /* NSObject+Notify.h */ = {isa = PBXFileReference; fileEncoding = 4; lastKnownFileType = sourcecode.c.h; path = "NSObject+Notify.h"; sourceTree = "<group>"; };
		9EC5F3081936D2410056140F /* NSObject+Notify.m */ = {isa = PBXFileReference; fileEncoding = 4; lastKnownFileType = sourcecode.c.objc; path = "NSObject+Notify.m"; sourceTree = "<group>"; };
		9EC5F3091936D2410056140F /* Query.h */ = {isa = PBXFileReference; fileEncoding = 4; lastKnownFileType = sourcecode.c.h; path = Query.h; sourceTree = "<group>"; };
		9EC5F30A1936D2410056140F /* Query.m */ = {isa = PBXFileReference; fileEncoding = 4; lastKnownFileType = sourcecode.c.objc; path = Query.m; sourceTree = "<group>"; };
		9EC5F30B1936D2410056140F /* UIImage+Alpha.h */ = {isa = PBXFileReference; fileEncoding = 4; lastKnownFileType = sourcecode.c.h; path = "UIImage+Alpha.h"; sourceTree = "<group>"; };
		9EC5F30C1936D2410056140F /* UIImage+Alpha.m */ = {isa = PBXFileReference; fileEncoding = 4; lastKnownFileType = sourcecode.c.objc; path = "UIImage+Alpha.m"; sourceTree = "<group>"; };
		9EC5F30D1936D2410056140F /* UIImage+Resize.h */ = {isa = PBXFileReference; fileEncoding = 4; lastKnownFileType = sourcecode.c.h; path = "UIImage+Resize.h"; sourceTree = "<group>"; };
		9EC5F30E1936D2410056140F /* UIImage+Resize.m */ = {isa = PBXFileReference; fileEncoding = 4; lastKnownFileType = sourcecode.c.objc; path = "UIImage+Resize.m"; sourceTree = "<group>"; };
		9EC5F30F1936D2410056140F /* UIImage+RoundedCorner.h */ = {isa = PBXFileReference; fileEncoding = 4; lastKnownFileType = sourcecode.c.h; path = "UIImage+RoundedCorner.h"; sourceTree = "<group>"; };
		9EC5F3101936D2410056140F /* UIImage+RoundedCorner.m */ = {isa = PBXFileReference; fileEncoding = 4; lastKnownFileType = sourcecode.c.objc; path = "UIImage+RoundedCorner.m"; sourceTree = "<group>"; };
		9EC5F3111936D2410056140F /* Util.h */ = {isa = PBXFileReference; fileEncoding = 4; lastKnownFileType = sourcecode.c.h; path = Util.h; sourceTree = "<group>"; };
		9EC5F3121936D2410056140F /* Util.m */ = {isa = PBXFileReference; fileEncoding = 4; lastKnownFileType = sourcecode.c.objc; path = Util.m; sourceTree = "<group>"; };
		9EC5F3321936D60D0056140F /* Storyboard.storyboard */ = {isa = PBXFileReference; fileEncoding = 4; lastKnownFileType = file.storyboard; path = Storyboard.storyboard; sourceTree = "<group>"; };
		9EC5F3341936D74E0056140F /* MembersTableViewController.h */ = {isa = PBXFileReference; fileEncoding = 4; lastKnownFileType = sourcecode.c.h; path = MembersTableViewController.h; sourceTree = "<group>"; };
		9EC5F3351936D74E0056140F /* MembersTableViewController.m */ = {isa = PBXFileReference; fileEncoding = 4; lastKnownFileType = sourcecode.c.objc; path = MembersTableViewController.m; sourceTree = "<group>"; };
		9EC5F3371936D9080056140F /* MemberViewController.h */ = {isa = PBXFileReference; fileEncoding = 4; lastKnownFileType = sourcecode.c.h; path = MemberViewController.h; sourceTree = "<group>"; };
		9EC5F3381936D9080056140F /* MemberViewController.m */ = {isa = PBXFileReference; fileEncoding = 4; lastKnownFileType = sourcecode.c.objc; path = MemberViewController.m; sourceTree = "<group>"; };
		9EC5F33A1936DCA50056140F /* CoreData.framework */ = {isa = PBXFileReference; lastKnownFileType = wrapper.framework; name = CoreData.framework; path = System/Library/Frameworks/CoreData.framework; sourceTree = SDKROOT; };
		9EC5F33C1936DD000056140F /* CoreLocation.framework */ = {isa = PBXFileReference; lastKnownFileType = wrapper.framework; name = CoreLocation.framework; path = System/Library/Frameworks/CoreLocation.framework; sourceTree = SDKROOT; };
		E827AE2190CE9E491FFF1B7A /* Pods.debug.xcconfig */ = {isa = PBXFileReference; includeInIndex = 1; lastKnownFileType = text.xcconfig; name = Pods.debug.xcconfig; path = "Pods/Target Support Files/Pods/Pods.debug.xcconfig"; sourceTree = "<group>"; };
/* End PBXFileReference section */

/* Begin PBXFrameworksBuildPhase section */
		9E80084A16196883003E9B16 /* Frameworks */ = {
			isa = PBXFrameworksBuildPhase;
			buildActionMask = 2147483647;
			files = (
				9EA0995319B0FCBA007BC1FD /* MessageUI.framework in Frameworks */,
				9EC0F50819A4CEFF003441AC /* Social.framework in Frameworks */,
				9EC0F50A19A4D05F003441AC /* FacebookSDK.framework in Frameworks */,
				9EC5F33D1936DD000056140F /* CoreLocation.framework in Frameworks */,
				9EC5F33B1936DCA50056140F /* CoreData.framework in Frameworks */,
				9E80085216196883003E9B16 /* UIKit.framework in Frameworks */,
				9E80085416196883003E9B16 /* Foundation.framework in Frameworks */,
				9E9F19BF19AF821200DE3F27 /* Crashlytics.framework in Frameworks */,
				9E80085616196883003E9B16 /* CoreGraphics.framework in Frameworks */,
				9E828A5A16196B8D009A6C44 /* SystemConfiguration.framework in Frameworks */,
				9EC0F50619A4CE7E003441AC /* Parse.framework in Frameworks */,
				9E828A5B16196B8D009A6C44 /* StoreKit.framework in Frameworks */,
				9E828A5D16196B8D009A6C44 /* Security.framework in Frameworks */,
				9E828A5E16196B8D009A6C44 /* QuartzCore.framework in Frameworks */,
				9E828A5F16196B8D009A6C44 /* MobileCoreServices.framework in Frameworks */,
				9E828A6016196B8D009A6C44 /* libz.1.1.3.dylib in Frameworks */,
				9E828A6116196B8D009A6C44 /* libsqlite3.dylib in Frameworks */,
				9E828A6216196B8D009A6C44 /* CFNetwork.framework in Frameworks */,
				9E828A6416196B8D009A6C44 /* Accounts.framework in Frameworks */,
				9E828A6516196B8D009A6C44 /* AudioToolbox.framework in Frameworks */,
				7E388A09545D4117BEFDEA16 /* libPods.a in Frameworks */,
			);
			runOnlyForDeploymentPostprocessing = 0;
		};
/* End PBXFrameworksBuildPhase section */

/* Begin PBXGroup section */
		8C4305D59A25C7952551F7E9 /* Pods */ = {
			isa = PBXGroup;
			children = (
				E827AE2190CE9E491FFF1B7A /* Pods.debug.xcconfig */,
				5B3618C4EAA94B1A7236F0C5 /* Pods.release.xcconfig */,
			);
			name = Pods;
			sourceTree = "<group>";
		};
		9E15616F1992661200A31398 /* Images */ = {
			isa = PBXGroup;
			children = (
				9E649FDA19B6040A00334B34 /* icon29.png */,
				9E649FDB19B6040A00334B34 /* icon57.png */,
				9E649FDC19B6040A00334B34 /* icon58.png */,
				9E649FDD19B6040A00334B34 /* icon80.png */,
				9E649FDE19B6040A00334B34 /* icon114.png */,
				9E649FDF19B6040A00334B34 /* icon120.png */,
				9E98DB4D19B2EA5B006D81FC /* checked@2x.png */,
				9E98DB4E19B2EA5B006D81FC /* unchecked@2x.png */,
				9EA0994D19B0F40A007BC1FD /* menu_white@2x.png */,
				9E156177199269B500A31398 /* icon-tkd-helmet@2x.png */,
				9E156179199269C300A31398 /* icon-tkd-paddle@2x.png */,
				9E98DB4619B2E421006D81FC /* icon-calendar@2x.png */,
				9E98DB4719B2E421006D81FC /* icon-users@2x.png */,
			);
			path = Images;
			sourceTree = "<group>";
		};
		9E649FE919B608C300334B34 /* Tutorials */ = {
			isa = PBXGroup;
			children = (
				9E649FE619B606A800334B34 /* TutorialScrollView.h */,
				9E649FE719B606A800334B34 /* TutorialScrollView.m */,
				9E649FEA19B608EC00334B34 /* IntroTutorial0.xib */,
				9E649FEC19B609C400334B34 /* IntroTutorial1.xib */,
				9E649FEE19B60EEC00334B34 /* IntroTutorial2.xib */,
				9E649FF019B60F1D00334B34 /* IntroTutorial3.xib */,
			);
			name = Tutorials;
			sourceTree = "<group>";
		};
		9E80084216196883003E9B16 = {
			isa = PBXGroup;
			children = (
				9E80085716196883003E9B16 /* cwsfroster */,
				9E80085016196883003E9B16 /* Frameworks */,
				9E80084E16196883003E9B16 /* Products */,
				8C4305D59A25C7952551F7E9 /* Pods */,
			);
			sourceTree = "<group>";
		};
		9E80084E16196883003E9B16 /* Products */ = {
			isa = PBXGroup;
			children = (
				9E80084D16196883003E9B16 /* Roll Call.app */,
			);
			name = Products;
			sourceTree = "<group>";
		};
		9E80085016196883003E9B16 /* Frameworks */ = {
			isa = PBXGroup;
			children = (
				9EA0995219B0FCBA007BC1FD /* MessageUI.framework */,
				9E9F19BE19AF821200DE3F27 /* Crashlytics.framework */,
				9EC0F50919A4D05F003441AC /* FacebookSDK.framework */,
				9EC0F50719A4CEFF003441AC /* Social.framework */,
				9EC0F50519A4CE7E003441AC /* Parse.framework */,
				9EC5F33C1936DD000056140F /* CoreLocation.framework */,
				9EC5F33A1936DCA50056140F /* CoreData.framework */,
				9E828A5816196B7C009A6C44 /* SystemConfiguration.framework */,
				9E828A5616196B75009A6C44 /* StoreKit.framework */,
				9E828A5216196B6F009A6C44 /* Security.framework */,
				9E828A5016196B6B009A6C44 /* QuartzCore.framework */,
				9E828A4E16196B67009A6C44 /* MobileCoreServices.framework */,
				9E828A4C16196B60009A6C44 /* libz.1.1.3.dylib */,
				9E828A4A16196B5B009A6C44 /* libsqlite3.dylib */,
				9E828A4816196B52009A6C44 /* CFNetwork.framework */,
				9E828A4416196B4A009A6C44 /* Accounts.framework */,
				9E828A4216196B47009A6C44 /* AudioToolbox.framework */,
				9E80085116196883003E9B16 /* UIKit.framework */,
				9E80085316196883003E9B16 /* Foundation.framework */,
				9E80085516196883003E9B16 /* CoreGraphics.framework */,
				83ECB7C44E1F43D089ABEE5A /* libPods.a */,
			);
			name = Frameworks;
			sourceTree = "<group>";
		};
		9E80085716196883003E9B16 /* cwsfroster */ = {
			isa = PBXGroup;
			children = (
				9EC5F2F61936D2410056140F /* Utils */,
				9E80086016196883003E9B16 /* AppDelegate.h */,
				9E80086116196883003E9B16 /* AppDelegate.m */,
				9EC0F50219A4CB7B003441AC /* Constants.h */,
				9EC5F2E51936CFC00056140F /* Parse Models */,
				9E80085816196883003E9B16 /* Supporting Files */,
				9EC5F3321936D60D0056140F /* Storyboard.storyboard */,
				9E156174199266A700A31398 /* IntroViewController.h */,
				9E156175199266A700A31398 /* IntroViewController.m */,
				9E98DB4A19B2E63D006D81FC /* ShellViewController.h */,
				9E98DB4B19B2E63D006D81FC /* ShellViewController.m */,
				9EA0994F19B0F448007BC1FD /* SettingsViewController.h */,
				9EA0995019B0F448007BC1FD /* SettingsViewController.m */,
				9EC5F3341936D74E0056140F /* MembersTableViewController.h */,
				9EC5F3351936D74E0056140F /* MembersTableViewController.m */,
				9EC5F3371936D9080056140F /* MemberViewController.h */,
				9EC5F3381936D9080056140F /* MemberViewController.m */,
				9E99F8C6193D7074004EB5C1 /* PracticesTableViewController.h */,
				9E99F8C7193D7074004EB5C1 /* PracticesTableViewController.m */,
				9EC15480198009EA003F80CA /* AttendancesViewController.h */,
				9EC15481198009EA003F80CA /* AttendancesViewController.m */,
				9E6CC8D4199A90D200AB1CB8 /* PracticeEditViewController.h */,
				9E6CC8D5199A90D200AB1CB8 /* PracticeEditViewController.m */,
				9EC3031919A0EA9500777F79 /* PaymentViewController.h */,
				9EC3031A19A0EA9500777F79 /* PaymentViewController.m */,
				9EA94BDD19A3BE6400A74F90 /* SendGridHelper.h */,
				9EA94BDE19A3BE6400A74F90 /* SendGridHelper.m */,
				9E649FE919B608C300334B34 /* Tutorials */,
			);
			path = cwsfroster;
			sourceTree = "<group>";
		};
		9E80085816196883003E9B16 /* Supporting Files */ = {
			isa = PBXGroup;
			children = (
				9E15616F1992661200A31398 /* Images */,
				9E80085916196883003E9B16 /* cwsfroster-Info.plist */,
				9E80085A16196883003E9B16 /* InfoPlist.strings */,
				9E80085D16196883003E9B16 /* main.m */,
				9E80085F16196883003E9B16 /* cwsfroster-Prefix.pch */,
				9E80086316196883003E9B16 /* Default.png */,
				9E80086516196883003E9B16 /* Default@2x.png */,
				9E80086716196884003E9B16 /* Default-568h@2x.png */,
			);
			name = "Supporting Files";
			sourceTree = "<group>";
		};
		9EC5F2E51936CFC00056140F /* Parse Models */ = {
			isa = PBXGroup;
			children = (
				9EA0994419B0BF63007BC1FD /* Attendance.h */,
				9EA0994519B0BF63007BC1FD /* Attendance.m */,
				9EA0994119B0BF62007BC1FD /* Payment.h */,
				9EA0994219B0BF62007BC1FD /* Payment.m */,
				9EC5F2EF1936D1720056140F /* PFObjectFactory.h */,
				9EA0993519B0BBCF007BC1FD /* ParseBase.h */,
				9EA0993619B0BBCF007BC1FD /* ParseBase.m */,
				9EA0995419B10343007BC1FD /* Organization.h */,
				9EA0995519B10343007BC1FD /* Organization.m */,
				9EC5F2E91936D0960056140F /* Model.xcdatamodeld */,
				9EA0993E19B0BD98007BC1FD /* Practice.h */,
				9EA0993F19B0BD98007BC1FD /* Practice.m */,
				9EA0993B19B0BD98007BC1FD /* Member.h */,
				9EA0993C19B0BD98007BC1FD /* Member.m */,
				9EC3031C19A1398700777F79 /* Payment+Info.h */,
				9EC3031D19A1398700777F79 /* Payment+Info.m */,
				9EA0994719B0EB7F007BC1FD /* Organization+Info.h */,
				9EA0994819B0EB7F007BC1FD /* Organization+Info.m */,
				9E15616919924B7800A31398 /* Member+Info.h */,
				9E15616A19924B7800A31398 /* Member+Info.m */,
				9E15616C199264BF00A31398 /* Attendance+Info.h */,
				9E15616D199264BF00A31398 /* Attendance+Info.m */,
				9EC5F2F31936D1B30056140F /* ParseBase+Parse.h */,
				9EC5F2F41936D1B30056140F /* ParseBase+Parse.m */,
				9EC302F4199E760A00777F79 /* Payment+Parse.h */,
				9EC302F5199E760A00777F79 /* Payment+Parse.m */,
				9EC5F2EC1936D1380056140F /* Member+Parse.h */,
				9EC5F2ED1936D1380056140F /* Member+Parse.m */,
				9E9F19D219AF963A00DE3F27 /* Organization+Parse.h */,
				9E9F19D319AF963A00DE3F27 /* Organization+Parse.m */,
				9E99F8CF193D717A004EB5C1 /* Practice+Parse.h */,
				9E99F8D0193D717A004EB5C1 /* Practice+Parse.m */,
				9E99F8DB193D71EC004EB5C1 /* Attendance+Parse.h */,
				9E99F8DC193D71EC004EB5C1 /* Attendance+Parse.m */,
			);
			name = "Parse Models";
			sourceTree = "<group>";
		};
		9EC5F2F61936D2410056140F /* Utils */ = {
			isa = PBXGroup;
			children = (
				9EA0994A19B0F160007BC1FD /* AsyncImageView.h */,
				9EA0994B19B0F160007BC1FD /* AsyncImageView.m */,
				9EA7D2C919995B7B003C5D7C /* MBProgressHUD.h */,
				9EA7D2CA19995B7B003C5D7C /* MBProgressHUD.m */,
				9EC5F2FB1936D2410056140F /* MKAdditions */,
				9EC5F3031936D2410056140F /* NSManagedObject+Entity.h */,
				9EC5F3041936D2410056140F /* NSManagedObject+Entity.m */,
				9EC5F3051936D2410056140F /* NSManagedObject+Query.h */,
				9EC5F3061936D2410056140F /* NSManagedObject+Query.m */,
				9EC5F3071936D2410056140F /* NSObject+Notify.h */,
				9EC5F3081936D2410056140F /* NSObject+Notify.m */,
				9EC5F3091936D2410056140F /* Query.h */,
				9EC5F30A1936D2410056140F /* Query.m */,
				9EC5F30B1936D2410056140F /* UIImage+Alpha.h */,
				9EC5F30C1936D2410056140F /* UIImage+Alpha.m */,
				9EC5F30D1936D2410056140F /* UIImage+Resize.h */,
				9EC5F30E1936D2410056140F /* UIImage+Resize.m */,
				9EC5F30F1936D2410056140F /* UIImage+RoundedCorner.h */,
				9EC5F3101936D2410056140F /* UIImage+RoundedCorner.m */,
				9EC5F3111936D2410056140F /* Util.h */,
				9EC5F3121936D2410056140F /* Util.m */,
			);
			path = Utils;
			sourceTree = "<group>";
		};
		9EC5F2FB1936D2410056140F /* MKAdditions */ = {
			isa = PBXGroup;
			children = (
				9EC5F2FC1936D2410056140F /* MKBlockAdditions.h */,
				9EC5F2FD1936D2410056140F /* NSObject+MKBlockAdditions.h */,
				9EC5F2FE1936D2410056140F /* NSObject+MKBlockAdditions.m */,
				9EC5F2FF1936D2410056140F /* UIActionSheet+MKBlockAdditions.h */,
				9EC5F3001936D2410056140F /* UIActionSheet+MKBlockAdditions.m */,
				9EC5F3011936D2410056140F /* UIAlertView+MKBlockAdditions.h */,
				9EC5F3021936D2410056140F /* UIAlertView+MKBlockAdditions.m */,
			);
			path = MKAdditions;
			sourceTree = "<group>";
		};
/* End PBXGroup section */

/* Begin PBXNativeTarget section */
		9E80084C16196883003E9B16 /* cwsfroster */ = {
			isa = PBXNativeTarget;
			buildConfigurationList = 9E80086B16196884003E9B16 /* Build configuration list for PBXNativeTarget "cwsfroster" */;
			buildPhases = (
				44A1240314BB46F4ADCB4E68 /* Check Pods Manifest.lock */,
				9E80084916196883003E9B16 /* Sources */,
				9E80084A16196883003E9B16 /* Frameworks */,
				9E80084B16196883003E9B16 /* Resources */,
				9340F81367CE4BE7BCD63448 /* Copy Pods Resources */,
				9E9F19BD19AF81A400DE3F27 /* ShellScript */,
			);
			buildRules = (
			);
			dependencies = (
			);
			name = cwsfroster;
			productName = cwsfroster;
			productReference = 9E80084D16196883003E9B16 /* Roll Call.app */;
			productType = "com.apple.product-type.application";
		};
/* End PBXNativeTarget section */

/* Begin PBXProject section */
		9E80084416196883003E9B16 /* Project object */ = {
			isa = PBXProject;
			attributes = {
				LastUpgradeCheck = 0510;
				ORGANIZATIONNAME = "Bobby Ren";
			};
			buildConfigurationList = 9E80084716196883003E9B16 /* Build configuration list for PBXProject "cwsfroster" */;
			compatibilityVersion = "Xcode 3.2";
			developmentRegion = English;
			hasScannedForEncodings = 0;
			knownRegions = (
				en,
			);
			mainGroup = 9E80084216196883003E9B16;
			productRefGroup = 9E80084E16196883003E9B16 /* Products */;
			projectDirPath = "";
			projectRoot = "";
			targets = (
				9E80084C16196883003E9B16 /* cwsfroster */,
			);
		};
/* End PBXProject section */

/* Begin PBXResourcesBuildPhase section */
		9E80084B16196883003E9B16 /* Resources */ = {
			isa = PBXResourcesBuildPhase;
			buildActionMask = 2147483647;
			files = (
				9E649FED19B609C400334B34 /* IntroTutorial1.xib in Resources */,
				9E649FE419B6040A00334B34 /* icon114.png in Resources */,
				9E649FEB19B608EC00334B34 /* IntroTutorial0.xib in Resources */,
				9E15617A199269C300A31398 /* icon-tkd-paddle@2x.png in Resources */,
				9E80085C16196883003E9B16 /* InfoPlist.strings in Resources */,
				9E649FEF19B60EEC00334B34 /* IntroTutorial2.xib in Resources */,
				9E80086416196883003E9B16 /* Default.png in Resources */,
				9E98DB5019B2EA5B006D81FC /* unchecked@2x.png in Resources */,
				9E98DB4819B2E421006D81FC /* icon-calendar@2x.png in Resources */,
				9E80086616196883003E9B16 /* Default@2x.png in Resources */,
				9E98DB4F19B2EA5B006D81FC /* checked@2x.png in Resources */,
				9E649FE519B6040A00334B34 /* icon120.png in Resources */,
				9E649FE019B6040A00334B34 /* icon29.png in Resources */,
				9E649FE119B6040A00334B34 /* icon57.png in Resources */,
				9E649FF119B60F1D00334B34 /* IntroTutorial3.xib in Resources */,
				9E649FE219B6040A00334B34 /* icon58.png in Resources */,
				9E80086816196884003E9B16 /* Default-568h@2x.png in Resources */,
				9E98DB4919B2E421006D81FC /* icon-users@2x.png in Resources */,
				9EC5F3331936D60D0056140F /* Storyboard.storyboard in Resources */,
				9E156178199269B500A31398 /* icon-tkd-helmet@2x.png in Resources */,
				9E649FE319B6040A00334B34 /* icon80.png in Resources */,
				9EA0994E19B0F40A007BC1FD /* menu_white@2x.png in Resources */,
			);
			runOnlyForDeploymentPostprocessing = 0;
		};
/* End PBXResourcesBuildPhase section */

/* Begin PBXShellScriptBuildPhase section */
		44A1240314BB46F4ADCB4E68 /* Check Pods Manifest.lock */ = {
			isa = PBXShellScriptBuildPhase;
			buildActionMask = 2147483647;
			files = (
			);
			inputPaths = (
			);
			name = "Check Pods Manifest.lock";
			outputPaths = (
			);
			runOnlyForDeploymentPostprocessing = 0;
			shellPath = /bin/sh;
			shellScript = "diff \"${PODS_ROOT}/../Podfile.lock\" \"${PODS_ROOT}/Manifest.lock\" > /dev/null\nif [[ $? != 0 ]] ; then\n    cat << EOM\nerror: The sandbox is not in sync with the Podfile.lock. Run 'pod install' or update your CocoaPods installation.\nEOM\n    exit 1\nfi\n";
			showEnvVarsInLog = 0;
		};
		9340F81367CE4BE7BCD63448 /* Copy Pods Resources */ = {
			isa = PBXShellScriptBuildPhase;
			buildActionMask = 2147483647;
			files = (
			);
			inputPaths = (
			);
			name = "Copy Pods Resources";
			outputPaths = (
			);
			runOnlyForDeploymentPostprocessing = 0;
			shellPath = /bin/sh;
			shellScript = "\"${SRCROOT}/Pods/Target Support Files/Pods/Pods-resources.sh\"\n";
			showEnvVarsInLog = 0;
		};
		9E9F19BD19AF81A400DE3F27 /* ShellScript */ = {
			isa = PBXShellScriptBuildPhase;
			buildActionMask = 2147483647;
			files = (
			);
			inputPaths = (
			);
			outputPaths = (
			);
			runOnlyForDeploymentPostprocessing = 0;
			shellPath = /bin/sh;
			shellScript = "./Crashlytics.framework/run 70160b7dec925a91c6fe09e38bf1f8659c1eda41 0fa711cea5cca0c6a4b57c1a8955f0518514bfdd7a9e6f28b3eca2c60d905a9c";
		};
/* End PBXShellScriptBuildPhase section */

/* Begin PBXSourcesBuildPhase section */
		9E80084916196883003E9B16 /* Sources */ = {
			isa = PBXSourcesBuildPhase;
			buildActionMask = 2147483647;
			files = (
				9E80085E16196883003E9B16 /* main.m in Sources */,
				9EC5F3191936D2410056140F /* NSManagedObject+Query.m in Sources */,
				9EA0994319B0BF62007BC1FD /* Payment.m in Sources */,
				9E15616B19924B7800A31398 /* Member+Info.m in Sources */,
				9EC5F2EE1936D1380056140F /* Member+Parse.m in Sources */,
				9EC302F6199E760A00777F79 /* Payment+Parse.m in Sources */,
				9E80086216196883003E9B16 /* AppDelegate.m in Sources */,
				9E99F8DD193D71EC004EB5C1 /* Attendance+Parse.m in Sources */,
				9E6CC8D6199A90D200AB1CB8 /* PracticeEditViewController.m in Sources */,
				9EA0993D19B0BD98007BC1FD /* Member.m in Sources */,
				9EA0994019B0BD98007BC1FD /* Practice.m in Sources */,
				9EC5F3361936D74E0056140F /* MembersTableViewController.m in Sources */,
				9EC5F31B1936D2410056140F /* Query.m in Sources */,
				9EC5F3171936D2410056140F /* UIAlertView+MKBlockAdditions.m in Sources */,
				9E649FE819B606A800334B34 /* TutorialScrollView.m in Sources */,
				9EC5F2EB1936D0960056140F /* Model.xcdatamodeld in Sources */,
				9EC15482198009EA003F80CA /* AttendancesViewController.m in Sources */,
				9E99F8C8193D7074004EB5C1 /* PracticesTableViewController.m in Sources */,
				9EA0995119B0F448007BC1FD /* SettingsViewController.m in Sources */,
				9E15616E199264BF00A31398 /* Attendance+Info.m in Sources */,
				9EA0995619B10343007BC1FD /* Organization.m in Sources */,
				9E9F19D419AF963A00DE3F27 /* Organization+Parse.m in Sources */,
				9EC5F31E1936D2410056140F /* UIImage+RoundedCorner.m in Sources */,
				9EA0993719B0BBCF007BC1FD /* ParseBase.m in Sources */,
				9E98DB4C19B2E63D006D81FC /* ShellViewController.m in Sources */,
				9EA0994619B0BF63007BC1FD /* Attendance.m in Sources */,
				9EC5F3391936D9080056140F /* MemberViewController.m in Sources */,
				9EC5F3161936D2410056140F /* UIActionSheet+MKBlockAdditions.m in Sources */,
				9EC3031E19A1398700777F79 /* Payment+Info.m in Sources */,
				9E156176199266A700A31398 /* IntroViewController.m in Sources */,
				9EC5F31F1936D2410056140F /* Util.m in Sources */,
				9EC5F3151936D2410056140F /* NSObject+MKBlockAdditions.m in Sources */,
				9EC3031B19A0EA9500777F79 /* PaymentViewController.m in Sources */,
				9EA7D2CB19995B7B003C5D7C /* MBProgressHUD.m in Sources */,
				9EA0994C19B0F160007BC1FD /* AsyncImageView.m in Sources */,
				9EA0994919B0EB7F007BC1FD /* Organization+Info.m in Sources */,
				9EC5F31A1936D2410056140F /* NSObject+Notify.m in Sources */,
				9E99F8D1193D717A004EB5C1 /* Practice+Parse.m in Sources */,
				9EA94BDF19A3BE6400A74F90 /* SendGridHelper.m in Sources */,
				9EC5F3181936D2410056140F /* NSManagedObject+Entity.m in Sources */,
				9EC5F31C1936D2410056140F /* UIImage+Alpha.m in Sources */,
				9EC5F2F51936D1B30056140F /* ParseBase+Parse.m in Sources */,
				9EC5F31D1936D2410056140F /* UIImage+Resize.m in Sources */,
			);
			runOnlyForDeploymentPostprocessing = 0;
		};
/* End PBXSourcesBuildPhase section */

/* Begin PBXVariantGroup section */
		9E80085A16196883003E9B16 /* InfoPlist.strings */ = {
			isa = PBXVariantGroup;
			children = (
				9E80085B16196883003E9B16 /* en */,
			);
			name = InfoPlist.strings;
			sourceTree = "<group>";
		};
/* End PBXVariantGroup section */

/* Begin XCBuildConfiguration section */
		9E80086916196884003E9B16 /* Debug */ = {
			isa = XCBuildConfiguration;
			buildSettings = {
				ALWAYS_SEARCH_USER_PATHS = NO;
				CLANG_CXX_LANGUAGE_STANDARD = "gnu++0x";
				CLANG_CXX_LIBRARY = "libc++";
				CLANG_ENABLE_OBJC_ARC = YES;
				CLANG_WARN_EMPTY_BODY = YES;
				CLANG_WARN__DUPLICATE_METHOD_MATCH = YES;
				"CODE_SIGN_IDENTITY[sdk=iphoneos*]" = "iPhone Developer";
				COPY_PHASE_STRIP = NO;
				GCC_C_LANGUAGE_STANDARD = gnu99;
				GCC_DYNAMIC_NO_PIC = NO;
				GCC_OPTIMIZATION_LEVEL = 0;
				GCC_PREPROCESSOR_DEFINITIONS = (
					"DEBUG=1",
					"$(inherited)",
				);
				GCC_SYMBOLS_PRIVATE_EXTERN = NO;
				GCC_WARN_ABOUT_RETURN_TYPE = YES;
				GCC_WARN_UNINITIALIZED_AUTOS = YES;
				GCC_WARN_UNUSED_VARIABLE = YES;
				IPHONEOS_DEPLOYMENT_TARGET = 6.0;
				ONLY_ACTIVE_ARCH = YES;
				SDKROOT = iphoneos;
			};
			name = Debug;
		};
		9E80086A16196884003E9B16 /* Release */ = {
			isa = XCBuildConfiguration;
			buildSettings = {
				ALWAYS_SEARCH_USER_PATHS = NO;
				CLANG_CXX_LANGUAGE_STANDARD = "gnu++0x";
				CLANG_CXX_LIBRARY = "libc++";
				CLANG_ENABLE_OBJC_ARC = YES;
				CLANG_WARN_EMPTY_BODY = YES;
				CLANG_WARN__DUPLICATE_METHOD_MATCH = YES;
				"CODE_SIGN_IDENTITY[sdk=iphoneos*]" = "iPhone Developer";
				COPY_PHASE_STRIP = YES;
				GCC_C_LANGUAGE_STANDARD = gnu99;
				GCC_WARN_ABOUT_RETURN_TYPE = YES;
				GCC_WARN_UNINITIALIZED_AUTOS = YES;
				GCC_WARN_UNUSED_VARIABLE = YES;
				IPHONEOS_DEPLOYMENT_TARGET = 6.0;
				OTHER_CFLAGS = "-DNS_BLOCK_ASSERTIONS=1";
				SDKROOT = iphoneos;
				VALIDATE_PRODUCT = YES;
			};
			name = Release;
		};
		9E80086C16196884003E9B16 /* Debug */ = {
			isa = XCBuildConfiguration;
			baseConfigurationReference = E827AE2190CE9E491FFF1B7A /* Pods.debug.xcconfig */;
			buildSettings = {
				"CODE_SIGN_IDENTITY[sdk=iphoneos*]" = "iPhone Developer: Bobby Ren (UQA7D88UV9)";
				FRAMEWORK_SEARCH_PATHS = (
					"$(inherited)",
					"$(SRCROOT)",
					"$(PROJECT_DIR)",
				);
				GCC_PRECOMPILE_PREFIX_HEADER = YES;
				GCC_PREFIX_HEADER = "cwsfroster/cwsfroster-Prefix.pch";
				INFOPLIST_FILE = "cwsfroster/cwsfroster-Info.plist";
				PRODUCT_NAME = "Roll Call";
				"PROVISIONING_PROFILE[sdk=iphoneos*]" = "5F8D8DD9-44FA-4BED-9B9C-A4E450CF9F89";
				WRAPPER_EXTENSION = app;
			};
			name = Debug;
		};
		9E80086D16196884003E9B16 /* Release */ = {
			isa = XCBuildConfiguration;
			baseConfigurationReference = 5B3618C4EAA94B1A7236F0C5 /* Pods.release.xcconfig */;
			buildSettings = {
				"CODE_SIGN_IDENTITY[sdk=iphoneos*]" = "iPhone Distribution: Bobby Ren (H799H8B8DD)";
				FRAMEWORK_SEARCH_PATHS = (
					"$(inherited)",
					"$(SRCROOT)",
					"$(PROJECT_DIR)",
				);
				GCC_PRECOMPILE_PREFIX_HEADER = YES;
				GCC_PREFIX_HEADER = "cwsfroster/cwsfroster-Prefix.pch";
				INFOPLIST_FILE = "cwsfroster/cwsfroster-Info.plist";
				PRODUCT_NAME = "Roll Call";
				"PROVISIONING_PROFILE[sdk=iphoneos*]" = "b1a40ce6-cebd-4de7-aa96-9d9a83966e5e";
				WRAPPER_EXTENSION = app;
			};
			name = Release;
		};
/* End XCBuildConfiguration section */

/* Begin XCConfigurationList section */
		9E80084716196883003E9B16 /* Build configuration list for PBXProject "cwsfroster" */ = {
			isa = XCConfigurationList;
			buildConfigurations = (
				9E80086916196884003E9B16 /* Debug */,
				9E80086A16196884003E9B16 /* Release */,
			);
			defaultConfigurationIsVisible = 0;
			defaultConfigurationName = Release;
		};
		9E80086B16196884003E9B16 /* Build configuration list for PBXNativeTarget "cwsfroster" */ = {
			isa = XCConfigurationList;
			buildConfigurations = (
				9E80086C16196884003E9B16 /* Debug */,
				9E80086D16196884003E9B16 /* Release */,
			);
			defaultConfigurationIsVisible = 0;
			defaultConfigurationName = Release;
		};
/* End XCConfigurationList section */

/* Begin XCVersionGroup section */
		9EC5F2E91936D0960056140F /* Model.xcdatamodeld */ = {
			isa = XCVersionGroup;
			children = (
				9EC5F2EA1936D0960056140F /* Model.xcdatamodel */,
			);
			currentVersion = 9EC5F2EA1936D0960056140F /* Model.xcdatamodel */;
			path = Model.xcdatamodeld;
			sourceTree = "<group>";
			versionGroupType = wrapper.xcdatamodel;
		};
/* End XCVersionGroup section */
	};
	rootObject = 9E80084416196883003E9B16 /* Project object */;
}
